// !$*UTF8*$!
{
	archiveVersion = 1;
	classes = {
	};
	objectVersion = 48;
	objects = {

/* Begin PBXBuildFile section */
		EE47DEF41FA375E7007D0084 /* ProjectTests.swift in Sources */ = {isa = PBXBuildFile; fileRef = EE47DEF31FA375E7007D0084 /* ProjectTests.swift */; };
		EEA46B671F9A36CA00851D5D /* AppDelegate.swift in Sources */ = {isa = PBXBuildFile; fileRef = EEA46B661F9A36CA00851D5D /* AppDelegate.swift */; };
		EEA46B691F9A36CA00851D5D /* ViewController.swift in Sources */ = {isa = PBXBuildFile; fileRef = EEA46B681F9A36CA00851D5D /* ViewController.swift */; };
		EEA46B6C1F9A36CA00851D5D /* Main.storyboard in Resources */ = {isa = PBXBuildFile; fileRef = EEA46B6A1F9A36CA00851D5D /* Main.storyboard */; };
		EEA46B6E1F9A36CA00851D5D /* Assets.xcassets in Resources */ = {isa = PBXBuildFile; fileRef = EEA46B6D1F9A36CA00851D5D /* Assets.xcassets */; };
		EEA46B711F9A36CA00851D5D /* LaunchScreen.storyboard in Resources */ = {isa = PBXBuildFile; fileRef = EEA46B6F1F9A36CA00851D5D /* LaunchScreen.storyboard */; };
		EEA46B7C1F9A36CA00851D5D /* FoocoTests.swift in Sources */ = {isa = PBXBuildFile; fileRef = EEA46B7B1F9A36CA00851D5D /* FoocoTests.swift */; };
		EEA46B871F9A36CA00851D5D /* FoocoUITests.swift in Sources */ = {isa = PBXBuildFile; fileRef = EEA46B861F9A36CA00851D5D /* FoocoUITests.swift */; };
		EEA46B991F9A36D600851D5D /* AppDelegate.swift in Sources */ = {isa = PBXBuildFile; fileRef = EEA46B981F9A36D600851D5D /* AppDelegate.swift */; };
		EEA46B9B1F9A36D600851D5D /* ViewController.swift in Sources */ = {isa = PBXBuildFile; fileRef = EEA46B9A1F9A36D600851D5D /* ViewController.swift */; };
		EEA46B9E1F9A36D600851D5D /* Main.storyboard in Resources */ = {isa = PBXBuildFile; fileRef = EEA46B9C1F9A36D600851D5D /* Main.storyboard */; };
		EEA46BA01F9A36D600851D5D /* Assets.xcassets in Resources */ = {isa = PBXBuildFile; fileRef = EEA46B9F1F9A36D600851D5D /* Assets.xcassets */; };
		EEA46BA31F9A36D600851D5D /* LaunchScreen.storyboard in Resources */ = {isa = PBXBuildFile; fileRef = EEA46BA11F9A36D600851D5D /* LaunchScreen.storyboard */; };
		EEA46BAE1F9A36D600851D5D /* DaveTests.swift in Sources */ = {isa = PBXBuildFile; fileRef = EEA46BAD1F9A36D600851D5D /* DaveTests.swift */; };
		EEA46BB91F9A36D600851D5D /* DaveUITests.swift in Sources */ = {isa = PBXBuildFile; fileRef = EEA46BB81F9A36D600851D5D /* DaveUITests.swift */; };
		FC2F29C21F9A3EA100984409 /* Activity.swift in Sources */ = {isa = PBXBuildFile; fileRef = EE99BB8B1F9A37E70051B33B /* Activity.swift */; };
		FC2F29C31F9A3EA100984409 /* Context.swift in Sources */ = {isa = PBXBuildFile; fileRef = EE99BB8C1F9A37E70051B33B /* Context.swift */; };
		FC2F29C41F9A3EA100984409 /* ContextBlock.swift in Sources */ = {isa = PBXBuildFile; fileRef = EE99BB8D1F9A37E70051B33B /* ContextBlock.swift */; };
		FC2F29C51F9A3EA100984409 /* Project.swift in Sources */ = {isa = PBXBuildFile; fileRef = EE99BB8E1F9A37E70051B33B /* Project.swift */; };
		FC2F29C61F9A3EA100984409 /* TimeBlock.swift in Sources */ = {isa = PBXBuildFile; fileRef = EE99BB8F1F9A37E70051B33B /* TimeBlock.swift */; };
		FC2F29C71F9A3EA100984409 /* User.swift in Sources */ = {isa = PBXBuildFile; fileRef = EE99BB901F9A37E70051B33B /* User.swift */; };
		FC2F29C81F9A3EA100984409 /* Week.swift in Sources */ = {isa = PBXBuildFile; fileRef = EE99BB911F9A37E70051B33B /* Week.swift */; };
		FC2F29C91F9A3EA100984409 /* Weekday.swift in Sources */ = {isa = PBXBuildFile; fileRef = EE99BB921F9A37E70051B33B /* Weekday.swift */; };
		FC2F29CA1F9A3EA200984409 /* Activity.swift in Sources */ = {isa = PBXBuildFile; fileRef = EE99BB8B1F9A37E70051B33B /* Activity.swift */; };
		FC2F29CB1F9A3EA200984409 /* Context.swift in Sources */ = {isa = PBXBuildFile; fileRef = EE99BB8C1F9A37E70051B33B /* Context.swift */; };
		FC2F29CC1F9A3EA200984409 /* ContextBlock.swift in Sources */ = {isa = PBXBuildFile; fileRef = EE99BB8D1F9A37E70051B33B /* ContextBlock.swift */; };
		FC2F29CD1F9A3EA200984409 /* Project.swift in Sources */ = {isa = PBXBuildFile; fileRef = EE99BB8E1F9A37E70051B33B /* Project.swift */; };
		FC2F29CE1F9A3EA200984409 /* TimeBlock.swift in Sources */ = {isa = PBXBuildFile; fileRef = EE99BB8F1F9A37E70051B33B /* TimeBlock.swift */; };
		FC2F29CF1F9A3EA200984409 /* User.swift in Sources */ = {isa = PBXBuildFile; fileRef = EE99BB901F9A37E70051B33B /* User.swift */; };
		FC2F29D01F9A3EA200984409 /* Week.swift in Sources */ = {isa = PBXBuildFile; fileRef = EE99BB911F9A37E70051B33B /* Week.swift */; };
		FC2F29D11F9A3EA200984409 /* Weekday.swift in Sources */ = {isa = PBXBuildFile; fileRef = EE99BB921F9A37E70051B33B /* Weekday.swift */; };
/* End PBXBuildFile section */

/* Begin PBXContainerItemProxy section */
		EEA46B781F9A36CA00851D5D /* PBXContainerItemProxy */ = {
			isa = PBXContainerItemProxy;
			containerPortal = EEA46B591F9A36A400851D5D /* Project object */;
			proxyType = 1;
			remoteGlobalIDString = EEA46B621F9A36CA00851D5D;
			remoteInfo = Fooco;
		};
		EEA46B831F9A36CA00851D5D /* PBXContainerItemProxy */ = {
			isa = PBXContainerItemProxy;
			containerPortal = EEA46B591F9A36A400851D5D /* Project object */;
			proxyType = 1;
			remoteGlobalIDString = EEA46B621F9A36CA00851D5D;
			remoteInfo = Fooco;
		};
		EEA46BAA1F9A36D600851D5D /* PBXContainerItemProxy */ = {
			isa = PBXContainerItemProxy;
			containerPortal = EEA46B591F9A36A400851D5D /* Project object */;
			proxyType = 1;
			remoteGlobalIDString = EEA46B951F9A36D600851D5D;
			remoteInfo = Dave;
		};
		EEA46BB51F9A36D600851D5D /* PBXContainerItemProxy */ = {
			isa = PBXContainerItemProxy;
			containerPortal = EEA46B591F9A36A400851D5D /* Project object */;
			proxyType = 1;
			remoteGlobalIDString = EEA46B951F9A36D600851D5D;
			remoteInfo = Dave;
		};
/* End PBXContainerItemProxy section */

/* Begin PBXFileReference section */
		EE47DEF31FA375E7007D0084 /* ProjectTests.swift */ = {isa = PBXFileReference; lastKnownFileType = sourcecode.swift; path = ProjectTests.swift; sourceTree = "<group>"; };
		EE99BB8B1F9A37E70051B33B /* Activity.swift */ = {isa = PBXFileReference; lastKnownFileType = sourcecode.swift; path = Activity.swift; sourceTree = "<group>"; };
		EE99BB8C1F9A37E70051B33B /* Context.swift */ = {isa = PBXFileReference; lastKnownFileType = sourcecode.swift; path = Context.swift; sourceTree = "<group>"; };
		EE99BB8D1F9A37E70051B33B /* ContextBlock.swift */ = {isa = PBXFileReference; lastKnownFileType = sourcecode.swift; path = ContextBlock.swift; sourceTree = "<group>"; };
		EE99BB8E1F9A37E70051B33B /* Project.swift */ = {isa = PBXFileReference; lastKnownFileType = sourcecode.swift; path = Project.swift; sourceTree = "<group>"; };
		EE99BB8F1F9A37E70051B33B /* TimeBlock.swift */ = {isa = PBXFileReference; lastKnownFileType = sourcecode.swift; path = TimeBlock.swift; sourceTree = "<group>"; };
		EE99BB901F9A37E70051B33B /* User.swift */ = {isa = PBXFileReference; lastKnownFileType = sourcecode.swift; path = User.swift; sourceTree = "<group>"; };
		EE99BB911F9A37E70051B33B /* Week.swift */ = {isa = PBXFileReference; lastKnownFileType = sourcecode.swift; path = Week.swift; sourceTree = "<group>"; };
		EE99BB921F9A37E70051B33B /* Weekday.swift */ = {isa = PBXFileReference; lastKnownFileType = sourcecode.swift; path = Weekday.swift; sourceTree = "<group>"; };
		EEA46B631F9A36CA00851D5D /* Fooco.app */ = {isa = PBXFileReference; explicitFileType = wrapper.application; includeInIndex = 0; path = Fooco.app; sourceTree = BUILT_PRODUCTS_DIR; };
		EEA46B661F9A36CA00851D5D /* AppDelegate.swift */ = {isa = PBXFileReference; lastKnownFileType = sourcecode.swift; path = AppDelegate.swift; sourceTree = "<group>"; };
		EEA46B681F9A36CA00851D5D /* ViewController.swift */ = {isa = PBXFileReference; lastKnownFileType = sourcecode.swift; path = ViewController.swift; sourceTree = "<group>"; };
		EEA46B6B1F9A36CA00851D5D /* Base */ = {isa = PBXFileReference; lastKnownFileType = file.storyboard; name = Base; path = Base.lproj/Main.storyboard; sourceTree = "<group>"; };
		EEA46B6D1F9A36CA00851D5D /* Assets.xcassets */ = {isa = PBXFileReference; lastKnownFileType = folder.assetcatalog; path = Assets.xcassets; sourceTree = "<group>"; };
		EEA46B701F9A36CA00851D5D /* Base */ = {isa = PBXFileReference; lastKnownFileType = file.storyboard; name = Base; path = Base.lproj/LaunchScreen.storyboard; sourceTree = "<group>"; };
		EEA46B721F9A36CA00851D5D /* Info.plist */ = {isa = PBXFileReference; lastKnownFileType = text.plist.xml; path = Info.plist; sourceTree = "<group>"; };
		EEA46B771F9A36CA00851D5D /* FoocoTests.xctest */ = {isa = PBXFileReference; explicitFileType = wrapper.cfbundle; includeInIndex = 0; path = FoocoTests.xctest; sourceTree = BUILT_PRODUCTS_DIR; };
		EEA46B7B1F9A36CA00851D5D /* FoocoTests.swift */ = {isa = PBXFileReference; lastKnownFileType = sourcecode.swift; path = FoocoTests.swift; sourceTree = "<group>"; };
		EEA46B7D1F9A36CA00851D5D /* Info.plist */ = {isa = PBXFileReference; lastKnownFileType = text.plist.xml; path = Info.plist; sourceTree = "<group>"; };
		EEA46B821F9A36CA00851D5D /* FoocoUITests.xctest */ = {isa = PBXFileReference; explicitFileType = wrapper.cfbundle; includeInIndex = 0; path = FoocoUITests.xctest; sourceTree = BUILT_PRODUCTS_DIR; };
		EEA46B861F9A36CA00851D5D /* FoocoUITests.swift */ = {isa = PBXFileReference; lastKnownFileType = sourcecode.swift; path = FoocoUITests.swift; sourceTree = "<group>"; };
		EEA46B881F9A36CA00851D5D /* Info.plist */ = {isa = PBXFileReference; lastKnownFileType = text.plist.xml; path = Info.plist; sourceTree = "<group>"; };
		EEA46B961F9A36D600851D5D /* Dave.app */ = {isa = PBXFileReference; explicitFileType = wrapper.application; includeInIndex = 0; path = Dave.app; sourceTree = BUILT_PRODUCTS_DIR; };
		EEA46B981F9A36D600851D5D /* AppDelegate.swift */ = {isa = PBXFileReference; lastKnownFileType = sourcecode.swift; path = AppDelegate.swift; sourceTree = "<group>"; };
		EEA46B9A1F9A36D600851D5D /* ViewController.swift */ = {isa = PBXFileReference; lastKnownFileType = sourcecode.swift; path = ViewController.swift; sourceTree = "<group>"; };
		EEA46B9D1F9A36D600851D5D /* Base */ = {isa = PBXFileReference; lastKnownFileType = file.storyboard; name = Base; path = Base.lproj/Main.storyboard; sourceTree = "<group>"; };
		EEA46B9F1F9A36D600851D5D /* Assets.xcassets */ = {isa = PBXFileReference; lastKnownFileType = folder.assetcatalog; path = Assets.xcassets; sourceTree = "<group>"; };
		EEA46BA21F9A36D600851D5D /* Base */ = {isa = PBXFileReference; lastKnownFileType = file.storyboard; name = Base; path = Base.lproj/LaunchScreen.storyboard; sourceTree = "<group>"; };
		EEA46BA41F9A36D600851D5D /* Info.plist */ = {isa = PBXFileReference; lastKnownFileType = text.plist.xml; path = Info.plist; sourceTree = "<group>"; };
		EEA46BA91F9A36D600851D5D /* DaveTests.xctest */ = {isa = PBXFileReference; explicitFileType = wrapper.cfbundle; includeInIndex = 0; path = DaveTests.xctest; sourceTree = BUILT_PRODUCTS_DIR; };
		EEA46BAD1F9A36D600851D5D /* DaveTests.swift */ = {isa = PBXFileReference; lastKnownFileType = sourcecode.swift; path = DaveTests.swift; sourceTree = "<group>"; };
		EEA46BAF1F9A36D600851D5D /* Info.plist */ = {isa = PBXFileReference; lastKnownFileType = text.plist.xml; path = Info.plist; sourceTree = "<group>"; };
		EEA46BB41F9A36D600851D5D /* DaveUITests.xctest */ = {isa = PBXFileReference; explicitFileType = wrapper.cfbundle; includeInIndex = 0; path = DaveUITests.xctest; sourceTree = BUILT_PRODUCTS_DIR; };
		EEA46BB81F9A36D600851D5D /* DaveUITests.swift */ = {isa = PBXFileReference; lastKnownFileType = sourcecode.swift; path = DaveUITests.swift; sourceTree = "<group>"; };
		EEA46BBA1F9A36D600851D5D /* Info.plist */ = {isa = PBXFileReference; lastKnownFileType = text.plist.xml; path = Info.plist; sourceTree = "<group>"; };
/* End PBXFileReference section */

/* Begin PBXFrameworksBuildPhase section */
		EEA46B601F9A36CA00851D5D /* Frameworks */ = {
			isa = PBXFrameworksBuildPhase;
			buildActionMask = 2147483647;
			files = (
			);
			runOnlyForDeploymentPostprocessing = 0;
		};
		EEA46B741F9A36CA00851D5D /* Frameworks */ = {
			isa = PBXFrameworksBuildPhase;
			buildActionMask = 2147483647;
			files = (
			);
			runOnlyForDeploymentPostprocessing = 0;
		};
		EEA46B7F1F9A36CA00851D5D /* Frameworks */ = {
			isa = PBXFrameworksBuildPhase;
			buildActionMask = 2147483647;
			files = (
			);
			runOnlyForDeploymentPostprocessing = 0;
		};
		EEA46B931F9A36D600851D5D /* Frameworks */ = {
			isa = PBXFrameworksBuildPhase;
			buildActionMask = 2147483647;
			files = (
			);
			runOnlyForDeploymentPostprocessing = 0;
		};
		EEA46BA61F9A36D600851D5D /* Frameworks */ = {
			isa = PBXFrameworksBuildPhase;
			buildActionMask = 2147483647;
			files = (
			);
			runOnlyForDeploymentPostprocessing = 0;
		};
		EEA46BB11F9A36D600851D5D /* Frameworks */ = {
			isa = PBXFrameworksBuildPhase;
			buildActionMask = 2147483647;
			files = (
			);
			runOnlyForDeploymentPostprocessing = 0;
		};
/* End PBXFrameworksBuildPhase section */

/* Begin PBXGroup section */
		EE99BB8A1F9A37E70051B33B /* Common */ = {
			isa = PBXGroup;
			children = (
				EE99BB931F9A383E0051B33B /* Model */,
			);
			path = Common;
			sourceTree = "<group>";
		};
		EE99BB931F9A383E0051B33B /* Model */ = {
			isa = PBXGroup;
			children = (
				EE99BB8B1F9A37E70051B33B /* Activity.swift */,
				EE99BB8C1F9A37E70051B33B /* Context.swift */,
				EE99BB8D1F9A37E70051B33B /* ContextBlock.swift */,
				EE99BB8E1F9A37E70051B33B /* Project.swift */,
				EE99BB8F1F9A37E70051B33B /* TimeBlock.swift */,
				EE99BB901F9A37E70051B33B /* User.swift */,
				EE99BB911F9A37E70051B33B /* Week.swift */,
				EE99BB921F9A37E70051B33B /* Weekday.swift */,
			);
			path = Model;
			sourceTree = "<group>";
		};
		EEA46B581F9A36A400851D5D = {
			isa = PBXGroup;
			children = (
				EE99BB8A1F9A37E70051B33B /* Common */,
				EEA46BC51F9A370600851D5D /* Dave */,
				FC2F29C11F9A3D8200984409 /* Fooco */,
				EEA46B641F9A36CA00851D5D /* Products */,
			);
			sourceTree = "<group>";
		};
		EEA46B641F9A36CA00851D5D /* Products */ = {
			isa = PBXGroup;
			children = (
				EEA46B631F9A36CA00851D5D /* Fooco.app */,
				EEA46B771F9A36CA00851D5D /* FoocoTests.xctest */,
				EEA46B821F9A36CA00851D5D /* FoocoUITests.xctest */,
				EEA46B961F9A36D600851D5D /* Dave.app */,
				EEA46BA91F9A36D600851D5D /* DaveTests.xctest */,
				EEA46BB41F9A36D600851D5D /* DaveUITests.xctest */,
			);
			name = Products;
			sourceTree = "<group>";
		};
		EEA46B651F9A36CA00851D5D /* Fooco */ = {
			isa = PBXGroup;
			children = (
				EEA46B661F9A36CA00851D5D /* AppDelegate.swift */,
				EEA46B681F9A36CA00851D5D /* ViewController.swift */,
				EEA46B6A1F9A36CA00851D5D /* Main.storyboard */,
				EEA46B6D1F9A36CA00851D5D /* Assets.xcassets */,
				EEA46B6F1F9A36CA00851D5D /* LaunchScreen.storyboard */,
				EEA46B721F9A36CA00851D5D /* Info.plist */,
			);
			path = Fooco;
			sourceTree = "<group>";
		};
		EEA46B7A1F9A36CA00851D5D /* FoocoTests */ = {
			isa = PBXGroup;
			children = (
				EEA46B7B1F9A36CA00851D5D /* FoocoTests.swift */,
				EEA46B7D1F9A36CA00851D5D /* Info.plist */,
				EE47DEF31FA375E7007D0084 /* ProjectTests.swift */,
			);
			path = FoocoTests;
			sourceTree = "<group>";
		};
		EEA46B851F9A36CA00851D5D /* FoocoUITests */ = {
			isa = PBXGroup;
			children = (
				EEA46B861F9A36CA00851D5D /* FoocoUITests.swift */,
				EEA46B881F9A36CA00851D5D /* Info.plist */,
			);
			path = FoocoUITests;
			sourceTree = "<group>";
		};
		EEA46B971F9A36D600851D5D /* Dave */ = {
			isa = PBXGroup;
			children = (
				EEA46B981F9A36D600851D5D /* AppDelegate.swift */,
				EEA46B9A1F9A36D600851D5D /* ViewController.swift */,
				EEA46B9C1F9A36D600851D5D /* Main.storyboard */,
				EEA46B9F1F9A36D600851D5D /* Assets.xcassets */,
				EEA46BA11F9A36D600851D5D /* LaunchScreen.storyboard */,
				EEA46BA41F9A36D600851D5D /* Info.plist */,
			);
			path = Dave;
			sourceTree = "<group>";
		};
		EEA46BAC1F9A36D600851D5D /* DaveTests */ = {
			isa = PBXGroup;
			children = (
				EEA46BAD1F9A36D600851D5D /* DaveTests.swift */,
				EEA46BAF1F9A36D600851D5D /* Info.plist */,
			);
			path = DaveTests;
			sourceTree = "<group>";
		};
		EEA46BB71F9A36D600851D5D /* DaveUITests */ = {
			isa = PBXGroup;
			children = (
				EEA46BB81F9A36D600851D5D /* DaveUITests.swift */,
				EEA46BBA1F9A36D600851D5D /* Info.plist */,
			);
			path = DaveUITests;
			sourceTree = "<group>";
		};
		EEA46BC51F9A370600851D5D /* Dave */ = {
			isa = PBXGroup;
			children = (
				EEA46B971F9A36D600851D5D /* Dave */,
				EEA46BAC1F9A36D600851D5D /* DaveTests */,
				EEA46BB71F9A36D600851D5D /* DaveUITests */,
			);
			path = Dave;
			sourceTree = "<group>";
		};
		FC2F29C11F9A3D8200984409 /* Fooco */ = {
			isa = PBXGroup;
			children = (
				EEA46B651F9A36CA00851D5D /* Fooco */,
				EEA46B7A1F9A36CA00851D5D /* FoocoTests */,
				EEA46B851F9A36CA00851D5D /* FoocoUITests */,
			);
			path = Fooco;
			sourceTree = "<group>";
		};
/* End PBXGroup section */

/* Begin PBXNativeTarget section */
		EEA46B621F9A36CA00851D5D /* Fooco */ = {
			isa = PBXNativeTarget;
			buildConfigurationList = EEA46B891F9A36CA00851D5D /* Build configuration list for PBXNativeTarget "Fooco" */;
			buildPhases = (
				EEA46B5F1F9A36CA00851D5D /* Sources */,
				EEA46B601F9A36CA00851D5D /* Frameworks */,
				EEA46B611F9A36CA00851D5D /* Resources */,
			);
			buildRules = (
			);
			dependencies = (
			);
			name = Fooco;
			productName = Fooco;
			productReference = EEA46B631F9A36CA00851D5D /* Fooco.app */;
			productType = "com.apple.product-type.application";
		};
		EEA46B761F9A36CA00851D5D /* FoocoTests */ = {
			isa = PBXNativeTarget;
			buildConfigurationList = EEA46B8C1F9A36CA00851D5D /* Build configuration list for PBXNativeTarget "FoocoTests" */;
			buildPhases = (
				EEA46B731F9A36CA00851D5D /* Sources */,
				EEA46B741F9A36CA00851D5D /* Frameworks */,
				EEA46B751F9A36CA00851D5D /* Resources */,
			);
			buildRules = (
			);
			dependencies = (
				EEA46B791F9A36CA00851D5D /* PBXTargetDependency */,
			);
			name = FoocoTests;
			productName = FoocoTests;
			productReference = EEA46B771F9A36CA00851D5D /* FoocoTests.xctest */;
			productType = "com.apple.product-type.bundle.unit-test";
		};
		EEA46B811F9A36CA00851D5D /* FoocoUITests */ = {
			isa = PBXNativeTarget;
			buildConfigurationList = EEA46B8F1F9A36CA00851D5D /* Build configuration list for PBXNativeTarget "FoocoUITests" */;
			buildPhases = (
				EEA46B7E1F9A36CA00851D5D /* Sources */,
				EEA46B7F1F9A36CA00851D5D /* Frameworks */,
				EEA46B801F9A36CA00851D5D /* Resources */,
			);
			buildRules = (
			);
			dependencies = (
				EEA46B841F9A36CA00851D5D /* PBXTargetDependency */,
			);
			name = FoocoUITests;
			productName = FoocoUITests;
			productReference = EEA46B821F9A36CA00851D5D /* FoocoUITests.xctest */;
			productType = "com.apple.product-type.bundle.ui-testing";
		};
		EEA46B951F9A36D600851D5D /* Dave */ = {
			isa = PBXNativeTarget;
			buildConfigurationList = EEA46BBB1F9A36D600851D5D /* Build configuration list for PBXNativeTarget "Dave" */;
			buildPhases = (
				EEA46B921F9A36D600851D5D /* Sources */,
				EEA46B931F9A36D600851D5D /* Frameworks */,
				EEA46B941F9A36D600851D5D /* Resources */,
			);
			buildRules = (
			);
			dependencies = (
			);
			name = Dave;
			productName = Dave;
			productReference = EEA46B961F9A36D600851D5D /* Dave.app */;
			productType = "com.apple.product-type.application";
		};
		EEA46BA81F9A36D600851D5D /* DaveTests */ = {
			isa = PBXNativeTarget;
			buildConfigurationList = EEA46BBE1F9A36D600851D5D /* Build configuration list for PBXNativeTarget "DaveTests" */;
			buildPhases = (
				EEA46BA51F9A36D600851D5D /* Sources */,
				EEA46BA61F9A36D600851D5D /* Frameworks */,
				EEA46BA71F9A36D600851D5D /* Resources */,
			);
			buildRules = (
			);
			dependencies = (
				EEA46BAB1F9A36D600851D5D /* PBXTargetDependency */,
			);
			name = DaveTests;
			productName = DaveTests;
			productReference = EEA46BA91F9A36D600851D5D /* DaveTests.xctest */;
			productType = "com.apple.product-type.bundle.unit-test";
		};
		EEA46BB31F9A36D600851D5D /* DaveUITests */ = {
			isa = PBXNativeTarget;
			buildConfigurationList = EEA46BC11F9A36D600851D5D /* Build configuration list for PBXNativeTarget "DaveUITests" */;
			buildPhases = (
				EEA46BB01F9A36D600851D5D /* Sources */,
				EEA46BB11F9A36D600851D5D /* Frameworks */,
				EEA46BB21F9A36D600851D5D /* Resources */,
			);
			buildRules = (
			);
			dependencies = (
				EEA46BB61F9A36D600851D5D /* PBXTargetDependency */,
			);
			name = DaveUITests;
			productName = DaveUITests;
			productReference = EEA46BB41F9A36D600851D5D /* DaveUITests.xctest */;
			productType = "com.apple.product-type.bundle.ui-testing";
		};
/* End PBXNativeTarget section */

/* Begin PBXProject section */
		EEA46B591F9A36A400851D5D /* Project object */ = {
			isa = PBXProject;
			attributes = {
				LastSwiftUpdateCheck = 0900;
				LastUpgradeCheck = 0900;
				TargetAttributes = {
					EEA46B621F9A36CA00851D5D = {
						CreatedOnToolsVersion = 9.0;
						ProvisioningStyle = Automatic;
					};
					EEA46B761F9A36CA00851D5D = {
						CreatedOnToolsVersion = 9.0;
						ProvisioningStyle = Automatic;
						TestTargetID = EEA46B621F9A36CA00851D5D;
					};
					EEA46B811F9A36CA00851D5D = {
						CreatedOnToolsVersion = 9.0;
						ProvisioningStyle = Automatic;
						TestTargetID = EEA46B621F9A36CA00851D5D;
					};
					EEA46B951F9A36D600851D5D = {
						CreatedOnToolsVersion = 9.0;
						ProvisioningStyle = Automatic;
					};
					EEA46BA81F9A36D600851D5D = {
						CreatedOnToolsVersion = 9.0;
						ProvisioningStyle = Automatic;
						TestTargetID = EEA46B951F9A36D600851D5D;
					};
					EEA46BB31F9A36D600851D5D = {
						CreatedOnToolsVersion = 9.0;
						ProvisioningStyle = Automatic;
						TestTargetID = EEA46B951F9A36D600851D5D;
					};
				};
			};
			buildConfigurationList = EEA46B5C1F9A36A400851D5D /* Build configuration list for PBXProject "ProjectManagement" */;
			compatibilityVersion = "Xcode 8.0";
			developmentRegion = en;
			hasScannedForEncodings = 0;
			knownRegions = (
				en,
				Base,
			);
			mainGroup = EEA46B581F9A36A400851D5D;
			productRefGroup = EEA46B641F9A36CA00851D5D /* Products */;
			projectDirPath = "";
			projectRoot = "";
			targets = (
				EEA46B621F9A36CA00851D5D /* Fooco */,
				EEA46B761F9A36CA00851D5D /* FoocoTests */,
				EEA46B811F9A36CA00851D5D /* FoocoUITests */,
				EEA46B951F9A36D600851D5D /* Dave */,
				EEA46BA81F9A36D600851D5D /* DaveTests */,
				EEA46BB31F9A36D600851D5D /* DaveUITests */,
			);
		};
/* End PBXProject section */

/* Begin PBXResourcesBuildPhase section */
		EEA46B611F9A36CA00851D5D /* Resources */ = {
			isa = PBXResourcesBuildPhase;
			buildActionMask = 2147483647;
			files = (
				EEA46B711F9A36CA00851D5D /* LaunchScreen.storyboard in Resources */,
				EEA46B6E1F9A36CA00851D5D /* Assets.xcassets in Resources */,
				EEA46B6C1F9A36CA00851D5D /* Main.storyboard in Resources */,
			);
			runOnlyForDeploymentPostprocessing = 0;
		};
		EEA46B751F9A36CA00851D5D /* Resources */ = {
			isa = PBXResourcesBuildPhase;
			buildActionMask = 2147483647;
			files = (
			);
			runOnlyForDeploymentPostprocessing = 0;
		};
		EEA46B801F9A36CA00851D5D /* Resources */ = {
			isa = PBXResourcesBuildPhase;
			buildActionMask = 2147483647;
			files = (
			);
			runOnlyForDeploymentPostprocessing = 0;
		};
		EEA46B941F9A36D600851D5D /* Resources */ = {
			isa = PBXResourcesBuildPhase;
			buildActionMask = 2147483647;
			files = (
				EEA46BA31F9A36D600851D5D /* LaunchScreen.storyboard in Resources */,
				EEA46BA01F9A36D600851D5D /* Assets.xcassets in Resources */,
				EEA46B9E1F9A36D600851D5D /* Main.storyboard in Resources */,
			);
			runOnlyForDeploymentPostprocessing = 0;
		};
		EEA46BA71F9A36D600851D5D /* Resources */ = {
			isa = PBXResourcesBuildPhase;
			buildActionMask = 2147483647;
			files = (
			);
			runOnlyForDeploymentPostprocessing = 0;
		};
		EEA46BB21F9A36D600851D5D /* Resources */ = {
			isa = PBXResourcesBuildPhase;
			buildActionMask = 2147483647;
			files = (
			);
			runOnlyForDeploymentPostprocessing = 0;
		};
/* End PBXResourcesBuildPhase section */

/* Begin PBXSourcesBuildPhase section */
		EEA46B5F1F9A36CA00851D5D /* Sources */ = {
			isa = PBXSourcesBuildPhase;
			buildActionMask = 2147483647;
			files = (
				FC2F29C21F9A3EA100984409 /* Activity.swift in Sources */,
				FC2F29C31F9A3EA100984409 /* Context.swift in Sources */,
				FC2F29C61F9A3EA100984409 /* TimeBlock.swift in Sources */,
				EEA46B691F9A36CA00851D5D /* ViewController.swift in Sources */,
				FC2F29C71F9A3EA100984409 /* User.swift in Sources */,
				FC2F29C81F9A3EA100984409 /* Week.swift in Sources */,
				FC2F29C91F9A3EA100984409 /* Weekday.swift in Sources */,
				EEA46B671F9A36CA00851D5D /* AppDelegate.swift in Sources */,
				FC2F29C41F9A3EA100984409 /* ContextBlock.swift in Sources */,
				FC2F29C51F9A3EA100984409 /* Project.swift in Sources */,
			);
			runOnlyForDeploymentPostprocessing = 0;
		};
		EEA46B731F9A36CA00851D5D /* Sources */ = {
			isa = PBXSourcesBuildPhase;
			buildActionMask = 2147483647;
			files = (
				EEA46B7C1F9A36CA00851D5D /* FoocoTests.swift in Sources */,
				EE47DEF41FA375E7007D0084 /* ProjectTests.swift in Sources */,
			);
			runOnlyForDeploymentPostprocessing = 0;
		};
		EEA46B7E1F9A36CA00851D5D /* Sources */ = {
			isa = PBXSourcesBuildPhase;
			buildActionMask = 2147483647;
			files = (
				EEA46B871F9A36CA00851D5D /* FoocoUITests.swift in Sources */,
			);
			runOnlyForDeploymentPostprocessing = 0;
		};
		EEA46B921F9A36D600851D5D /* Sources */ = {
			isa = PBXSourcesBuildPhase;
			buildActionMask = 2147483647;
			files = (
				FC2F29CA1F9A3EA200984409 /* Activity.swift in Sources */,
				FC2F29CB1F9A3EA200984409 /* Context.swift in Sources */,
				FC2F29CE1F9A3EA200984409 /* TimeBlock.swift in Sources */,
				EEA46B9B1F9A36D600851D5D /* ViewController.swift in Sources */,
				FC2F29CF1F9A3EA200984409 /* User.swift in Sources */,
				FC2F29D01F9A3EA200984409 /* Week.swift in Sources */,
				FC2F29D11F9A3EA200984409 /* Weekday.swift in Sources */,
				EEA46B991F9A36D600851D5D /* AppDelegate.swift in Sources */,
				FC2F29CC1F9A3EA200984409 /* ContextBlock.swift in Sources */,
				FC2F29CD1F9A3EA200984409 /* Project.swift in Sources */,
			);
			runOnlyForDeploymentPostprocessing = 0;
		};
		EEA46BA51F9A36D600851D5D /* Sources */ = {
			isa = PBXSourcesBuildPhase;
			buildActionMask = 2147483647;
			files = (
				EEA46BAE1F9A36D600851D5D /* DaveTests.swift in Sources */,
			);
			runOnlyForDeploymentPostprocessing = 0;
		};
		EEA46BB01F9A36D600851D5D /* Sources */ = {
			isa = PBXSourcesBuildPhase;
			buildActionMask = 2147483647;
			files = (
				EEA46BB91F9A36D600851D5D /* DaveUITests.swift in Sources */,
			);
			runOnlyForDeploymentPostprocessing = 0;
		};
/* End PBXSourcesBuildPhase section */

/* Begin PBXTargetDependency section */
		EEA46B791F9A36CA00851D5D /* PBXTargetDependency */ = {
			isa = PBXTargetDependency;
			target = EEA46B621F9A36CA00851D5D /* Fooco */;
			targetProxy = EEA46B781F9A36CA00851D5D /* PBXContainerItemProxy */;
		};
		EEA46B841F9A36CA00851D5D /* PBXTargetDependency */ = {
			isa = PBXTargetDependency;
			target = EEA46B621F9A36CA00851D5D /* Fooco */;
			targetProxy = EEA46B831F9A36CA00851D5D /* PBXContainerItemProxy */;
		};
		EEA46BAB1F9A36D600851D5D /* PBXTargetDependency */ = {
			isa = PBXTargetDependency;
			target = EEA46B951F9A36D600851D5D /* Dave */;
			targetProxy = EEA46BAA1F9A36D600851D5D /* PBXContainerItemProxy */;
		};
		EEA46BB61F9A36D600851D5D /* PBXTargetDependency */ = {
			isa = PBXTargetDependency;
			target = EEA46B951F9A36D600851D5D /* Dave */;
			targetProxy = EEA46BB51F9A36D600851D5D /* PBXContainerItemProxy */;
		};
/* End PBXTargetDependency section */

/* Begin PBXVariantGroup section */
		EEA46B6A1F9A36CA00851D5D /* Main.storyboard */ = {
			isa = PBXVariantGroup;
			children = (
				EEA46B6B1F9A36CA00851D5D /* Base */,
			);
			name = Main.storyboard;
			sourceTree = "<group>";
		};
		EEA46B6F1F9A36CA00851D5D /* LaunchScreen.storyboard */ = {
			isa = PBXVariantGroup;
			children = (
				EEA46B701F9A36CA00851D5D /* Base */,
			);
			name = LaunchScreen.storyboard;
			sourceTree = "<group>";
		};
		EEA46B9C1F9A36D600851D5D /* Main.storyboard */ = {
			isa = PBXVariantGroup;
			children = (
				EEA46B9D1F9A36D600851D5D /* Base */,
			);
			name = Main.storyboard;
			sourceTree = "<group>";
		};
		EEA46BA11F9A36D600851D5D /* LaunchScreen.storyboard */ = {
			isa = PBXVariantGroup;
			children = (
				EEA46BA21F9A36D600851D5D /* Base */,
			);
			name = LaunchScreen.storyboard;
			sourceTree = "<group>";
		};
/* End PBXVariantGroup section */

/* Begin XCBuildConfiguration section */
		EEA46B5D1F9A36A400851D5D /* Debug */ = {
			isa = XCBuildConfiguration;
			buildSettings = {
				IPHONEOS_DEPLOYMENT_TARGET = 10.0;
			};
			name = Debug;
		};
		EEA46B5E1F9A36A400851D5D /* Release */ = {
			isa = XCBuildConfiguration;
			buildSettings = {
				IPHONEOS_DEPLOYMENT_TARGET = 10.0;
			};
			name = Release;
		};
		EEA46B8A1F9A36CA00851D5D /* Debug */ = {
			isa = XCBuildConfiguration;
			buildSettings = {
				ALWAYS_SEARCH_USER_PATHS = NO;
				ASSETCATALOG_COMPILER_APPICON_NAME = AppIcon;
				CLANG_ANALYZER_NONNULL = YES;
				CLANG_ANALYZER_NUMBER_OBJECT_CONVERSION = YES_AGGRESSIVE;
				CLANG_CXX_LANGUAGE_STANDARD = "gnu++14";
				CLANG_CXX_LIBRARY = "libc++";
				CLANG_ENABLE_MODULES = YES;
				CLANG_ENABLE_OBJC_ARC = YES;
				CLANG_WARN_BLOCK_CAPTURE_AUTORELEASING = YES;
				CLANG_WARN_BOOL_CONVERSION = YES;
				CLANG_WARN_COMMA = YES;
				CLANG_WARN_CONSTANT_CONVERSION = YES;
				CLANG_WARN_DIRECT_OBJC_ISA_USAGE = YES_ERROR;
				CLANG_WARN_DOCUMENTATION_COMMENTS = YES;
				CLANG_WARN_EMPTY_BODY = YES;
				CLANG_WARN_ENUM_CONVERSION = YES;
				CLANG_WARN_INFINITE_RECURSION = YES;
				CLANG_WARN_INT_CONVERSION = YES;
				CLANG_WARN_NON_LITERAL_NULL_CONVERSION = YES;
				CLANG_WARN_OBJC_LITERAL_CONVERSION = YES;
				CLANG_WARN_OBJC_ROOT_CLASS = YES_ERROR;
				CLANG_WARN_RANGE_LOOP_ANALYSIS = YES;
				CLANG_WARN_STRICT_PROTOTYPES = YES;
				CLANG_WARN_SUSPICIOUS_MOVE = YES;
				CLANG_WARN_UNGUARDED_AVAILABILITY = YES_AGGRESSIVE;
				CLANG_WARN_UNREACHABLE_CODE = YES;
				CLANG_WARN__DUPLICATE_METHOD_MATCH = YES;
				CODE_SIGN_IDENTITY = "iPhone Developer";
				CODE_SIGN_STYLE = Automatic;
				COPY_PHASE_STRIP = NO;
				DEBUG_INFORMATION_FORMAT = dwarf;
				DEVELOPMENT_TEAM = "";
				ENABLE_STRICT_OBJC_MSGSEND = YES;
				ENABLE_TESTABILITY = YES;
				GCC_C_LANGUAGE_STANDARD = gnu11;
				GCC_DYNAMIC_NO_PIC = NO;
				GCC_NO_COMMON_BLOCKS = YES;
				GCC_OPTIMIZATION_LEVEL = 0;
				GCC_PREPROCESSOR_DEFINITIONS = (
					"DEBUG=1",
					"$(inherited)",
				);
				GCC_WARN_64_TO_32_BIT_CONVERSION = YES;
				GCC_WARN_ABOUT_RETURN_TYPE = YES_ERROR;
				GCC_WARN_UNDECLARED_SELECTOR = YES;
				GCC_WARN_UNINITIALIZED_AUTOS = YES_AGGRESSIVE;
				GCC_WARN_UNUSED_FUNCTION = YES;
				GCC_WARN_UNUSED_VARIABLE = YES;
				INFOPLIST_FILE = "$(SRCROOT)/Fooco/Fooco/Info.plist";
				LD_RUNPATH_SEARCH_PATHS = "$(inherited) @executable_path/Frameworks";
				MTL_ENABLE_DEBUG_INFO = YES;
				ONLY_ACTIVE_ARCH = YES;
				PRODUCT_BUNDLE_IDENTIFIER = br.com.victormelo.Fooco;
				PRODUCT_NAME = "$(TARGET_NAME)";
				SDKROOT = iphoneos;
				SWIFT_ACTIVE_COMPILATION_CONDITIONS = DEBUG;
				SWIFT_OPTIMIZATION_LEVEL = "-Onone";
				SWIFT_VERSION = 4.0;
				TARGETED_DEVICE_FAMILY = "1,2";
			};
			name = Debug;
		};
		EEA46B8B1F9A36CA00851D5D /* Release */ = {
			isa = XCBuildConfiguration;
			buildSettings = {
				ALWAYS_SEARCH_USER_PATHS = NO;
				ASSETCATALOG_COMPILER_APPICON_NAME = AppIcon;
				CLANG_ANALYZER_NONNULL = YES;
				CLANG_ANALYZER_NUMBER_OBJECT_CONVERSION = YES_AGGRESSIVE;
				CLANG_CXX_LANGUAGE_STANDARD = "gnu++14";
				CLANG_CXX_LIBRARY = "libc++";
				CLANG_ENABLE_MODULES = YES;
				CLANG_ENABLE_OBJC_ARC = YES;
				CLANG_WARN_BLOCK_CAPTURE_AUTORELEASING = YES;
				CLANG_WARN_BOOL_CONVERSION = YES;
				CLANG_WARN_COMMA = YES;
				CLANG_WARN_CONSTANT_CONVERSION = YES;
				CLANG_WARN_DIRECT_OBJC_ISA_USAGE = YES_ERROR;
				CLANG_WARN_DOCUMENTATION_COMMENTS = YES;
				CLANG_WARN_EMPTY_BODY = YES;
				CLANG_WARN_ENUM_CONVERSION = YES;
				CLANG_WARN_INFINITE_RECURSION = YES;
				CLANG_WARN_INT_CONVERSION = YES;
				CLANG_WARN_NON_LITERAL_NULL_CONVERSION = YES;
				CLANG_WARN_OBJC_LITERAL_CONVERSION = YES;
				CLANG_WARN_OBJC_ROOT_CLASS = YES_ERROR;
				CLANG_WARN_RANGE_LOOP_ANALYSIS = YES;
				CLANG_WARN_STRICT_PROTOTYPES = YES;
				CLANG_WARN_SUSPICIOUS_MOVE = YES;
				CLANG_WARN_UNGUARDED_AVAILABILITY = YES_AGGRESSIVE;
				CLANG_WARN_UNREACHABLE_CODE = YES;
				CLANG_WARN__DUPLICATE_METHOD_MATCH = YES;
				CODE_SIGN_IDENTITY = "iPhone Developer";
				CODE_SIGN_STYLE = Automatic;
				COPY_PHASE_STRIP = NO;
				DEBUG_INFORMATION_FORMAT = "dwarf-with-dsym";
				DEVELOPMENT_TEAM = "";
				ENABLE_NS_ASSERTIONS = NO;
				ENABLE_STRICT_OBJC_MSGSEND = YES;
				GCC_C_LANGUAGE_STANDARD = gnu11;
				GCC_NO_COMMON_BLOCKS = YES;
				GCC_WARN_64_TO_32_BIT_CONVERSION = YES;
				GCC_WARN_ABOUT_RETURN_TYPE = YES_ERROR;
				GCC_WARN_UNDECLARED_SELECTOR = YES;
				GCC_WARN_UNINITIALIZED_AUTOS = YES_AGGRESSIVE;
				GCC_WARN_UNUSED_FUNCTION = YES;
				GCC_WARN_UNUSED_VARIABLE = YES;
				INFOPLIST_FILE = "$(SRCROOT)/Fooco/Fooco/Info.plist";
				LD_RUNPATH_SEARCH_PATHS = "$(inherited) @executable_path/Frameworks";
				MTL_ENABLE_DEBUG_INFO = NO;
				PRODUCT_BUNDLE_IDENTIFIER = br.com.victormelo.Fooco;
				PRODUCT_NAME = "$(TARGET_NAME)";
				SDKROOT = iphoneos;
				SWIFT_OPTIMIZATION_LEVEL = "-Owholemodule";
				SWIFT_VERSION = 4.0;
				TARGETED_DEVICE_FAMILY = "1,2";
				VALIDATE_PRODUCT = YES;
			};
			name = Release;
		};
		EEA46B8D1F9A36CA00851D5D /* Debug */ = {
			isa = XCBuildConfiguration;
			buildSettings = {
				ALWAYS_EMBED_SWIFT_STANDARD_LIBRARIES = YES;
				ALWAYS_SEARCH_USER_PATHS = NO;
				BUNDLE_LOADER = "$(TEST_HOST)";
				CLANG_ANALYZER_NONNULL = YES;
				CLANG_ANALYZER_NUMBER_OBJECT_CONVERSION = YES_AGGRESSIVE;
				CLANG_CXX_LANGUAGE_STANDARD = "gnu++14";
				CLANG_CXX_LIBRARY = "libc++";
				CLANG_ENABLE_MODULES = YES;
				CLANG_ENABLE_OBJC_ARC = YES;
				CLANG_WARN_BLOCK_CAPTURE_AUTORELEASING = YES;
				CLANG_WARN_BOOL_CONVERSION = YES;
				CLANG_WARN_COMMA = YES;
				CLANG_WARN_CONSTANT_CONVERSION = YES;
				CLANG_WARN_DIRECT_OBJC_ISA_USAGE = YES_ERROR;
				CLANG_WARN_DOCUMENTATION_COMMENTS = YES;
				CLANG_WARN_EMPTY_BODY = YES;
				CLANG_WARN_ENUM_CONVERSION = YES;
				CLANG_WARN_INFINITE_RECURSION = YES;
				CLANG_WARN_INT_CONVERSION = YES;
				CLANG_WARN_NON_LITERAL_NULL_CONVERSION = YES;
				CLANG_WARN_OBJC_LITERAL_CONVERSION = YES;
				CLANG_WARN_OBJC_ROOT_CLASS = YES_ERROR;
				CLANG_WARN_RANGE_LOOP_ANALYSIS = YES;
				CLANG_WARN_STRICT_PROTOTYPES = YES;
				CLANG_WARN_SUSPICIOUS_MOVE = YES;
				CLANG_WARN_UNGUARDED_AVAILABILITY = YES_AGGRESSIVE;
				CLANG_WARN_UNREACHABLE_CODE = YES;
				CLANG_WARN__DUPLICATE_METHOD_MATCH = YES;
				CODE_SIGN_IDENTITY = "iPhone Developer";
				CODE_SIGN_STYLE = Automatic;
				COPY_PHASE_STRIP = NO;
				DEBUG_INFORMATION_FORMAT = dwarf;
				DEVELOPMENT_TEAM = "";
				ENABLE_STRICT_OBJC_MSGSEND = YES;
				ENABLE_TESTABILITY = YES;
				GCC_C_LANGUAGE_STANDARD = gnu11;
				GCC_DYNAMIC_NO_PIC = NO;
				GCC_NO_COMMON_BLOCKS = YES;
				GCC_OPTIMIZATION_LEVEL = 0;
				GCC_PREPROCESSOR_DEFINITIONS = (
					"DEBUG=1",
					"$(inherited)",
				);
				GCC_WARN_64_TO_32_BIT_CONVERSION = YES;
				GCC_WARN_ABOUT_RETURN_TYPE = YES_ERROR;
				GCC_WARN_UNDECLARED_SELECTOR = YES;
				GCC_WARN_UNINITIALIZED_AUTOS = YES_AGGRESSIVE;
				GCC_WARN_UNUSED_FUNCTION = YES;
				GCC_WARN_UNUSED_VARIABLE = YES;
				INFOPLIST_FILE = FoocoTests/Info.plist;
				IPHONEOS_DEPLOYMENT_TARGET = 11.0;
				LD_RUNPATH_SEARCH_PATHS = "$(inherited) @executable_path/Frameworks @loader_path/Frameworks";
				MTL_ENABLE_DEBUG_INFO = YES;
				ONLY_ACTIVE_ARCH = YES;
				PRODUCT_BUNDLE_IDENTIFIER = br.com.victormelo.FoocoTests;
				PRODUCT_NAME = "$(TARGET_NAME)";
				SDKROOT = iphoneos;
				SWIFT_ACTIVE_COMPILATION_CONDITIONS = DEBUG;
				SWIFT_OPTIMIZATION_LEVEL = "-Onone";
				SWIFT_VERSION = 4.0;
				TARGETED_DEVICE_FAMILY = "1,2";
				TEST_HOST = "$(BUILT_PRODUCTS_DIR)/Fooco.app/Fooco";
			};
			name = Debug;
		};
		EEA46B8E1F9A36CA00851D5D /* Release */ = {
			isa = XCBuildConfiguration;
			buildSettings = {
				ALWAYS_EMBED_SWIFT_STANDARD_LIBRARIES = YES;
				ALWAYS_SEARCH_USER_PATHS = NO;
				BUNDLE_LOADER = "$(TEST_HOST)";
				CLANG_ANALYZER_NONNULL = YES;
				CLANG_ANALYZER_NUMBER_OBJECT_CONVERSION = YES_AGGRESSIVE;
				CLANG_CXX_LANGUAGE_STANDARD = "gnu++14";
				CLANG_CXX_LIBRARY = "libc++";
				CLANG_ENABLE_MODULES = YES;
				CLANG_ENABLE_OBJC_ARC = YES;
				CLANG_WARN_BLOCK_CAPTURE_AUTORELEASING = YES;
				CLANG_WARN_BOOL_CONVERSION = YES;
				CLANG_WARN_COMMA = YES;
				CLANG_WARN_CONSTANT_CONVERSION = YES;
				CLANG_WARN_DIRECT_OBJC_ISA_USAGE = YES_ERROR;
				CLANG_WARN_DOCUMENTATION_COMMENTS = YES;
				CLANG_WARN_EMPTY_BODY = YES;
				CLANG_WARN_ENUM_CONVERSION = YES;
				CLANG_WARN_INFINITE_RECURSION = YES;
				CLANG_WARN_INT_CONVERSION = YES;
				CLANG_WARN_NON_LITERAL_NULL_CONVERSION = YES;
				CLANG_WARN_OBJC_LITERAL_CONVERSION = YES;
				CLANG_WARN_OBJC_ROOT_CLASS = YES_ERROR;
				CLANG_WARN_RANGE_LOOP_ANALYSIS = YES;
				CLANG_WARN_STRICT_PROTOTYPES = YES;
				CLANG_WARN_SUSPICIOUS_MOVE = YES;
				CLANG_WARN_UNGUARDED_AVAILABILITY = YES_AGGRESSIVE;
				CLANG_WARN_UNREACHABLE_CODE = YES;
				CLANG_WARN__DUPLICATE_METHOD_MATCH = YES;
				CODE_SIGN_IDENTITY = "iPhone Developer";
				CODE_SIGN_STYLE = Automatic;
				COPY_PHASE_STRIP = NO;
				DEBUG_INFORMATION_FORMAT = "dwarf-with-dsym";
				DEVELOPMENT_TEAM = "";
				ENABLE_NS_ASSERTIONS = NO;
				ENABLE_STRICT_OBJC_MSGSEND = YES;
				GCC_C_LANGUAGE_STANDARD = gnu11;
				GCC_NO_COMMON_BLOCKS = YES;
				GCC_WARN_64_TO_32_BIT_CONVERSION = YES;
				GCC_WARN_ABOUT_RETURN_TYPE = YES_ERROR;
				GCC_WARN_UNDECLARED_SELECTOR = YES;
				GCC_WARN_UNINITIALIZED_AUTOS = YES_AGGRESSIVE;
				GCC_WARN_UNUSED_FUNCTION = YES;
				GCC_WARN_UNUSED_VARIABLE = YES;
				INFOPLIST_FILE = FoocoTests/Info.plist;
				IPHONEOS_DEPLOYMENT_TARGET = 11.0;
				LD_RUNPATH_SEARCH_PATHS = "$(inherited) @executable_path/Frameworks @loader_path/Frameworks";
				MTL_ENABLE_DEBUG_INFO = NO;
				PRODUCT_BUNDLE_IDENTIFIER = br.com.victormelo.FoocoTests;
				PRODUCT_NAME = "$(TARGET_NAME)";
				SDKROOT = iphoneos;
				SWIFT_OPTIMIZATION_LEVEL = "-Owholemodule";
				SWIFT_VERSION = 4.0;
				TARGETED_DEVICE_FAMILY = "1,2";
				TEST_HOST = "$(BUILT_PRODUCTS_DIR)/Fooco.app/Fooco";
				VALIDATE_PRODUCT = YES;
			};
			name = Release;
		};
		EEA46B901F9A36CA00851D5D /* Debug */ = {
			isa = XCBuildConfiguration;
			buildSettings = {
				ALWAYS_EMBED_SWIFT_STANDARD_LIBRARIES = YES;
				ALWAYS_SEARCH_USER_PATHS = NO;
				CLANG_ANALYZER_NONNULL = YES;
				CLANG_ANALYZER_NUMBER_OBJECT_CONVERSION = YES_AGGRESSIVE;
				CLANG_CXX_LANGUAGE_STANDARD = "gnu++14";
				CLANG_CXX_LIBRARY = "libc++";
				CLANG_ENABLE_MODULES = YES;
				CLANG_ENABLE_OBJC_ARC = YES;
				CLANG_WARN_BLOCK_CAPTURE_AUTORELEASING = YES;
				CLANG_WARN_BOOL_CONVERSION = YES;
				CLANG_WARN_COMMA = YES;
				CLANG_WARN_CONSTANT_CONVERSION = YES;
				CLANG_WARN_DIRECT_OBJC_ISA_USAGE = YES_ERROR;
				CLANG_WARN_DOCUMENTATION_COMMENTS = YES;
				CLANG_WARN_EMPTY_BODY = YES;
				CLANG_WARN_ENUM_CONVERSION = YES;
				CLANG_WARN_INFINITE_RECURSION = YES;
				CLANG_WARN_INT_CONVERSION = YES;
				CLANG_WARN_NON_LITERAL_NULL_CONVERSION = YES;
				CLANG_WARN_OBJC_LITERAL_CONVERSION = YES;
				CLANG_WARN_OBJC_ROOT_CLASS = YES_ERROR;
				CLANG_WARN_RANGE_LOOP_ANALYSIS = YES;
				CLANG_WARN_STRICT_PROTOTYPES = YES;
				CLANG_WARN_SUSPICIOUS_MOVE = YES;
				CLANG_WARN_UNGUARDED_AVAILABILITY = YES_AGGRESSIVE;
				CLANG_WARN_UNREACHABLE_CODE = YES;
				CLANG_WARN__DUPLICATE_METHOD_MATCH = YES;
				CODE_SIGN_IDENTITY = "iPhone Developer";
				CODE_SIGN_STYLE = Automatic;
				COPY_PHASE_STRIP = NO;
				DEBUG_INFORMATION_FORMAT = dwarf;
				DEVELOPMENT_TEAM = "";
				ENABLE_STRICT_OBJC_MSGSEND = YES;
				ENABLE_TESTABILITY = YES;
				GCC_C_LANGUAGE_STANDARD = gnu11;
				GCC_DYNAMIC_NO_PIC = NO;
				GCC_NO_COMMON_BLOCKS = YES;
				GCC_OPTIMIZATION_LEVEL = 0;
				GCC_PREPROCESSOR_DEFINITIONS = (
					"DEBUG=1",
					"$(inherited)",
				);
				GCC_WARN_64_TO_32_BIT_CONVERSION = YES;
				GCC_WARN_ABOUT_RETURN_TYPE = YES_ERROR;
				GCC_WARN_UNDECLARED_SELECTOR = YES;
				GCC_WARN_UNINITIALIZED_AUTOS = YES_AGGRESSIVE;
				GCC_WARN_UNUSED_FUNCTION = YES;
				GCC_WARN_UNUSED_VARIABLE = YES;
				INFOPLIST_FILE = FoocoUITests/Info.plist;
				IPHONEOS_DEPLOYMENT_TARGET = 11.0;
				LD_RUNPATH_SEARCH_PATHS = "$(inherited) @executable_path/Frameworks @loader_path/Frameworks";
				MTL_ENABLE_DEBUG_INFO = YES;
				ONLY_ACTIVE_ARCH = YES;
				PRODUCT_BUNDLE_IDENTIFIER = br.com.victormelo.FoocoUITests;
				PRODUCT_NAME = "$(TARGET_NAME)";
				SDKROOT = iphoneos;
				SWIFT_ACTIVE_COMPILATION_CONDITIONS = DEBUG;
				SWIFT_OPTIMIZATION_LEVEL = "-Onone";
				SWIFT_VERSION = 4.0;
				TARGETED_DEVICE_FAMILY = "1,2";
				TEST_TARGET_NAME = Fooco;
			};
			name = Debug;
		};
		EEA46B911F9A36CA00851D5D /* Release */ = {
			isa = XCBuildConfiguration;
			buildSettings = {
				ALWAYS_EMBED_SWIFT_STANDARD_LIBRARIES = YES;
				ALWAYS_SEARCH_USER_PATHS = NO;
				CLANG_ANALYZER_NONNULL = YES;
				CLANG_ANALYZER_NUMBER_OBJECT_CONVERSION = YES_AGGRESSIVE;
				CLANG_CXX_LANGUAGE_STANDARD = "gnu++14";
				CLANG_CXX_LIBRARY = "libc++";
				CLANG_ENABLE_MODULES = YES;
				CLANG_ENABLE_OBJC_ARC = YES;
				CLANG_WARN_BLOCK_CAPTURE_AUTORELEASING = YES;
				CLANG_WARN_BOOL_CONVERSION = YES;
				CLANG_WARN_COMMA = YES;
				CLANG_WARN_CONSTANT_CONVERSION = YES;
				CLANG_WARN_DIRECT_OBJC_ISA_USAGE = YES_ERROR;
				CLANG_WARN_DOCUMENTATION_COMMENTS = YES;
				CLANG_WARN_EMPTY_BODY = YES;
				CLANG_WARN_ENUM_CONVERSION = YES;
				CLANG_WARN_INFINITE_RECURSION = YES;
				CLANG_WARN_INT_CONVERSION = YES;
				CLANG_WARN_NON_LITERAL_NULL_CONVERSION = YES;
				CLANG_WARN_OBJC_LITERAL_CONVERSION = YES;
				CLANG_WARN_OBJC_ROOT_CLASS = YES_ERROR;
				CLANG_WARN_RANGE_LOOP_ANALYSIS = YES;
				CLANG_WARN_STRICT_PROTOTYPES = YES;
				CLANG_WARN_SUSPICIOUS_MOVE = YES;
				CLANG_WARN_UNGUARDED_AVAILABILITY = YES_AGGRESSIVE;
				CLANG_WARN_UNREACHABLE_CODE = YES;
				CLANG_WARN__DUPLICATE_METHOD_MATCH = YES;
				CODE_SIGN_IDENTITY = "iPhone Developer";
				CODE_SIGN_STYLE = Automatic;
				COPY_PHASE_STRIP = NO;
				DEBUG_INFORMATION_FORMAT = "dwarf-with-dsym";
				DEVELOPMENT_TEAM = "";
				ENABLE_NS_ASSERTIONS = NO;
				ENABLE_STRICT_OBJC_MSGSEND = YES;
				GCC_C_LANGUAGE_STANDARD = gnu11;
				GCC_NO_COMMON_BLOCKS = YES;
				GCC_WARN_64_TO_32_BIT_CONVERSION = YES;
				GCC_WARN_ABOUT_RETURN_TYPE = YES_ERROR;
				GCC_WARN_UNDECLARED_SELECTOR = YES;
				GCC_WARN_UNINITIALIZED_AUTOS = YES_AGGRESSIVE;
				GCC_WARN_UNUSED_FUNCTION = YES;
				GCC_WARN_UNUSED_VARIABLE = YES;
				INFOPLIST_FILE = FoocoUITests/Info.plist;
				IPHONEOS_DEPLOYMENT_TARGET = 11.0;
				LD_RUNPATH_SEARCH_PATHS = "$(inherited) @executable_path/Frameworks @loader_path/Frameworks";
				MTL_ENABLE_DEBUG_INFO = NO;
				PRODUCT_BUNDLE_IDENTIFIER = br.com.victormelo.FoocoUITests;
				PRODUCT_NAME = "$(TARGET_NAME)";
				SDKROOT = iphoneos;
				SWIFT_OPTIMIZATION_LEVEL = "-Owholemodule";
				SWIFT_VERSION = 4.0;
				TARGETED_DEVICE_FAMILY = "1,2";
				TEST_TARGET_NAME = Fooco;
				VALIDATE_PRODUCT = YES;
			};
			name = Release;
		};
		EEA46BBC1F9A36D600851D5D /* Debug */ = {
			isa = XCBuildConfiguration;
			buildSettings = {
				ALWAYS_SEARCH_USER_PATHS = NO;
				ASSETCATALOG_COMPILER_APPICON_NAME = AppIcon;
				CLANG_ANALYZER_NONNULL = YES;
				CLANG_ANALYZER_NUMBER_OBJECT_CONVERSION = YES_AGGRESSIVE;
				CLANG_CXX_LANGUAGE_STANDARD = "gnu++14";
				CLANG_CXX_LIBRARY = "libc++";
				CLANG_ENABLE_MODULES = YES;
				CLANG_ENABLE_OBJC_ARC = YES;
				CLANG_WARN_BLOCK_CAPTURE_AUTORELEASING = YES;
				CLANG_WARN_BOOL_CONVERSION = YES;
				CLANG_WARN_COMMA = YES;
				CLANG_WARN_CONSTANT_CONVERSION = YES;
				CLANG_WARN_DIRECT_OBJC_ISA_USAGE = YES_ERROR;
				CLANG_WARN_DOCUMENTATION_COMMENTS = YES;
				CLANG_WARN_EMPTY_BODY = YES;
				CLANG_WARN_ENUM_CONVERSION = YES;
				CLANG_WARN_INFINITE_RECURSION = YES;
				CLANG_WARN_INT_CONVERSION = YES;
				CLANG_WARN_NON_LITERAL_NULL_CONVERSION = YES;
				CLANG_WARN_OBJC_LITERAL_CONVERSION = YES;
				CLANG_WARN_OBJC_ROOT_CLASS = YES_ERROR;
				CLANG_WARN_RANGE_LOOP_ANALYSIS = YES;
				CLANG_WARN_STRICT_PROTOTYPES = YES;
				CLANG_WARN_SUSPICIOUS_MOVE = YES;
				CLANG_WARN_UNGUARDED_AVAILABILITY = YES_AGGRESSIVE;
				CLANG_WARN_UNREACHABLE_CODE = YES;
				CLANG_WARN__DUPLICATE_METHOD_MATCH = YES;
				CODE_SIGN_IDENTITY = "iPhone Developer";
				CODE_SIGN_STYLE = Automatic;
				COPY_PHASE_STRIP = NO;
				DEBUG_INFORMATION_FORMAT = dwarf;
				DEVELOPMENT_TEAM = "";
				ENABLE_STRICT_OBJC_MSGSEND = YES;
				ENABLE_TESTABILITY = YES;
				GCC_C_LANGUAGE_STANDARD = gnu11;
				GCC_DYNAMIC_NO_PIC = NO;
				GCC_NO_COMMON_BLOCKS = YES;
				GCC_OPTIMIZATION_LEVEL = 0;
				GCC_PREPROCESSOR_DEFINITIONS = (
					"DEBUG=1",
					"$(inherited)",
				);
				GCC_WARN_64_TO_32_BIT_CONVERSION = YES;
				GCC_WARN_ABOUT_RETURN_TYPE = YES_ERROR;
				GCC_WARN_UNDECLARED_SELECTOR = YES;
				GCC_WARN_UNINITIALIZED_AUTOS = YES_AGGRESSIVE;
				GCC_WARN_UNUSED_FUNCTION = YES;
				GCC_WARN_UNUSED_VARIABLE = YES;
				INFOPLIST_FILE = "$(SRCROOT)/Dave/Dave/Info.plist";
				LD_RUNPATH_SEARCH_PATHS = "$(inherited) @executable_path/Frameworks";
				MTL_ENABLE_DEBUG_INFO = YES;
				ONLY_ACTIVE_ARCH = YES;
				PRODUCT_BUNDLE_IDENTIFIER = br.com.victormelo.Dave;
				PRODUCT_NAME = "$(TARGET_NAME)";
				SDKROOT = iphoneos;
				SWIFT_ACTIVE_COMPILATION_CONDITIONS = DEBUG;
				SWIFT_OPTIMIZATION_LEVEL = "-Onone";
				SWIFT_VERSION = 4.0;
				TARGETED_DEVICE_FAMILY = "1,2";
			};
			name = Debug;
		};
		EEA46BBD1F9A36D600851D5D /* Release */ = {
			isa = XCBuildConfiguration;
			buildSettings = {
				ALWAYS_SEARCH_USER_PATHS = NO;
				ASSETCATALOG_COMPILER_APPICON_NAME = AppIcon;
				CLANG_ANALYZER_NONNULL = YES;
				CLANG_ANALYZER_NUMBER_OBJECT_CONVERSION = YES_AGGRESSIVE;
				CLANG_CXX_LANGUAGE_STANDARD = "gnu++14";
				CLANG_CXX_LIBRARY = "libc++";
				CLANG_ENABLE_MODULES = YES;
				CLANG_ENABLE_OBJC_ARC = YES;
				CLANG_WARN_BLOCK_CAPTURE_AUTORELEASING = YES;
				CLANG_WARN_BOOL_CONVERSION = YES;
				CLANG_WARN_COMMA = YES;
				CLANG_WARN_CONSTANT_CONVERSION = YES;
				CLANG_WARN_DIRECT_OBJC_ISA_USAGE = YES_ERROR;
				CLANG_WARN_DOCUMENTATION_COMMENTS = YES;
				CLANG_WARN_EMPTY_BODY = YES;
				CLANG_WARN_ENUM_CONVERSION = YES;
				CLANG_WARN_INFINITE_RECURSION = YES;
				CLANG_WARN_INT_CONVERSION = YES;
				CLANG_WARN_NON_LITERAL_NULL_CONVERSION = YES;
				CLANG_WARN_OBJC_LITERAL_CONVERSION = YES;
				CLANG_WARN_OBJC_ROOT_CLASS = YES_ERROR;
				CLANG_WARN_RANGE_LOOP_ANALYSIS = YES;
				CLANG_WARN_STRICT_PROTOTYPES = YES;
				CLANG_WARN_SUSPICIOUS_MOVE = YES;
				CLANG_WARN_UNGUARDED_AVAILABILITY = YES_AGGRESSIVE;
				CLANG_WARN_UNREACHABLE_CODE = YES;
				CLANG_WARN__DUPLICATE_METHOD_MATCH = YES;
				CODE_SIGN_IDENTITY = "iPhone Developer";
				CODE_SIGN_STYLE = Automatic;
				COPY_PHASE_STRIP = NO;
				DEBUG_INFORMATION_FORMAT = "dwarf-with-dsym";
				DEVELOPMENT_TEAM = "";
				ENABLE_NS_ASSERTIONS = NO;
				ENABLE_STRICT_OBJC_MSGSEND = YES;
				GCC_C_LANGUAGE_STANDARD = gnu11;
				GCC_NO_COMMON_BLOCKS = YES;
				GCC_WARN_64_TO_32_BIT_CONVERSION = YES;
				GCC_WARN_ABOUT_RETURN_TYPE = YES_ERROR;
				GCC_WARN_UNDECLARED_SELECTOR = YES;
				GCC_WARN_UNINITIALIZED_AUTOS = YES_AGGRESSIVE;
				GCC_WARN_UNUSED_FUNCTION = YES;
				GCC_WARN_UNUSED_VARIABLE = YES;
				INFOPLIST_FILE = "$(SRCROOT)/Dave/Dave/Info.plist";
				LD_RUNPATH_SEARCH_PATHS = "$(inherited) @executable_path/Frameworks";
				MTL_ENABLE_DEBUG_INFO = NO;
				PRODUCT_BUNDLE_IDENTIFIER = br.com.victormelo.Dave;
				PRODUCT_NAME = "$(TARGET_NAME)";
				SDKROOT = iphoneos;
				SWIFT_OPTIMIZATION_LEVEL = "-Owholemodule";
				SWIFT_VERSION = 4.0;
				TARGETED_DEVICE_FAMILY = "1,2";
				VALIDATE_PRODUCT = YES;
			};
			name = Release;
		};
		EEA46BBF1F9A36D600851D5D /* Debug */ = {
			isa = XCBuildConfiguration;
			buildSettings = {
				ALWAYS_EMBED_SWIFT_STANDARD_LIBRARIES = YES;
				ALWAYS_SEARCH_USER_PATHS = NO;
				BUNDLE_LOADER = "$(TEST_HOST)";
				CLANG_ANALYZER_NONNULL = YES;
				CLANG_ANALYZER_NUMBER_OBJECT_CONVERSION = YES_AGGRESSIVE;
				CLANG_CXX_LANGUAGE_STANDARD = "gnu++14";
				CLANG_CXX_LIBRARY = "libc++";
				CLANG_ENABLE_MODULES = YES;
				CLANG_ENABLE_OBJC_ARC = YES;
				CLANG_WARN_BLOCK_CAPTURE_AUTORELEASING = YES;
				CLANG_WARN_BOOL_CONVERSION = YES;
				CLANG_WARN_COMMA = YES;
				CLANG_WARN_CONSTANT_CONVERSION = YES;
				CLANG_WARN_DIRECT_OBJC_ISA_USAGE = YES_ERROR;
				CLANG_WARN_DOCUMENTATION_COMMENTS = YES;
				CLANG_WARN_EMPTY_BODY = YES;
				CLANG_WARN_ENUM_CONVERSION = YES;
				CLANG_WARN_INFINITE_RECURSION = YES;
				CLANG_WARN_INT_CONVERSION = YES;
				CLANG_WARN_NON_LITERAL_NULL_CONVERSION = YES;
				CLANG_WARN_OBJC_LITERAL_CONVERSION = YES;
				CLANG_WARN_OBJC_ROOT_CLASS = YES_ERROR;
				CLANG_WARN_RANGE_LOOP_ANALYSIS = YES;
				CLANG_WARN_STRICT_PROTOTYPES = YES;
				CLANG_WARN_SUSPICIOUS_MOVE = YES;
				CLANG_WARN_UNGUARDED_AVAILABILITY = YES_AGGRESSIVE;
				CLANG_WARN_UNREACHABLE_CODE = YES;
				CLANG_WARN__DUPLICATE_METHOD_MATCH = YES;
				CODE_SIGN_IDENTITY = "iPhone Developer";
				CODE_SIGN_STYLE = Automatic;
				COPY_PHASE_STRIP = NO;
				DEBUG_INFORMATION_FORMAT = dwarf;
				DEVELOPMENT_TEAM = "";
				ENABLE_STRICT_OBJC_MSGSEND = YES;
				ENABLE_TESTABILITY = YES;
				GCC_C_LANGUAGE_STANDARD = gnu11;
				GCC_DYNAMIC_NO_PIC = NO;
				GCC_NO_COMMON_BLOCKS = YES;
				GCC_OPTIMIZATION_LEVEL = 0;
				GCC_PREPROCESSOR_DEFINITIONS = (
					"DEBUG=1",
					"$(inherited)",
				);
				GCC_WARN_64_TO_32_BIT_CONVERSION = YES;
				GCC_WARN_ABOUT_RETURN_TYPE = YES_ERROR;
				GCC_WARN_UNDECLARED_SELECTOR = YES;
				GCC_WARN_UNINITIALIZED_AUTOS = YES_AGGRESSIVE;
				GCC_WARN_UNUSED_FUNCTION = YES;
				GCC_WARN_UNUSED_VARIABLE = YES;
				INFOPLIST_FILE = DaveTests/Info.plist;
				IPHONEOS_DEPLOYMENT_TARGET = 11.0;
				LD_RUNPATH_SEARCH_PATHS = "$(inherited) @executable_path/Frameworks @loader_path/Frameworks";
				MTL_ENABLE_DEBUG_INFO = YES;
				ONLY_ACTIVE_ARCH = YES;
				PRODUCT_BUNDLE_IDENTIFIER = br.com.victormelo.DaveTests;
				PRODUCT_NAME = "$(TARGET_NAME)";
				SDKROOT = iphoneos;
				SWIFT_ACTIVE_COMPILATION_CONDITIONS = DEBUG;
				SWIFT_OPTIMIZATION_LEVEL = "-Onone";
				SWIFT_VERSION = 4.0;
				TARGETED_DEVICE_FAMILY = "1,2";
				TEST_HOST = "$(BUILT_PRODUCTS_DIR)/Dave.app/Dave";
			};
			name = Debug;
		};
		EEA46BC01F9A36D600851D5D /* Release */ = {
			isa = XCBuildConfiguration;
			buildSettings = {
				ALWAYS_EMBED_SWIFT_STANDARD_LIBRARIES = YES;
				ALWAYS_SEARCH_USER_PATHS = NO;
				BUNDLE_LOADER = "$(TEST_HOST)";
				CLANG_ANALYZER_NONNULL = YES;
				CLANG_ANALYZER_NUMBER_OBJECT_CONVERSION = YES_AGGRESSIVE;
				CLANG_CXX_LANGUAGE_STANDARD = "gnu++14";
				CLANG_CXX_LIBRARY = "libc++";
				CLANG_ENABLE_MODULES = YES;
				CLANG_ENABLE_OBJC_ARC = YES;
				CLANG_WARN_BLOCK_CAPTURE_AUTORELEASING = YES;
				CLANG_WARN_BOOL_CONVERSION = YES;
				CLANG_WARN_COMMA = YES;
				CLANG_WARN_CONSTANT_CONVERSION = YES;
				CLANG_WARN_DIRECT_OBJC_ISA_USAGE = YES_ERROR;
				CLANG_WARN_DOCUMENTATION_COMMENTS = YES;
				CLANG_WARN_EMPTY_BODY = YES;
				CLANG_WARN_ENUM_CONVERSION = YES;
				CLANG_WARN_INFINITE_RECURSION = YES;
				CLANG_WARN_INT_CONVERSION = YES;
				CLANG_WARN_NON_LITERAL_NULL_CONVERSION = YES;
				CLANG_WARN_OBJC_LITERAL_CONVERSION = YES;
				CLANG_WARN_OBJC_ROOT_CLASS = YES_ERROR;
				CLANG_WARN_RANGE_LOOP_ANALYSIS = YES;
				CLANG_WARN_STRICT_PROTOTYPES = YES;
				CLANG_WARN_SUSPICIOUS_MOVE = YES;
				CLANG_WARN_UNGUARDED_AVAILABILITY = YES_AGGRESSIVE;
				CLANG_WARN_UNREACHABLE_CODE = YES;
				CLANG_WARN__DUPLICATE_METHOD_MATCH = YES;
				CODE_SIGN_IDENTITY = "iPhone Developer";
				CODE_SIGN_STYLE = Automatic;
				COPY_PHASE_STRIP = NO;
				DEBUG_INFORMATION_FORMAT = "dwarf-with-dsym";
				DEVELOPMENT_TEAM = "";
				ENABLE_NS_ASSERTIONS = NO;
				ENABLE_STRICT_OBJC_MSGSEND = YES;
				GCC_C_LANGUAGE_STANDARD = gnu11;
				GCC_NO_COMMON_BLOCKS = YES;
				GCC_WARN_64_TO_32_BIT_CONVERSION = YES;
				GCC_WARN_ABOUT_RETURN_TYPE = YES_ERROR;
				GCC_WARN_UNDECLARED_SELECTOR = YES;
				GCC_WARN_UNINITIALIZED_AUTOS = YES_AGGRESSIVE;
				GCC_WARN_UNUSED_FUNCTION = YES;
				GCC_WARN_UNUSED_VARIABLE = YES;
				INFOPLIST_FILE = DaveTests/Info.plist;
				IPHONEOS_DEPLOYMENT_TARGET = 11.0;
				LD_RUNPATH_SEARCH_PATHS = "$(inherited) @executable_path/Frameworks @loader_path/Frameworks";
				MTL_ENABLE_DEBUG_INFO = NO;
				PRODUCT_BUNDLE_IDENTIFIER = br.com.victormelo.DaveTests;
				PRODUCT_NAME = "$(TARGET_NAME)";
				SDKROOT = iphoneos;
				SWIFT_OPTIMIZATION_LEVEL = "-Owholemodule";
				SWIFT_VERSION = 4.0;
				TARGETED_DEVICE_FAMILY = "1,2";
				TEST_HOST = "$(BUILT_PRODUCTS_DIR)/Dave.app/Dave";
				VALIDATE_PRODUCT = YES;
			};
			name = Release;
		};
		EEA46BC21F9A36D600851D5D /* Debug */ = {
			isa = XCBuildConfiguration;
			buildSettings = {
				ALWAYS_EMBED_SWIFT_STANDARD_LIBRARIES = YES;
				ALWAYS_SEARCH_USER_PATHS = NO;
				CLANG_ANALYZER_NONNULL = YES;
				CLANG_ANALYZER_NUMBER_OBJECT_CONVERSION = YES_AGGRESSIVE;
				CLANG_CXX_LANGUAGE_STANDARD = "gnu++14";
				CLANG_CXX_LIBRARY = "libc++";
				CLANG_ENABLE_MODULES = YES;
				CLANG_ENABLE_OBJC_ARC = YES;
				CLANG_WARN_BLOCK_CAPTURE_AUTORELEASING = YES;
				CLANG_WARN_BOOL_CONVERSION = YES;
				CLANG_WARN_COMMA = YES;
				CLANG_WARN_CONSTANT_CONVERSION = YES;
				CLANG_WARN_DIRECT_OBJC_ISA_USAGE = YES_ERROR;
				CLANG_WARN_DOCUMENTATION_COMMENTS = YES;
				CLANG_WARN_EMPTY_BODY = YES;
				CLANG_WARN_ENUM_CONVERSION = YES;
				CLANG_WARN_INFINITE_RECURSION = YES;
				CLANG_WARN_INT_CONVERSION = YES;
				CLANG_WARN_NON_LITERAL_NULL_CONVERSION = YES;
				CLANG_WARN_OBJC_LITERAL_CONVERSION = YES;
				CLANG_WARN_OBJC_ROOT_CLASS = YES_ERROR;
				CLANG_WARN_RANGE_LOOP_ANALYSIS = YES;
				CLANG_WARN_STRICT_PROTOTYPES = YES;
				CLANG_WARN_SUSPICIOUS_MOVE = YES;
				CLANG_WARN_UNGUARDED_AVAILABILITY = YES_AGGRESSIVE;
				CLANG_WARN_UNREACHABLE_CODE = YES;
				CLANG_WARN__DUPLICATE_METHOD_MATCH = YES;
				CODE_SIGN_IDENTITY = "iPhone Developer";
				CODE_SIGN_STYLE = Automatic;
				COPY_PHASE_STRIP = NO;
				DEBUG_INFORMATION_FORMAT = dwarf;
				DEVELOPMENT_TEAM = "";
				ENABLE_STRICT_OBJC_MSGSEND = YES;
				ENABLE_TESTABILITY = YES;
				GCC_C_LANGUAGE_STANDARD = gnu11;
				GCC_DYNAMIC_NO_PIC = NO;
				GCC_NO_COMMON_BLOCKS = YES;
				GCC_OPTIMIZATION_LEVEL = 0;
				GCC_PREPROCESSOR_DEFINITIONS = (
					"DEBUG=1",
					"$(inherited)",
				);
				GCC_WARN_64_TO_32_BIT_CONVERSION = YES;
				GCC_WARN_ABOUT_RETURN_TYPE = YES_ERROR;
				GCC_WARN_UNDECLARED_SELECTOR = YES;
				GCC_WARN_UNINITIALIZED_AUTOS = YES_AGGRESSIVE;
				GCC_WARN_UNUSED_FUNCTION = YES;
				GCC_WARN_UNUSED_VARIABLE = YES;
				INFOPLIST_FILE = DaveUITests/Info.plist;
				IPHONEOS_DEPLOYMENT_TARGET = 11.0;
				LD_RUNPATH_SEARCH_PATHS = "$(inherited) @executable_path/Frameworks @loader_path/Frameworks";
				MTL_ENABLE_DEBUG_INFO = YES;
				ONLY_ACTIVE_ARCH = YES;
				PRODUCT_BUNDLE_IDENTIFIER = br.com.victormelo.DaveUITests;
				PRODUCT_NAME = "$(TARGET_NAME)";
				SDKROOT = iphoneos;
				SWIFT_ACTIVE_COMPILATION_CONDITIONS = DEBUG;
				SWIFT_OPTIMIZATION_LEVEL = "-Onone";
				SWIFT_VERSION = 4.0;
				TARGETED_DEVICE_FAMILY = "1,2";
				TEST_TARGET_NAME = Dave;
			};
			name = Debug;
		};
		EEA46BC31F9A36D600851D5D /* Release */ = {
			isa = XCBuildConfiguration;
			buildSettings = {
				ALWAYS_EMBED_SWIFT_STANDARD_LIBRARIES = YES;
				ALWAYS_SEARCH_USER_PATHS = NO;
				CLANG_ANALYZER_NONNULL = YES;
				CLANG_ANALYZER_NUMBER_OBJECT_CONVERSION = YES_AGGRESSIVE;
				CLANG_CXX_LANGUAGE_STANDARD = "gnu++14";
				CLANG_CXX_LIBRARY = "libc++";
				CLANG_ENABLE_MODULES = YES;
				CLANG_ENABLE_OBJC_ARC = YES;
				CLANG_WARN_BLOCK_CAPTURE_AUTORELEASING = YES;
				CLANG_WARN_BOOL_CONVERSION = YES;
				CLANG_WARN_COMMA = YES;
				CLANG_WARN_CONSTANT_CONVERSION = YES;
				CLANG_WARN_DIRECT_OBJC_ISA_USAGE = YES_ERROR;
				CLANG_WARN_DOCUMENTATION_COMMENTS = YES;
				CLANG_WARN_EMPTY_BODY = YES;
				CLANG_WARN_ENUM_CONVERSION = YES;
				CLANG_WARN_INFINITE_RECURSION = YES;
				CLANG_WARN_INT_CONVERSION = YES;
				CLANG_WARN_NON_LITERAL_NULL_CONVERSION = YES;
				CLANG_WARN_OBJC_LITERAL_CONVERSION = YES;
				CLANG_WARN_OBJC_ROOT_CLASS = YES_ERROR;
				CLANG_WARN_RANGE_LOOP_ANALYSIS = YES;
				CLANG_WARN_STRICT_PROTOTYPES = YES;
				CLANG_WARN_SUSPICIOUS_MOVE = YES;
				CLANG_WARN_UNGUARDED_AVAILABILITY = YES_AGGRESSIVE;
				CLANG_WARN_UNREACHABLE_CODE = YES;
				CLANG_WARN__DUPLICATE_METHOD_MATCH = YES;
				CODE_SIGN_IDENTITY = "iPhone Developer";
				CODE_SIGN_STYLE = Automatic;
				COPY_PHASE_STRIP = NO;
				DEBUG_INFORMATION_FORMAT = "dwarf-with-dsym";
				DEVELOPMENT_TEAM = "";
				ENABLE_NS_ASSERTIONS = NO;
				ENABLE_STRICT_OBJC_MSGSEND = YES;
				GCC_C_LANGUAGE_STANDARD = gnu11;
				GCC_NO_COMMON_BLOCKS = YES;
				GCC_WARN_64_TO_32_BIT_CONVERSION = YES;
				GCC_WARN_ABOUT_RETURN_TYPE = YES_ERROR;
				GCC_WARN_UNDECLARED_SELECTOR = YES;
				GCC_WARN_UNINITIALIZED_AUTOS = YES_AGGRESSIVE;
				GCC_WARN_UNUSED_FUNCTION = YES;
				GCC_WARN_UNUSED_VARIABLE = YES;
				INFOPLIST_FILE = DaveUITests/Info.plist;
				IPHONEOS_DEPLOYMENT_TARGET = 11.0;
				LD_RUNPATH_SEARCH_PATHS = "$(inherited) @executable_path/Frameworks @loader_path/Frameworks";
				MTL_ENABLE_DEBUG_INFO = NO;
				PRODUCT_BUNDLE_IDENTIFIER = br.com.victormelo.DaveUITests;
				PRODUCT_NAME = "$(TARGET_NAME)";
				SDKROOT = iphoneos;
				SWIFT_OPTIMIZATION_LEVEL = "-Owholemodule";
				SWIFT_VERSION = 4.0;
				TARGETED_DEVICE_FAMILY = "1,2";
				TEST_TARGET_NAME = Dave;
				VALIDATE_PRODUCT = YES;
			};
			name = Release;
		};
/* End XCBuildConfiguration section */

/* Begin XCConfigurationList section */
		EEA46B5C1F9A36A400851D5D /* Build configuration list for PBXProject "ProjectManagement" */ = {
			isa = XCConfigurationList;
			buildConfigurations = (
				EEA46B5D1F9A36A400851D5D /* Debug */,
				EEA46B5E1F9A36A400851D5D /* Release */,
			);
			defaultConfigurationIsVisible = 0;
			defaultConfigurationName = Release;
		};
		EEA46B891F9A36CA00851D5D /* Build configuration list for PBXNativeTarget "Fooco" */ = {
			isa = XCConfigurationList;
			buildConfigurations = (
				EEA46B8A1F9A36CA00851D5D /* Debug */,
				EEA46B8B1F9A36CA00851D5D /* Release */,
			);
			defaultConfigurationIsVisible = 0;
			defaultConfigurationName = Release;
		};
		EEA46B8C1F9A36CA00851D5D /* Build configuration list for PBXNativeTarget "FoocoTests" */ = {
			isa = XCConfigurationList;
			buildConfigurations = (
				EEA46B8D1F9A36CA00851D5D /* Debug */,
				EEA46B8E1F9A36CA00851D5D /* Release */,
			);
			defaultConfigurationIsVisible = 0;
			defaultConfigurationName = Release;
		};
		EEA46B8F1F9A36CA00851D5D /* Build configuration list for PBXNativeTarget "FoocoUITests" */ = {
			isa = XCConfigurationList;
			buildConfigurations = (
				EEA46B901F9A36CA00851D5D /* Debug */,
				EEA46B911F9A36CA00851D5D /* Release */,
			);
			defaultConfigurationIsVisible = 0;
			defaultConfigurationName = Release;
		};
		EEA46BBB1F9A36D600851D5D /* Build configuration list for PBXNativeTarget "Dave" */ = {
			isa = XCConfigurationList;
			buildConfigurations = (
				EEA46BBC1F9A36D600851D5D /* Debug */,
				EEA46BBD1F9A36D600851D5D /* Release */,
			);
			defaultConfigurationIsVisible = 0;
			defaultConfigurationName = Release;
		};
		EEA46BBE1F9A36D600851D5D /* Build configuration list for PBXNativeTarget "DaveTests" */ = {
			isa = XCConfigurationList;
			buildConfigurations = (
				EEA46BBF1F9A36D600851D5D /* Debug */,
				EEA46BC01F9A36D600851D5D /* Release */,
			);
			defaultConfigurationIsVisible = 0;
			defaultConfigurationName = Release;
		};
		EEA46BC11F9A36D600851D5D /* Build configuration list for PBXNativeTarget "DaveUITests" */ = {
			isa = XCConfigurationList;
			buildConfigurations = (
				EEA46BC21F9A36D600851D5D /* Debug */,
				EEA46BC31F9A36D600851D5D /* Release */,
			);
			defaultConfigurationIsVisible = 0;
			defaultConfigurationName = Release;
		};
/* End XCConfigurationList section */
	};
	rootObject = EEA46B591F9A36A400851D5D /* Project object */;
}
