// !$*UTF8*$!
{
	archiveVersion = 1;
	classes = {
	};
	objectVersion = 48;
	objects = {

/* Begin PBXBuildFile section */
		BE6E111C1FB36BA3004B5B9E /* EditProjectViewControllerFooco.swift in Sources */ = {isa = PBXBuildFile; fileRef = BE6E111B1FB36BA3004B5B9E /* EditProjectViewControllerFooco.swift */; };
		BE6E11201FB386DC004B5B9E /* EditProjectContextCell.swift in Sources */ = {isa = PBXBuildFile; fileRef = BE6E111F1FB386DC004B5B9E /* EditProjectContextCell.swift */; };
		BE6E11221FB38C3E004B5B9E /* Mocado.swift in Sources */ = {isa = PBXBuildFile; fileRef = BE6E11211FB38C3E004B5B9E /* Mocado.swift */; };
		BE6E11261FB390A0004B5B9E /* EditProjectTableViewControllerFooco.swift in Sources */ = {isa = PBXBuildFile; fileRef = BE6E11251FB390A0004B5B9E /* EditProjectTableViewControllerFooco.swift */; };
		BEDE6C751FB0D0DE00ABD6D8 /* FoocoTests.swift in Sources */ = {isa = PBXBuildFile; fileRef = BEDE6C741FB0D0DE00ABD6D8 /* FoocoTests.swift */; };
		BEF900931FB63974007FB677 /* EditProjectContextCell.xib in Resources */ = {isa = PBXBuildFile; fileRef = BEF900921FB63974007FB677 /* EditProjectContextCell.xib */; };
		E7AE61F21FC6784200F0BE62 /* Extensions.swift in Sources */ = {isa = PBXBuildFile; fileRef = E7AE61F11FC6784200F0BE62 /* Extensions.swift */; };
		E7AE61F31FC6784200F0BE62 /* Extensions.swift in Sources */ = {isa = PBXBuildFile; fileRef = E7AE61F11FC6784200F0BE62 /* Extensions.swift */; };
		E7E2ABD21FC6587600F64C09 /* ActivityCardView.swift in Sources */ = {isa = PBXBuildFile; fileRef = E7E2ABD11FC6587600F64C09 /* ActivityCardView.swift */; };
		EE1493F31FAA4E69004750DC /* Event.swift in Sources */ = {isa = PBXBuildFile; fileRef = EE1493F21FAA4E69004750DC /* Event.swift */; };
		EE61F1FE1FB9F771005D6668 /* (null) in Resources */ = {isa = PBXBuildFile; };
		EEA46B671F9A36CA00851D5D /* AppDelegate.swift in Sources */ = {isa = PBXBuildFile; fileRef = EEA46B661F9A36CA00851D5D /* AppDelegate.swift */; };
		EEA46B6C1F9A36CA00851D5D /* Main.storyboard in Resources */ = {isa = PBXBuildFile; fileRef = EEA46B6A1F9A36CA00851D5D /* Main.storyboard */; };
		EEA46B711F9A36CA00851D5D /* LaunchScreen.storyboard in Resources */ = {isa = PBXBuildFile; fileRef = EEA46B6F1F9A36CA00851D5D /* LaunchScreen.storyboard */; };
		EEA46B991F9A36D600851D5D /* AppDelegate.swift in Sources */ = {isa = PBXBuildFile; fileRef = EEA46B981F9A36D600851D5D /* AppDelegate.swift */; };
		EEA46B9B1F9A36D600851D5D /* ViewController.swift in Sources */ = {isa = PBXBuildFile; fileRef = EEA46B9A1F9A36D600851D5D /* ViewController.swift */; };
		EEA46B9E1F9A36D600851D5D /* Main.storyboard in Resources */ = {isa = PBXBuildFile; fileRef = EEA46B9C1F9A36D600851D5D /* Main.storyboard */; };
		EEA46BA01F9A36D600851D5D /* Assets.xcassets in Resources */ = {isa = PBXBuildFile; fileRef = EEA46B9F1F9A36D600851D5D /* Assets.xcassets */; };
		EEA46BA31F9A36D600851D5D /* LaunchScreen.storyboard in Resources */ = {isa = PBXBuildFile; fileRef = EEA46BA11F9A36D600851D5D /* LaunchScreen.storyboard */; };
		EEA46BAE1F9A36D600851D5D /* DaveTests.swift in Sources */ = {isa = PBXBuildFile; fileRef = EEA46BAD1F9A36D600851D5D /* DaveTests.swift */; };
		EEA46BB91F9A36D600851D5D /* DaveUITests.swift in Sources */ = {isa = PBXBuildFile; fileRef = EEA46BB81F9A36D600851D5D /* DaveUITests.swift */; };
		EED935561FBF615C00177FCC /* XibLoader.swift in Sources */ = {isa = PBXBuildFile; fileRef = EED935551FBF615C00177FCC /* XibLoader.swift */; };
		EEF932C21FBF571D00D6A29E /* DatePickerAlertView.xib in Resources */ = {isa = PBXBuildFile; fileRef = EEF932C11FBF571D00D6A29E /* DatePickerAlertView.xib */; };
		EEF932C41FBF5D7500D6A29E /* DatePickerAlertView.swift in Sources */ = {isa = PBXBuildFile; fileRef = EEF932C31FBF5D7500D6A29E /* DatePickerAlertView.swift */; };
		FC1B323C1FC5FE8A00B1C74F /* FloatingAddButton.swift in Sources */ = {isa = PBXBuildFile; fileRef = FC1B323B1FC5FE8A00B1C74F /* FloatingAddButton.swift */; };
		FC2F29C21F9A3EA100984409 /* Activity.swift in Sources */ = {isa = PBXBuildFile; fileRef = EE99BB8B1F9A37E70051B33B /* Activity.swift */; };
		FC2F29C31F9A3EA100984409 /* Context.swift in Sources */ = {isa = PBXBuildFile; fileRef = EE99BB8C1F9A37E70051B33B /* Context.swift */; };
		FC2F29C41F9A3EA100984409 /* ContextBlock.swift in Sources */ = {isa = PBXBuildFile; fileRef = EE99BB8D1F9A37E70051B33B /* ContextBlock.swift */; };
		FC2F29C51F9A3EA100984409 /* Project.swift in Sources */ = {isa = PBXBuildFile; fileRef = EE99BB8E1F9A37E70051B33B /* Project.swift */; };
		FC2F29C61F9A3EA100984409 /* TimeBlock.swift in Sources */ = {isa = PBXBuildFile; fileRef = EE99BB8F1F9A37E70051B33B /* TimeBlock.swift */; };
		FC2F29C71F9A3EA100984409 /* User.swift in Sources */ = {isa = PBXBuildFile; fileRef = EE99BB901F9A37E70051B33B /* User.swift */; };
		FC2F29C81F9A3EA100984409 /* Week.swift in Sources */ = {isa = PBXBuildFile; fileRef = EE99BB911F9A37E70051B33B /* Week.swift */; };
		FC2F29C91F9A3EA100984409 /* Weekday.swift in Sources */ = {isa = PBXBuildFile; fileRef = EE99BB921F9A37E70051B33B /* Weekday.swift */; };
		FC2F29CA1F9A3EA200984409 /* Activity.swift in Sources */ = {isa = PBXBuildFile; fileRef = EE99BB8B1F9A37E70051B33B /* Activity.swift */; };
		FC2F29CB1F9A3EA200984409 /* Context.swift in Sources */ = {isa = PBXBuildFile; fileRef = EE99BB8C1F9A37E70051B33B /* Context.swift */; };
		FC2F29CC1F9A3EA200984409 /* ContextBlock.swift in Sources */ = {isa = PBXBuildFile; fileRef = EE99BB8D1F9A37E70051B33B /* ContextBlock.swift */; };
		FC2F29CD1F9A3EA200984409 /* Project.swift in Sources */ = {isa = PBXBuildFile; fileRef = EE99BB8E1F9A37E70051B33B /* Project.swift */; };
		FC2F29CE1F9A3EA200984409 /* TimeBlock.swift in Sources */ = {isa = PBXBuildFile; fileRef = EE99BB8F1F9A37E70051B33B /* TimeBlock.swift */; };
		FC2F29CF1F9A3EA200984409 /* User.swift in Sources */ = {isa = PBXBuildFile; fileRef = EE99BB901F9A37E70051B33B /* User.swift */; };
		FC2F29D01F9A3EA200984409 /* Week.swift in Sources */ = {isa = PBXBuildFile; fileRef = EE99BB911F9A37E70051B33B /* Week.swift */; };
		FC2F29D11F9A3EA200984409 /* Weekday.swift in Sources */ = {isa = PBXBuildFile; fileRef = EE99BB921F9A37E70051B33B /* Weekday.swift */; };
		FC37F4491FB0CF900003738E /* HomeViewControllerFooco.swift in Sources */ = {isa = PBXBuildFile; fileRef = FC37F4481FB0CF900003738E /* HomeViewControllerFooco.swift */; };
		FC480B1F1FC736DC00DBAD63 /* Assets.xcassets in Resources */ = {isa = PBXBuildFile; fileRef = FC480B1E1FC736DB00DBAD63 /* Assets.xcassets */; };
		FC65222E1FBA3B6E00BAD6DE /* ViewSwiper.swift in Sources */ = {isa = PBXBuildFile; fileRef = FC65222D1FBA3B6E00BAD6DE /* ViewSwiper.swift */; };
		FCF3D6CF1FC8BE74006B2EF7 /* MenuTableViewControllerFooco.swift in Sources */ = {isa = PBXBuildFile; fileRef = FCF3D6CE1FC8BE74006B2EF7 /* MenuTableViewControllerFooco.swift */; };
/* End PBXBuildFile section */

/* Begin PBXContainerItemProxy section */
		BEDE6C771FB0D0DE00ABD6D8 /* PBXContainerItemProxy */ = {
			isa = PBXContainerItemProxy;
			containerPortal = EEA46B591F9A36A400851D5D /* Project object */;
			proxyType = 1;
			remoteGlobalIDString = EEA46B621F9A36CA00851D5D;
			remoteInfo = Fooco;
		};
		EEA46BAA1F9A36D600851D5D /* PBXContainerItemProxy */ = {
			isa = PBXContainerItemProxy;
			containerPortal = EEA46B591F9A36A400851D5D /* Project object */;
			proxyType = 1;
			remoteGlobalIDString = EEA46B951F9A36D600851D5D;
			remoteInfo = Dave;
		};
		EEA46BB51F9A36D600851D5D /* PBXContainerItemProxy */ = {
			isa = PBXContainerItemProxy;
			containerPortal = EEA46B591F9A36A400851D5D /* Project object */;
			proxyType = 1;
			remoteGlobalIDString = EEA46B951F9A36D600851D5D;
			remoteInfo = Dave;
		};
/* End PBXContainerItemProxy section */

/* Begin PBXFileReference section */
		BE6E111B1FB36BA3004B5B9E /* EditProjectViewControllerFooco.swift */ = {isa = PBXFileReference; lastKnownFileType = sourcecode.swift; path = EditProjectViewControllerFooco.swift; sourceTree = "<group>"; };
		BE6E111F1FB386DC004B5B9E /* EditProjectContextCell.swift */ = {isa = PBXFileReference; lastKnownFileType = sourcecode.swift; path = EditProjectContextCell.swift; sourceTree = "<group>"; };
		BE6E11211FB38C3E004B5B9E /* Mocado.swift */ = {isa = PBXFileReference; lastKnownFileType = sourcecode.swift; path = Mocado.swift; sourceTree = "<group>"; };
		BE6E11251FB390A0004B5B9E /* EditProjectTableViewControllerFooco.swift */ = {isa = PBXFileReference; lastKnownFileType = sourcecode.swift; path = EditProjectTableViewControllerFooco.swift; sourceTree = "<group>"; };
		BEDE6C721FB0D0DE00ABD6D8 /* FoocoTests.xctest */ = {isa = PBXFileReference; explicitFileType = wrapper.cfbundle; includeInIndex = 0; path = FoocoTests.xctest; sourceTree = BUILT_PRODUCTS_DIR; };
		BEDE6C741FB0D0DE00ABD6D8 /* FoocoTests.swift */ = {isa = PBXFileReference; lastKnownFileType = sourcecode.swift; path = FoocoTests.swift; sourceTree = "<group>"; };
		BEDE6C761FB0D0DE00ABD6D8 /* Info.plist */ = {isa = PBXFileReference; lastKnownFileType = text.plist.xml; path = Info.plist; sourceTree = "<group>"; };
		BEF900921FB63974007FB677 /* EditProjectContextCell.xib */ = {isa = PBXFileReference; lastKnownFileType = file.xib; path = EditProjectContextCell.xib; sourceTree = "<group>"; };
		E7AE61F11FC6784200F0BE62 /* Extensions.swift */ = {isa = PBXFileReference; lastKnownFileType = sourcecode.swift; path = Extensions.swift; sourceTree = "<group>"; };
		E7E2ABD11FC6587600F64C09 /* ActivityCardView.swift */ = {isa = PBXFileReference; lastKnownFileType = sourcecode.swift; path = ActivityCardView.swift; sourceTree = "<group>"; };
		EE1493F21FAA4E69004750DC /* Event.swift */ = {isa = PBXFileReference; lastKnownFileType = sourcecode.swift; path = Event.swift; sourceTree = "<group>"; };
		EE899B4E1FBE27A200234504 /* UIColorExtension.swift */ = {isa = PBXFileReference; lastKnownFileType = sourcecode.swift; path = UIColorExtension.swift; sourceTree = "<group>"; };
		EE99BB8B1F9A37E70051B33B /* Activity.swift */ = {isa = PBXFileReference; lastKnownFileType = sourcecode.swift; path = Activity.swift; sourceTree = "<group>"; };
		EE99BB8C1F9A37E70051B33B /* Context.swift */ = {isa = PBXFileReference; lastKnownFileType = sourcecode.swift; path = Context.swift; sourceTree = "<group>"; };
		EE99BB8D1F9A37E70051B33B /* ContextBlock.swift */ = {isa = PBXFileReference; lastKnownFileType = sourcecode.swift; path = ContextBlock.swift; sourceTree = "<group>"; };
		EE99BB8E1F9A37E70051B33B /* Project.swift */ = {isa = PBXFileReference; lastKnownFileType = sourcecode.swift; path = Project.swift; sourceTree = "<group>"; };
		EE99BB8F1F9A37E70051B33B /* TimeBlock.swift */ = {isa = PBXFileReference; lastKnownFileType = sourcecode.swift; path = TimeBlock.swift; sourceTree = "<group>"; };
		EE99BB901F9A37E70051B33B /* User.swift */ = {isa = PBXFileReference; lastKnownFileType = sourcecode.swift; path = User.swift; sourceTree = "<group>"; };
		EE99BB911F9A37E70051B33B /* Week.swift */ = {isa = PBXFileReference; lastKnownFileType = sourcecode.swift; path = Week.swift; sourceTree = "<group>"; };
		EE99BB921F9A37E70051B33B /* Weekday.swift */ = {isa = PBXFileReference; lastKnownFileType = sourcecode.swift; path = Weekday.swift; sourceTree = "<group>"; };
		EEA46B631F9A36CA00851D5D /* Fooco.app */ = {isa = PBXFileReference; explicitFileType = wrapper.application; includeInIndex = 0; path = Fooco.app; sourceTree = BUILT_PRODUCTS_DIR; };
		EEA46B661F9A36CA00851D5D /* AppDelegate.swift */ = {isa = PBXFileReference; lastKnownFileType = sourcecode.swift; path = AppDelegate.swift; sourceTree = "<group>"; };
		EEA46B6B1F9A36CA00851D5D /* Base */ = {isa = PBXFileReference; lastKnownFileType = file.storyboard; name = Base; path = Base.lproj/Main.storyboard; sourceTree = "<group>"; };
		EEA46B701F9A36CA00851D5D /* Base */ = {isa = PBXFileReference; lastKnownFileType = file.storyboard; name = Base; path = Base.lproj/LaunchScreen.storyboard; sourceTree = "<group>"; };
		EEA46B721F9A36CA00851D5D /* Info.plist */ = {isa = PBXFileReference; lastKnownFileType = text.plist.xml; path = Info.plist; sourceTree = "<group>"; };
		EEA46B861F9A36CA00851D5D /* FoocoUITests.swift */ = {isa = PBXFileReference; lastKnownFileType = sourcecode.swift; path = FoocoUITests.swift; sourceTree = "<group>"; };
		EEA46B881F9A36CA00851D5D /* Info.plist */ = {isa = PBXFileReference; lastKnownFileType = text.plist.xml; path = Info.plist; sourceTree = "<group>"; };
		EEA46B961F9A36D600851D5D /* Dave.app */ = {isa = PBXFileReference; explicitFileType = wrapper.application; includeInIndex = 0; path = Dave.app; sourceTree = BUILT_PRODUCTS_DIR; };
		EEA46B981F9A36D600851D5D /* AppDelegate.swift */ = {isa = PBXFileReference; lastKnownFileType = sourcecode.swift; path = AppDelegate.swift; sourceTree = "<group>"; };
		EEA46B9A1F9A36D600851D5D /* ViewController.swift */ = {isa = PBXFileReference; lastKnownFileType = sourcecode.swift; path = ViewController.swift; sourceTree = "<group>"; };
		EEA46B9D1F9A36D600851D5D /* Base */ = {isa = PBXFileReference; lastKnownFileType = file.storyboard; name = Base; path = Base.lproj/Main.storyboard; sourceTree = "<group>"; };
		EEA46B9F1F9A36D600851D5D /* Assets.xcassets */ = {isa = PBXFileReference; lastKnownFileType = folder.assetcatalog; path = Assets.xcassets; sourceTree = "<group>"; };
		EEA46BA21F9A36D600851D5D /* Base */ = {isa = PBXFileReference; lastKnownFileType = file.storyboard; name = Base; path = Base.lproj/LaunchScreen.storyboard; sourceTree = "<group>"; };
		EEA46BA41F9A36D600851D5D /* Info.plist */ = {isa = PBXFileReference; lastKnownFileType = text.plist.xml; path = Info.plist; sourceTree = "<group>"; };
		EEA46BA91F9A36D600851D5D /* DaveTests.xctest */ = {isa = PBXFileReference; explicitFileType = wrapper.cfbundle; includeInIndex = 0; path = DaveTests.xctest; sourceTree = BUILT_PRODUCTS_DIR; };
		EEA46BAD1F9A36D600851D5D /* DaveTests.swift */ = {isa = PBXFileReference; lastKnownFileType = sourcecode.swift; path = DaveTests.swift; sourceTree = "<group>"; };
		EEA46BAF1F9A36D600851D5D /* Info.plist */ = {isa = PBXFileReference; lastKnownFileType = text.plist.xml; path = Info.plist; sourceTree = "<group>"; };
		EEA46BB41F9A36D600851D5D /* DaveUITests.xctest */ = {isa = PBXFileReference; explicitFileType = wrapper.cfbundle; includeInIndex = 0; path = DaveUITests.xctest; sourceTree = BUILT_PRODUCTS_DIR; };
		EEA46BB81F9A36D600851D5D /* DaveUITests.swift */ = {isa = PBXFileReference; lastKnownFileType = sourcecode.swift; path = DaveUITests.swift; sourceTree = "<group>"; };
		EEA46BBA1F9A36D600851D5D /* Info.plist */ = {isa = PBXFileReference; lastKnownFileType = text.plist.xml; path = Info.plist; sourceTree = "<group>"; };
		EED935551FBF615C00177FCC /* XibLoader.swift */ = {isa = PBXFileReference; lastKnownFileType = sourcecode.swift; path = XibLoader.swift; sourceTree = "<group>"; };
		EEF932C11FBF571D00D6A29E /* DatePickerAlertView.xib */ = {isa = PBXFileReference; lastKnownFileType = file.xib; path = DatePickerAlertView.xib; sourceTree = "<group>"; };
		EEF932C31FBF5D7500D6A29E /* DatePickerAlertView.swift */ = {isa = PBXFileReference; lastKnownFileType = sourcecode.swift; path = DatePickerAlertView.swift; sourceTree = "<group>"; };
		FC1B323B1FC5FE8A00B1C74F /* FloatingAddButton.swift */ = {isa = PBXFileReference; lastKnownFileType = sourcecode.swift; path = FloatingAddButton.swift; sourceTree = "<group>"; };
		FC37F4481FB0CF900003738E /* HomeViewControllerFooco.swift */ = {isa = PBXFileReference; lastKnownFileType = sourcecode.swift; path = HomeViewControllerFooco.swift; sourceTree = "<group>"; };
		FC480B1E1FC736DB00DBAD63 /* Assets.xcassets */ = {isa = PBXFileReference; lastKnownFileType = folder.assetcatalog; name = Assets.xcassets; path = Fooco/Fooco/Assets.xcassets; sourceTree = SOURCE_ROOT; };
		FC65222D1FBA3B6E00BAD6DE /* ViewSwiper.swift */ = {isa = PBXFileReference; lastKnownFileType = sourcecode.swift; path = ViewSwiper.swift; sourceTree = "<group>"; };
		FCF3D6CE1FC8BE74006B2EF7 /* MenuTableViewControllerFooco.swift */ = {isa = PBXFileReference; lastKnownFileType = sourcecode.swift; path = MenuTableViewControllerFooco.swift; sourceTree = "<group>"; };
/* End PBXFileReference section */

/* Begin PBXFrameworksBuildPhase section */
		BEDE6C6F1FB0D0DE00ABD6D8 /* Frameworks */ = {
			isa = PBXFrameworksBuildPhase;
			buildActionMask = 2147483647;
			files = (
			);
			runOnlyForDeploymentPostprocessing = 0;
		};
		EEA46B601F9A36CA00851D5D /* Frameworks */ = {
			isa = PBXFrameworksBuildPhase;
			buildActionMask = 2147483647;
			files = (
			);
			runOnlyForDeploymentPostprocessing = 0;
		};
		EEA46B931F9A36D600851D5D /* Frameworks */ = {
			isa = PBXFrameworksBuildPhase;
			buildActionMask = 2147483647;
			files = (
			);
			runOnlyForDeploymentPostprocessing = 0;
		};
		EEA46BA61F9A36D600851D5D /* Frameworks */ = {
			isa = PBXFrameworksBuildPhase;
			buildActionMask = 2147483647;
			files = (
			);
			runOnlyForDeploymentPostprocessing = 0;
		};
		EEA46BB11F9A36D600851D5D /* Frameworks */ = {
			isa = PBXFrameworksBuildPhase;
			buildActionMask = 2147483647;
			files = (
			);
			runOnlyForDeploymentPostprocessing = 0;
		};
/* End PBXFrameworksBuildPhase section */

/* Begin PBXGroup section */
		BEDE6C731FB0D0DE00ABD6D8 /* FoocoTests */ = {
			isa = PBXGroup;
			children = (
				BEDE6C741FB0D0DE00ABD6D8 /* FoocoTests.swift */,
				BEDE6C761FB0D0DE00ABD6D8 /* Info.plist */,
			);
			path = FoocoTests;
			sourceTree = "<group>";
		};
		EE99BB8A1F9A37E70051B33B /* Common */ = {
			isa = PBXGroup;
			children = (
				E7AE61F11FC6784200F0BE62 /* Extensions.swift */,
				EE99BB931F9A383E0051B33B /* Model */,
			);
			path = Common;
			sourceTree = "<group>";
		};
		EE99BB931F9A383E0051B33B /* Model */ = {
			isa = PBXGroup;
			children = (
				EE99BB8B1F9A37E70051B33B /* Activity.swift */,
				EE99BB8C1F9A37E70051B33B /* Context.swift */,
				EE99BB8D1F9A37E70051B33B /* ContextBlock.swift */,
				EE99BB8E1F9A37E70051B33B /* Project.swift */,
				EE99BB8F1F9A37E70051B33B /* TimeBlock.swift */,
				EE99BB901F9A37E70051B33B /* User.swift */,
				EE99BB911F9A37E70051B33B /* Week.swift */,
				EE99BB921F9A37E70051B33B /* Weekday.swift */,
				EE1493F21FAA4E69004750DC /* Event.swift */,
			);
			path = Model;
			sourceTree = "<group>";
		};
		EEA46B581F9A36A400851D5D = {
			isa = PBXGroup;
			children = (
				EE99BB8A1F9A37E70051B33B /* Common */,
				EEA46BC51F9A370600851D5D /* Dave */,
				FC2F29C11F9A3D8200984409 /* Fooco */,
				EEA46B641F9A36CA00851D5D /* Products */,
				FC480B1D1FC7351100DBAD63 /* Recovered References */,
			);
			sourceTree = "<group>";
		};
		EEA46B641F9A36CA00851D5D /* Products */ = {
			isa = PBXGroup;
			children = (
				EEA46B631F9A36CA00851D5D /* Fooco.app */,
				EEA46B961F9A36D600851D5D /* Dave.app */,
				EEA46BA91F9A36D600851D5D /* DaveTests.xctest */,
				EEA46BB41F9A36D600851D5D /* DaveUITests.xctest */,
				BEDE6C721FB0D0DE00ABD6D8 /* FoocoTests.xctest */,
			);
			name = Products;
			sourceTree = "<group>";
		};
		EEA46B651F9A36CA00851D5D /* Fooco */ = {
			isa = PBXGroup;
			children = (
				FCE536B41FB4C32D0010BA63 /* Cells */,
				FCE536B31FB4C2FC0010BA63 /* Controllers */,
				FCE536B51FB4C3340010BA63 /* Views */,
				EEA46B6A1F9A36CA00851D5D /* Main.storyboard */,
				FC480B1E1FC736DB00DBAD63 /* Assets.xcassets */,
				FC37F4471FB0CEEB0003738E /* Supporting Files */,
			);
			path = Fooco;
			sourceTree = "<group>";
		};
		EEA46B851F9A36CA00851D5D /* FoocoUITests */ = {
			isa = PBXGroup;
			children = (
				EEA46B861F9A36CA00851D5D /* FoocoUITests.swift */,
				EEA46B881F9A36CA00851D5D /* Info.plist */,
			);
			path = FoocoUITests;
			sourceTree = "<group>";
		};
		EEA46B971F9A36D600851D5D /* Dave */ = {
			isa = PBXGroup;
			children = (
				EEA46B9A1F9A36D600851D5D /* ViewController.swift */,
				EEA46B9C1F9A36D600851D5D /* Main.storyboard */,
				EEA46B9F1F9A36D600851D5D /* Assets.xcassets */,
				FC37F4461FB0CECB0003738E /* Supporting Files */,
			);
			path = Dave;
			sourceTree = "<group>";
		};
		EEA46BAC1F9A36D600851D5D /* DaveTests */ = {
			isa = PBXGroup;
			children = (
				EEA46BAD1F9A36D600851D5D /* DaveTests.swift */,
				EEA46BAF1F9A36D600851D5D /* Info.plist */,
			);
			path = DaveTests;
			sourceTree = "<group>";
		};
		EEA46BB71F9A36D600851D5D /* DaveUITests */ = {
			isa = PBXGroup;
			children = (
				EEA46BB81F9A36D600851D5D /* DaveUITests.swift */,
				EEA46BBA1F9A36D600851D5D /* Info.plist */,
			);
			path = DaveUITests;
			sourceTree = "<group>";
		};
		EEA46BC51F9A370600851D5D /* Dave */ = {
			isa = PBXGroup;
			children = (
				EEA46B971F9A36D600851D5D /* Dave */,
				EEA46BAC1F9A36D600851D5D /* DaveTests */,
				EEA46BB71F9A36D600851D5D /* DaveUITests */,
			);
			path = Dave;
			sourceTree = "<group>";
		};
		FC2F29C11F9A3D8200984409 /* Fooco */ = {
			isa = PBXGroup;
			children = (
				EEA46B651F9A36CA00851D5D /* Fooco */,
				BEDE6C731FB0D0DE00ABD6D8 /* FoocoTests */,
				EEA46B851F9A36CA00851D5D /* FoocoUITests */,
			);
			path = Fooco;
			sourceTree = "<group>";
		};
		FC37F4461FB0CECB0003738E /* Supporting Files */ = {
			isa = PBXGroup;
			children = (
				EEA46B981F9A36D600851D5D /* AppDelegate.swift */,
				EEA46BA11F9A36D600851D5D /* LaunchScreen.storyboard */,
				EEA46BA41F9A36D600851D5D /* Info.plist */,
			);
			path = "Supporting Files";
			sourceTree = "<group>";
		};
		FC37F4471FB0CEEB0003738E /* Supporting Files */ = {
			isa = PBXGroup;
			children = (
				EEA46B6F1F9A36CA00851D5D /* LaunchScreen.storyboard */,
				EEA46B661F9A36CA00851D5D /* AppDelegate.swift */,
				BE6E11211FB38C3E004B5B9E /* Mocado.swift */,
				FC65222D1FBA3B6E00BAD6DE /* ViewSwiper.swift */,
				EED935551FBF615C00177FCC /* XibLoader.swift */,
				EEA46B721F9A36CA00851D5D /* Info.plist */,
			);
			path = "Supporting Files";
			sourceTree = "<group>";
		};
		FC480B1D1FC7351100DBAD63 /* Recovered References */ = {
			isa = PBXGroup;
			children = (
				EE899B4E1FBE27A200234504 /* UIColorExtension.swift */,
			);
			name = "Recovered References";
			sourceTree = "<group>";
		};
		FCE536B31FB4C2FC0010BA63 /* Controllers */ = {
			isa = PBXGroup;
			children = (
				FCF3D6CE1FC8BE74006B2EF7 /* MenuTableViewControllerFooco.swift */,
				FC37F4481FB0CF900003738E /* HomeViewControllerFooco.swift */,
				BE6E111B1FB36BA3004B5B9E /* EditProjectViewControllerFooco.swift */,
				BE6E11251FB390A0004B5B9E /* EditProjectTableViewControllerFooco.swift */,
			);
			path = Controllers;
			sourceTree = "<group>";
		};
		FCE536B41FB4C32D0010BA63 /* Cells */ = {
			isa = PBXGroup;
			children = (
				BE6E111F1FB386DC004B5B9E /* EditProjectContextCell.swift */,
				BEF900921FB63974007FB677 /* EditProjectContextCell.xib */,
			);
			path = Cells;
			sourceTree = "<group>";
		};
		FCE536B51FB4C3340010BA63 /* Views */ = {
			isa = PBXGroup;
			children = (
				E7E2ABD11FC6587600F64C09 /* ActivityCardView.swift */,
				EEF932C31FBF5D7500D6A29E /* DatePickerAlertView.swift */,
				EEF932C11FBF571D00D6A29E /* DatePickerAlertView.xib */,
				FC1B323B1FC5FE8A00B1C74F /* FloatingAddButton.swift */,
			);
			path = Views;
			sourceTree = "<group>";
		};
/* End PBXGroup section */

/* Begin PBXNativeTarget section */
		BEDE6C711FB0D0DE00ABD6D8 /* FoocoTests */ = {
			isa = PBXNativeTarget;
			buildConfigurationList = BEDE6C791FB0D0DE00ABD6D8 /* Build configuration list for PBXNativeTarget "FoocoTests" */;
			buildPhases = (
				BEDE6C6E1FB0D0DE00ABD6D8 /* Sources */,
				BEDE6C6F1FB0D0DE00ABD6D8 /* Frameworks */,
				BEDE6C701FB0D0DE00ABD6D8 /* Resources */,
			);
			buildRules = (
			);
			dependencies = (
				BEDE6C781FB0D0DE00ABD6D8 /* PBXTargetDependency */,
			);
			name = FoocoTests;
			productName = FoocoTests;
			productReference = BEDE6C721FB0D0DE00ABD6D8 /* FoocoTests.xctest */;
			productType = "com.apple.product-type.bundle.unit-test";
		};
		EEA46B621F9A36CA00851D5D /* Fooco */ = {
			isa = PBXNativeTarget;
			buildConfigurationList = EEA46B891F9A36CA00851D5D /* Build configuration list for PBXNativeTarget "Fooco" */;
			buildPhases = (
				EEA46B5F1F9A36CA00851D5D /* Sources */,
				EEA46B601F9A36CA00851D5D /* Frameworks */,
				EEA46B611F9A36CA00851D5D /* Resources */,
				EE1493F11FAA3D70004750DC /* ShellScript */,
			);
			buildRules = (
			);
			dependencies = (
			);
			name = Fooco;
			productName = Fooco;
			productReference = EEA46B631F9A36CA00851D5D /* Fooco.app */;
			productType = "com.apple.product-type.application";
		};
		EEA46B951F9A36D600851D5D /* Dave */ = {
			isa = PBXNativeTarget;
			buildConfigurationList = EEA46BBB1F9A36D600851D5D /* Build configuration list for PBXNativeTarget "Dave" */;
			buildPhases = (
				EEA46B921F9A36D600851D5D /* Sources */,
				EEA46B931F9A36D600851D5D /* Frameworks */,
				EEA46B941F9A36D600851D5D /* Resources */,
			);
			buildRules = (
			);
			dependencies = (
			);
			name = Dave;
			productName = Dave;
			productReference = EEA46B961F9A36D600851D5D /* Dave.app */;
			productType = "com.apple.product-type.application";
		};
		EEA46BA81F9A36D600851D5D /* DaveTests */ = {
			isa = PBXNativeTarget;
			buildConfigurationList = EEA46BBE1F9A36D600851D5D /* Build configuration list for PBXNativeTarget "DaveTests" */;
			buildPhases = (
				EEA46BA51F9A36D600851D5D /* Sources */,
				EEA46BA61F9A36D600851D5D /* Frameworks */,
				EEA46BA71F9A36D600851D5D /* Resources */,
			);
			buildRules = (
			);
			dependencies = (
				EEA46BAB1F9A36D600851D5D /* PBXTargetDependency */,
			);
			name = DaveTests;
			productName = DaveTests;
			productReference = EEA46BA91F9A36D600851D5D /* DaveTests.xctest */;
			productType = "com.apple.product-type.bundle.unit-test";
		};
		EEA46BB31F9A36D600851D5D /* DaveUITests */ = {
			isa = PBXNativeTarget;
			buildConfigurationList = EEA46BC11F9A36D600851D5D /* Build configuration list for PBXNativeTarget "DaveUITests" */;
			buildPhases = (
				EEA46BB01F9A36D600851D5D /* Sources */,
				EEA46BB11F9A36D600851D5D /* Frameworks */,
				EEA46BB21F9A36D600851D5D /* Resources */,
			);
			buildRules = (
			);
			dependencies = (
				EEA46BB61F9A36D600851D5D /* PBXTargetDependency */,
			);
			name = DaveUITests;
			productName = DaveUITests;
			productReference = EEA46BB41F9A36D600851D5D /* DaveUITests.xctest */;
			productType = "com.apple.product-type.bundle.ui-testing";
		};
/* End PBXNativeTarget section */

/* Begin PBXProject section */
		EEA46B591F9A36A400851D5D /* Project object */ = {
			isa = PBXProject;
			attributes = {
				LastSwiftUpdateCheck = 0900;
				LastUpgradeCheck = 0910;
				TargetAttributes = {
					BEDE6C711FB0D0DE00ABD6D8 = {
						CreatedOnToolsVersion = 9.0;
						ProvisioningStyle = Automatic;
						TestTargetID = EEA46B621F9A36CA00851D5D;
					};
					EEA46B621F9A36CA00851D5D = {
						CreatedOnToolsVersion = 9.0;
						ProvisioningStyle = Automatic;
					};
					EEA46B951F9A36D600851D5D = {
						CreatedOnToolsVersion = 9.0;
						ProvisioningStyle = Automatic;
					};
					EEA46BA81F9A36D600851D5D = {
						CreatedOnToolsVersion = 9.0;
						ProvisioningStyle = Automatic;
						TestTargetID = EEA46B951F9A36D600851D5D;
					};
					EEA46BB31F9A36D600851D5D = {
						CreatedOnToolsVersion = 9.0;
						ProvisioningStyle = Automatic;
						TestTargetID = EEA46B951F9A36D600851D5D;
					};
				};
			};
			buildConfigurationList = EEA46B5C1F9A36A400851D5D /* Build configuration list for PBXProject "ProjectManagement" */;
			compatibilityVersion = "Xcode 8.0";
			developmentRegion = en;
			hasScannedForEncodings = 0;
			knownRegions = (
				en,
				Base,
			);
			mainGroup = EEA46B581F9A36A400851D5D;
			productRefGroup = EEA46B641F9A36CA00851D5D /* Products */;
			projectDirPath = "";
			projectRoot = "";
			targets = (
				EEA46B621F9A36CA00851D5D /* Fooco */,
				EEA46B951F9A36D600851D5D /* Dave */,
				EEA46BA81F9A36D600851D5D /* DaveTests */,
				EEA46BB31F9A36D600851D5D /* DaveUITests */,
				BEDE6C711FB0D0DE00ABD6D8 /* FoocoTests */,
			);
		};
/* End PBXProject section */

/* Begin PBXResourcesBuildPhase section */
		BEDE6C701FB0D0DE00ABD6D8 /* Resources */ = {
			isa = PBXResourcesBuildPhase;
			buildActionMask = 2147483647;
			files = (
			);
			runOnlyForDeploymentPostprocessing = 0;
		};
		EEA46B611F9A36CA00851D5D /* Resources */ = {
			isa = PBXResourcesBuildPhase;
			buildActionMask = 2147483647;
			files = (
				EEA46B711F9A36CA00851D5D /* LaunchScreen.storyboard in Resources */,
				EEF932C21FBF571D00D6A29E /* DatePickerAlertView.xib in Resources */,
				BEF900931FB63974007FB677 /* EditProjectContextCell.xib in Resources */,
				EE61F1FE1FB9F771005D6668 /* (null) in Resources */,
				FC480B1F1FC736DC00DBAD63 /* Assets.xcassets in Resources */,
				EEA46B6C1F9A36CA00851D5D /* Main.storyboard in Resources */,
			);
			runOnlyForDeploymentPostprocessing = 0;
		};
		EEA46B941F9A36D600851D5D /* Resources */ = {
			isa = PBXResourcesBuildPhase;
			buildActionMask = 2147483647;
			files = (
				EEA46BA31F9A36D600851D5D /* LaunchScreen.storyboard in Resources */,
				EEA46BA01F9A36D600851D5D /* Assets.xcassets in Resources */,
				EEA46B9E1F9A36D600851D5D /* Main.storyboard in Resources */,
			);
			runOnlyForDeploymentPostprocessing = 0;
		};
		EEA46BA71F9A36D600851D5D /* Resources */ = {
			isa = PBXResourcesBuildPhase;
			buildActionMask = 2147483647;
			files = (
			);
			runOnlyForDeploymentPostprocessing = 0;
		};
		EEA46BB21F9A36D600851D5D /* Resources */ = {
			isa = PBXResourcesBuildPhase;
			buildActionMask = 2147483647;
			files = (
			);
			runOnlyForDeploymentPostprocessing = 0;
		};
/* End PBXResourcesBuildPhase section */

/* Begin PBXShellScriptBuildPhase section */
		EE1493F11FAA3D70004750DC /* ShellScript */ = {
			isa = PBXShellScriptBuildPhase;
			buildActionMask = 2147483647;
			files = (
			);
			inputPaths = (
			);
			outputPaths = (
			);
			runOnlyForDeploymentPostprocessing = 0;
			shellPath = /bin/sh;
			shellScript = "if which swiftlint >/dev/null; then\nswiftlint\nelse\necho \"warning: SwiftLint not installed, download from https://github.com/realm/SwiftLint\"\nfi";
		};
/* End PBXShellScriptBuildPhase section */

/* Begin PBXSourcesBuildPhase section */
		BEDE6C6E1FB0D0DE00ABD6D8 /* Sources */ = {
			isa = PBXSourcesBuildPhase;
			buildActionMask = 2147483647;
			files = (
				BEDE6C751FB0D0DE00ABD6D8 /* FoocoTests.swift in Sources */,
			);
			runOnlyForDeploymentPostprocessing = 0;
		};
		EEA46B5F1F9A36CA00851D5D /* Sources */ = {
			isa = PBXSourcesBuildPhase;
			buildActionMask = 2147483647;
			files = (
				E7AE61F21FC6784200F0BE62 /* Extensions.swift in Sources */,
				FC2F29C21F9A3EA100984409 /* Activity.swift in Sources */,
				BE6E11201FB386DC004B5B9E /* EditProjectContextCell.swift in Sources */,
				EE1493F31FAA4E69004750DC /* Event.swift in Sources */,
				E7E2ABD21FC6587600F64C09 /* ActivityCardView.swift in Sources */,
				FC1B323C1FC5FE8A00B1C74F /* FloatingAddButton.swift in Sources */,
				FC2F29C31F9A3EA100984409 /* Context.swift in Sources */,
				BE6E111C1FB36BA3004B5B9E /* EditProjectViewControllerFooco.swift in Sources */,
				FC2F29C61F9A3EA100984409 /* TimeBlock.swift in Sources */,
				FC2F29C71F9A3EA100984409 /* User.swift in Sources */,
				FC2F29C81F9A3EA100984409 /* Week.swift in Sources */,
				EED935561FBF615C00177FCC /* XibLoader.swift in Sources */,
				FC2F29C91F9A3EA100984409 /* Weekday.swift in Sources */,
				FC65222E1FBA3B6E00BAD6DE /* ViewSwiper.swift in Sources */,
				BE6E11221FB38C3E004B5B9E /* Mocado.swift in Sources */,
				BE6E11261FB390A0004B5B9E /* EditProjectTableViewControllerFooco.swift in Sources */,
				EEA46B671F9A36CA00851D5D /* AppDelegate.swift in Sources */,
				FCF3D6CF1FC8BE74006B2EF7 /* MenuTableViewControllerFooco.swift in Sources */,
				FC2F29C41F9A3EA100984409 /* ContextBlock.swift in Sources */,
				FC37F4491FB0CF900003738E /* HomeViewControllerFooco.swift in Sources */,
				FC2F29C51F9A3EA100984409 /* Project.swift in Sources */,
				EEF932C41FBF5D7500D6A29E /* DatePickerAlertView.swift in Sources */,
			);
			runOnlyForDeploymentPostprocessing = 0;
		};
		EEA46B921F9A36D600851D5D /* Sources */ = {
			isa = PBXSourcesBuildPhase;
			buildActionMask = 2147483647;
			files = (
				FC2F29CA1F9A3EA200984409 /* Activity.swift in Sources */,
				FC2F29CB1F9A3EA200984409 /* Context.swift in Sources */,
				FC2F29CE1F9A3EA200984409 /* TimeBlock.swift in Sources */,
				EEA46B9B1F9A36D600851D5D /* ViewController.swift in Sources */,
				FC2F29CF1F9A3EA200984409 /* User.swift in Sources */,
				FC2F29D01F9A3EA200984409 /* Week.swift in Sources */,
				FC2F29D11F9A3EA200984409 /* Weekday.swift in Sources */,
				EEA46B991F9A36D600851D5D /* AppDelegate.swift in Sources */,
				FC2F29CC1F9A3EA200984409 /* ContextBlock.swift in Sources */,
				FC2F29CD1F9A3EA200984409 /* Project.swift in Sources */,
				E7AE61F31FC6784200F0BE62 /* Extensions.swift in Sources */,
			);
			runOnlyForDeploymentPostprocessing = 0;
		};
		EEA46BA51F9A36D600851D5D /* Sources */ = {
			isa = PBXSourcesBuildPhase;
			buildActionMask = 2147483647;
			files = (
				EEA46BAE1F9A36D600851D5D /* DaveTests.swift in Sources */,
			);
			runOnlyForDeploymentPostprocessing = 0;
		};
		EEA46BB01F9A36D600851D5D /* Sources */ = {
			isa = PBXSourcesBuildPhase;
			buildActionMask = 2147483647;
			files = (
				EEA46BB91F9A36D600851D5D /* DaveUITests.swift in Sources */,
			);
			runOnlyForDeploymentPostprocessing = 0;
		};
/* End PBXSourcesBuildPhase section */

/* Begin PBXTargetDependency section */
		BEDE6C781FB0D0DE00ABD6D8 /* PBXTargetDependency */ = {
			isa = PBXTargetDependency;
			target = EEA46B621F9A36CA00851D5D /* Fooco */;
			targetProxy = BEDE6C771FB0D0DE00ABD6D8 /* PBXContainerItemProxy */;
		};
		EEA46BAB1F9A36D600851D5D /* PBXTargetDependency */ = {
			isa = PBXTargetDependency;
			target = EEA46B951F9A36D600851D5D /* Dave */;
			targetProxy = EEA46BAA1F9A36D600851D5D /* PBXContainerItemProxy */;
		};
		EEA46BB61F9A36D600851D5D /* PBXTargetDependency */ = {
			isa = PBXTargetDependency;
			target = EEA46B951F9A36D600851D5D /* Dave */;
			targetProxy = EEA46BB51F9A36D600851D5D /* PBXContainerItemProxy */;
		};
/* End PBXTargetDependency section */

/* Begin PBXVariantGroup section */
		EEA46B6A1F9A36CA00851D5D /* Main.storyboard */ = {
			isa = PBXVariantGroup;
			children = (
				EEA46B6B1F9A36CA00851D5D /* Base */,
			);
			name = Main.storyboard;
			sourceTree = "<group>";
		};
		EEA46B6F1F9A36CA00851D5D /* LaunchScreen.storyboard */ = {
			isa = PBXVariantGroup;
			children = (
				EEA46B701F9A36CA00851D5D /* Base */,
			);
			name = LaunchScreen.storyboard;
			sourceTree = "<group>";
		};
		EEA46B9C1F9A36D600851D5D /* Main.storyboard */ = {
			isa = PBXVariantGroup;
			children = (
				EEA46B9D1F9A36D600851D5D /* Base */,
			);
			name = Main.storyboard;
			sourceTree = "<group>";
		};
		EEA46BA11F9A36D600851D5D /* LaunchScreen.storyboard */ = {
			isa = PBXVariantGroup;
			children = (
				EEA46BA21F9A36D600851D5D /* Base */,
			);
			name = LaunchScreen.storyboard;
			sourceTree = "<group>";
		};
/* End PBXVariantGroup section */

/* Begin XCBuildConfiguration section */
		BEDE6C7A1FB0D0DE00ABD6D8 /* Debug */ = {
			isa = XCBuildConfiguration;
			buildSettings = {
				ALWAYS_SEARCH_USER_PATHS = NO;
				ASSETCATALOG_COMPILER_APPICON_NAME = AppIcon;
				BUNDLE_LOADER = "$(TEST_HOST)";
				CLANG_ANALYZER_NONNULL = YES;
				CLANG_ANALYZER_NUMBER_OBJECT_CONVERSION = YES_AGGRESSIVE;
				CLANG_CXX_LANGUAGE_STANDARD = "gnu++14";
				CLANG_CXX_LIBRARY = "libc++";
				CLANG_ENABLE_MODULES = YES;
				CLANG_ENABLE_OBJC_ARC = YES;
				CLANG_WARN_BLOCK_CAPTURE_AUTORELEASING = YES;
				CLANG_WARN_BOOL_CONVERSION = YES;
				CLANG_WARN_COMMA = YES;
				CLANG_WARN_CONSTANT_CONVERSION = YES;
				CLANG_WARN_DIRECT_OBJC_ISA_USAGE = YES_ERROR;
				CLANG_WARN_DOCUMENTATION_COMMENTS = YES;
				CLANG_WARN_EMPTY_BODY = YES;
				CLANG_WARN_ENUM_CONVERSION = YES;
				CLANG_WARN_INFINITE_RECURSION = YES;
				CLANG_WARN_INT_CONVERSION = YES;
				CLANG_WARN_NON_LITERAL_NULL_CONVERSION = YES;
				CLANG_WARN_OBJC_LITERAL_CONVERSION = YES;
				CLANG_WARN_OBJC_ROOT_CLASS = YES_ERROR;
				CLANG_WARN_RANGE_LOOP_ANALYSIS = YES;
				CLANG_WARN_STRICT_PROTOTYPES = YES;
				CLANG_WARN_SUSPICIOUS_MOVE = YES;
				CLANG_WARN_UNGUARDED_AVAILABILITY = YES_AGGRESSIVE;
				CLANG_WARN_UNREACHABLE_CODE = YES;
				CLANG_WARN__DUPLICATE_METHOD_MATCH = YES;
				CODE_SIGN_IDENTITY = "iPhone Developer";
				CODE_SIGN_STYLE = Automatic;
				COPY_PHASE_STRIP = NO;
				DEBUG_INFORMATION_FORMAT = dwarf;
				DEVELOPMENT_TEAM = 2RF2ZQGYFL;
				ENABLE_STRICT_OBJC_MSGSEND = YES;
				ENABLE_TESTABILITY = YES;
				GCC_C_LANGUAGE_STANDARD = gnu11;
				GCC_DYNAMIC_NO_PIC = NO;
				GCC_NO_COMMON_BLOCKS = YES;
				GCC_OPTIMIZATION_LEVEL = 0;
				GCC_PREPROCESSOR_DEFINITIONS = (
					"DEBUG=1",
					"$(inherited)",
				);
				GCC_WARN_64_TO_32_BIT_CONVERSION = YES;
				GCC_WARN_ABOUT_RETURN_TYPE = YES_ERROR;
				GCC_WARN_UNDECLARED_SELECTOR = YES;
				GCC_WARN_UNINITIALIZED_AUTOS = YES_AGGRESSIVE;
				GCC_WARN_UNUSED_FUNCTION = YES;
				GCC_WARN_UNUSED_VARIABLE = YES;
				INFOPLIST_FILE = "$(SRCROOT)/Fooco/Fooco/Supporting Files/Info.plist";
				LD_RUNPATH_SEARCH_PATHS = "$(inherited) @executable_path/Frameworks";
				MTL_ENABLE_DEBUG_INFO = YES;
				ONLY_ACTIVE_ARCH = YES;
				PRODUCT_BUNDLE_IDENTIFIER = br.com.victormelo.Fooco;
				PRODUCT_NAME = "$(TARGET_NAME)";
				SDKROOT = iphoneos;
				SWIFT_ACTIVE_COMPILATION_CONDITIONS = DEBUG;
				SWIFT_OPTIMIZATION_LEVEL = "-Onone";
				SWIFT_VERSION = 4.0;
				TARGETED_DEVICE_FAMILY = "1,2";
				TEST_HOST = "$(BUILT_PRODUCTS_DIR)/Fooco.app/Fooco";
			};
			name = Debug;
		};
		BEDE6C7B1FB0D0DE00ABD6D8 /* Release */ = {
			isa = XCBuildConfiguration;
			buildSettings = {
				ALWAYS_SEARCH_USER_PATHS = NO;
				BUNDLE_LOADER = "$(TEST_HOST)";
				CLANG_ANALYZER_NONNULL = YES;
				CLANG_ANALYZER_NUMBER_OBJECT_CONVERSION = YES_AGGRESSIVE;
				CLANG_CXX_LANGUAGE_STANDARD = "gnu++14";
				CLANG_CXX_LIBRARY = "libc++";
				CLANG_ENABLE_MODULES = YES;
				CLANG_ENABLE_OBJC_ARC = YES;
				CLANG_WARN_BLOCK_CAPTURE_AUTORELEASING = YES;
				CLANG_WARN_BOOL_CONVERSION = YES;
				CLANG_WARN_COMMA = YES;
				CLANG_WARN_CONSTANT_CONVERSION = YES;
				CLANG_WARN_DIRECT_OBJC_ISA_USAGE = YES_ERROR;
				CLANG_WARN_DOCUMENTATION_COMMENTS = YES;
				CLANG_WARN_EMPTY_BODY = YES;
				CLANG_WARN_ENUM_CONVERSION = YES;
				CLANG_WARN_INFINITE_RECURSION = YES;
				CLANG_WARN_INT_CONVERSION = YES;
				CLANG_WARN_NON_LITERAL_NULL_CONVERSION = YES;
				CLANG_WARN_OBJC_LITERAL_CONVERSION = YES;
				CLANG_WARN_OBJC_ROOT_CLASS = YES_ERROR;
				CLANG_WARN_RANGE_LOOP_ANALYSIS = YES;
				CLANG_WARN_STRICT_PROTOTYPES = YES;
				CLANG_WARN_SUSPICIOUS_MOVE = YES;
				CLANG_WARN_UNGUARDED_AVAILABILITY = YES_AGGRESSIVE;
				CLANG_WARN_UNREACHABLE_CODE = YES;
				CLANG_WARN__DUPLICATE_METHOD_MATCH = YES;
				CODE_SIGN_IDENTITY = "iPhone Developer";
				CODE_SIGN_STYLE = Automatic;
				COPY_PHASE_STRIP = NO;
				DEBUG_INFORMATION_FORMAT = "dwarf-with-dsym";
				DEVELOPMENT_TEAM = Y93HUJS49V;
				ENABLE_NS_ASSERTIONS = NO;
				ENABLE_STRICT_OBJC_MSGSEND = YES;
				GCC_C_LANGUAGE_STANDARD = gnu11;
				GCC_NO_COMMON_BLOCKS = YES;
				GCC_WARN_64_TO_32_BIT_CONVERSION = YES;
				GCC_WARN_ABOUT_RETURN_TYPE = YES_ERROR;
				GCC_WARN_UNDECLARED_SELECTOR = YES;
				GCC_WARN_UNINITIALIZED_AUTOS = YES_AGGRESSIVE;
				GCC_WARN_UNUSED_FUNCTION = YES;
				GCC_WARN_UNUSED_VARIABLE = YES;
				INFOPLIST_FILE = FoocoTests/Info.plist;
				IPHONEOS_DEPLOYMENT_TARGET = 11.0;
				LD_RUNPATH_SEARCH_PATHS = "$(inherited) @executable_path/Frameworks @loader_path/Frameworks";
				MTL_ENABLE_DEBUG_INFO = NO;
				PRODUCT_BUNDLE_IDENTIFIER = br.com.victormelo.FoocoTests;
				PRODUCT_NAME = "$(TARGET_NAME)";
				SDKROOT = iphoneos;
				SWIFT_OPTIMIZATION_LEVEL = "-Owholemodule";
				SWIFT_VERSION = 4.0;
				TARGETED_DEVICE_FAMILY = "1,2";
				TEST_HOST = "$(BUILT_PRODUCTS_DIR)/Fooco.app/Fooco";
				VALIDATE_PRODUCT = YES;
			};
			name = Release;
		};
		EEA46B5D1F9A36A400851D5D /* Debug */ = {
			isa = XCBuildConfiguration;
			buildSettings = {
				CLANG_WARN_BLOCK_CAPTURE_AUTORELEASING = YES;
				CLANG_WARN_BOOL_CONVERSION = YES;
				CLANG_WARN_COMMA = YES;
				CLANG_WARN_CONSTANT_CONVERSION = YES;
				CLANG_WARN_EMPTY_BODY = YES;
				CLANG_WARN_ENUM_CONVERSION = YES;
				CLANG_WARN_INFINITE_RECURSION = YES;
				CLANG_WARN_INT_CONVERSION = YES;
				CLANG_WARN_NON_LITERAL_NULL_CONVERSION = YES;
				CLANG_WARN_OBJC_LITERAL_CONVERSION = YES;
				CLANG_WARN_RANGE_LOOP_ANALYSIS = YES;
				CLANG_WARN_STRICT_PROTOTYPES = YES;
				CLANG_WARN_SUSPICIOUS_MOVE = YES;
				CLANG_WARN_UNREACHABLE_CODE = YES;
				CLANG_WARN__DUPLICATE_METHOD_MATCH = YES;
				ENABLE_STRICT_OBJC_MSGSEND = YES;
				ENABLE_TESTABILITY = YES;
				GCC_NO_COMMON_BLOCKS = YES;
				GCC_WARN_64_TO_32_BIT_CONVERSION = YES;
				GCC_WARN_ABOUT_RETURN_TYPE = YES;
				GCC_WARN_UNDECLARED_SELECTOR = YES;
				GCC_WARN_UNINITIALIZED_AUTOS = YES;
				GCC_WARN_UNUSED_FUNCTION = YES;
				GCC_WARN_UNUSED_VARIABLE = YES;
				IPHONEOS_DEPLOYMENT_TARGET = 10.0;
				ONLY_ACTIVE_ARCH = YES;
			};
			name = Debug;
		};
		EEA46B5E1F9A36A400851D5D /* Release */ = {
			isa = XCBuildConfiguration;
			buildSettings = {
				CLANG_WARN_BLOCK_CAPTURE_AUTORELEASING = YES;
				CLANG_WARN_BOOL_CONVERSION = YES;
				CLANG_WARN_COMMA = YES;
				CLANG_WARN_CONSTANT_CONVERSION = YES;
				CLANG_WARN_EMPTY_BODY = YES;
				CLANG_WARN_ENUM_CONVERSION = YES;
				CLANG_WARN_INFINITE_RECURSION = YES;
				CLANG_WARN_INT_CONVERSION = YES;
				CLANG_WARN_NON_LITERAL_NULL_CONVERSION = YES;
				CLANG_WARN_OBJC_LITERAL_CONVERSION = YES;
				CLANG_WARN_RANGE_LOOP_ANALYSIS = YES;
				CLANG_WARN_STRICT_PROTOTYPES = YES;
				CLANG_WARN_SUSPICIOUS_MOVE = YES;
				CLANG_WARN_UNREACHABLE_CODE = YES;
				CLANG_WARN__DUPLICATE_METHOD_MATCH = YES;
				ENABLE_STRICT_OBJC_MSGSEND = YES;
				GCC_NO_COMMON_BLOCKS = YES;
				GCC_WARN_64_TO_32_BIT_CONVERSION = YES;
				GCC_WARN_ABOUT_RETURN_TYPE = YES;
				GCC_WARN_UNDECLARED_SELECTOR = YES;
				GCC_WARN_UNINITIALIZED_AUTOS = YES;
				GCC_WARN_UNUSED_FUNCTION = YES;
				GCC_WARN_UNUSED_VARIABLE = YES;
				IPHONEOS_DEPLOYMENT_TARGET = 10.0;
			};
			name = Release;
		};
		EEA46B8A1F9A36CA00851D5D /* Debug */ = {
			isa = XCBuildConfiguration;
			buildSettings = {
				ALWAYS_SEARCH_USER_PATHS = NO;
				ASSETCATALOG_COMPILER_APPICON_NAME = AppIcon;
				CLANG_ANALYZER_NONNULL = YES;
				CLANG_ANALYZER_NUMBER_OBJECT_CONVERSION = YES_AGGRESSIVE;
				CLANG_CXX_LANGUAGE_STANDARD = "gnu++14";
				CLANG_CXX_LIBRARY = "libc++";
				CLANG_ENABLE_MODULES = YES;
				CLANG_ENABLE_OBJC_ARC = YES;
				CLANG_WARN_BLOCK_CAPTURE_AUTORELEASING = YES;
				CLANG_WARN_BOOL_CONVERSION = YES;
				CLANG_WARN_COMMA = YES;
				CLANG_WARN_CONSTANT_CONVERSION = YES;
				CLANG_WARN_DIRECT_OBJC_ISA_USAGE = YES_ERROR;
				CLANG_WARN_DOCUMENTATION_COMMENTS = YES;
				CLANG_WARN_EMPTY_BODY = YES;
				CLANG_WARN_ENUM_CONVERSION = YES;
				CLANG_WARN_INFINITE_RECURSION = YES;
				CLANG_WARN_INT_CONVERSION = YES;
				CLANG_WARN_NON_LITERAL_NULL_CONVERSION = YES;
				CLANG_WARN_OBJC_LITERAL_CONVERSION = YES;
				CLANG_WARN_OBJC_ROOT_CLASS = YES_ERROR;
				CLANG_WARN_RANGE_LOOP_ANALYSIS = YES;
				CLANG_WARN_STRICT_PROTOTYPES = YES;
				CLANG_WARN_SUSPICIOUS_MOVE = YES;
				CLANG_WARN_UNGUARDED_AVAILABILITY = YES_AGGRESSIVE;
				CLANG_WARN_UNREACHABLE_CODE = YES;
				CLANG_WARN__DUPLICATE_METHOD_MATCH = YES;
				CODE_SIGN_IDENTITY = "iPhone Developer";
				CODE_SIGN_STYLE = Automatic;
				COPY_PHASE_STRIP = NO;
				DEBUG_INFORMATION_FORMAT = dwarf;
				DEVELOPMENT_TEAM = 2RF2ZQGYFL;
				ENABLE_STRICT_OBJC_MSGSEND = YES;
				ENABLE_TESTABILITY = YES;
				GCC_C_LANGUAGE_STANDARD = gnu11;
				GCC_DYNAMIC_NO_PIC = NO;
				GCC_NO_COMMON_BLOCKS = YES;
				GCC_OPTIMIZATION_LEVEL = 0;
				GCC_PREPROCESSOR_DEFINITIONS = (
					"DEBUG=1",
					"$(inherited)",
				);
				GCC_WARN_64_TO_32_BIT_CONVERSION = YES;
				GCC_WARN_ABOUT_RETURN_TYPE = YES_ERROR;
				GCC_WARN_UNDECLARED_SELECTOR = YES;
				GCC_WARN_UNINITIALIZED_AUTOS = YES_AGGRESSIVE;
				GCC_WARN_UNUSED_FUNCTION = YES;
				GCC_WARN_UNUSED_VARIABLE = YES;
				INFOPLIST_FILE = "$(SRCROOT)/Fooco/Fooco/Supporting Files/Info.plist";
				LD_RUNPATH_SEARCH_PATHS = "$(inherited) @executable_path/Frameworks";
				MTL_ENABLE_DEBUG_INFO = YES;
				ONLY_ACTIVE_ARCH = YES;
				PRODUCT_BUNDLE_IDENTIFIER = br.com.victormelo.Fooco;
				PRODUCT_NAME = "$(TARGET_NAME)";
				SDKROOT = iphoneos;
				SWIFT_ACTIVE_COMPILATION_CONDITIONS = DEBUG;
				SWIFT_OPTIMIZATION_LEVEL = "-Onone";
				SWIFT_VERSION = 4.0;
				TARGETED_DEVICE_FAMILY = "1,2";
			};
			name = Debug;
		};
		EEA46B8B1F9A36CA00851D5D /* Release */ = {
			isa = XCBuildConfiguration;
			buildSettings = {
				ALWAYS_SEARCH_USER_PATHS = NO;
				ASSETCATALOG_COMPILER_APPICON_NAME = AppIcon;
				CLANG_ANALYZER_NONNULL = YES;
				CLANG_ANALYZER_NUMBER_OBJECT_CONVERSION = YES_AGGRESSIVE;
				CLANG_CXX_LANGUAGE_STANDARD = "gnu++14";
				CLANG_CXX_LIBRARY = "libc++";
				CLANG_ENABLE_MODULES = YES;
				CLANG_ENABLE_OBJC_ARC = YES;
				CLANG_WARN_BLOCK_CAPTURE_AUTORELEASING = YES;
				CLANG_WARN_BOOL_CONVERSION = YES;
				CLANG_WARN_COMMA = YES;
				CLANG_WARN_CONSTANT_CONVERSION = YES;
				CLANG_WARN_DIRECT_OBJC_ISA_USAGE = YES_ERROR;
				CLANG_WARN_DOCUMENTATION_COMMENTS = YES;
				CLANG_WARN_EMPTY_BODY = YES;
				CLANG_WARN_ENUM_CONVERSION = YES;
				CLANG_WARN_INFINITE_RECURSION = YES;
				CLANG_WARN_INT_CONVERSION = YES;
				CLANG_WARN_NON_LITERAL_NULL_CONVERSION = YES;
				CLANG_WARN_OBJC_LITERAL_CONVERSION = YES;
				CLANG_WARN_OBJC_ROOT_CLASS = YES_ERROR;
				CLANG_WARN_RANGE_LOOP_ANALYSIS = YES;
				CLANG_WARN_STRICT_PROTOTYPES = YES;
				CLANG_WARN_SUSPICIOUS_MOVE = YES;
				CLANG_WARN_UNGUARDED_AVAILABILITY = YES_AGGRESSIVE;
				CLANG_WARN_UNREACHABLE_CODE = YES;
				CLANG_WARN__DUPLICATE_METHOD_MATCH = YES;
				CODE_SIGN_IDENTITY = "iPhone Developer";
				CODE_SIGN_STYLE = Automatic;
				COPY_PHASE_STRIP = NO;
				DEBUG_INFORMATION_FORMAT = "dwarf-with-dsym";
				DEVELOPMENT_TEAM = 2RF2ZQGYFL;
				ENABLE_NS_ASSERTIONS = NO;
				ENABLE_STRICT_OBJC_MSGSEND = YES;
				GCC_C_LANGUAGE_STANDARD = gnu11;
				GCC_NO_COMMON_BLOCKS = YES;
				GCC_WARN_64_TO_32_BIT_CONVERSION = YES;
				GCC_WARN_ABOUT_RETURN_TYPE = YES_ERROR;
				GCC_WARN_UNDECLARED_SELECTOR = YES;
				GCC_WARN_UNINITIALIZED_AUTOS = YES_AGGRESSIVE;
				GCC_WARN_UNUSED_FUNCTION = YES;
				GCC_WARN_UNUSED_VARIABLE = YES;
				INFOPLIST_FILE = "$(SRCROOT)/Fooco/Fooco/Supporting Files/Info.plist";
				LD_RUNPATH_SEARCH_PATHS = "$(inherited) @executable_path/Frameworks";
				MTL_ENABLE_DEBUG_INFO = NO;
				PRODUCT_BUNDLE_IDENTIFIER = br.com.victormelo.Fooco;
				PRODUCT_NAME = "$(TARGET_NAME)";
				SDKROOT = iphoneos;
				SWIFT_OPTIMIZATION_LEVEL = "-Owholemodule";
				SWIFT_VERSION = 4.0;
				TARGETED_DEVICE_FAMILY = "1,2";
				VALIDATE_PRODUCT = YES;
			};
			name = Release;
		};
		EEA46BBC1F9A36D600851D5D /* Debug */ = {
			isa = XCBuildConfiguration;
			buildSettings = {
				ALWAYS_SEARCH_USER_PATHS = NO;
				ASSETCATALOG_COMPILER_APPICON_NAME = AppIcon;
				CLANG_ANALYZER_NONNULL = YES;
				CLANG_ANALYZER_NUMBER_OBJECT_CONVERSION = YES_AGGRESSIVE;
				CLANG_CXX_LANGUAGE_STANDARD = "gnu++14";
				CLANG_CXX_LIBRARY = "libc++";
				CLANG_ENABLE_MODULES = YES;
				CLANG_ENABLE_OBJC_ARC = YES;
				CLANG_WARN_BLOCK_CAPTURE_AUTORELEASING = YES;
				CLANG_WARN_BOOL_CONVERSION = YES;
				CLANG_WARN_COMMA = YES;
				CLANG_WARN_CONSTANT_CONVERSION = YES;
				CLANG_WARN_DIRECT_OBJC_ISA_USAGE = YES_ERROR;
				CLANG_WARN_DOCUMENTATION_COMMENTS = YES;
				CLANG_WARN_EMPTY_BODY = YES;
				CLANG_WARN_ENUM_CONVERSION = YES;
				CLANG_WARN_INFINITE_RECURSION = YES;
				CLANG_WARN_INT_CONVERSION = YES;
				CLANG_WARN_NON_LITERAL_NULL_CONVERSION = YES;
				CLANG_WARN_OBJC_LITERAL_CONVERSION = YES;
				CLANG_WARN_OBJC_ROOT_CLASS = YES_ERROR;
				CLANG_WARN_RANGE_LOOP_ANALYSIS = YES;
				CLANG_WARN_STRICT_PROTOTYPES = YES;
				CLANG_WARN_SUSPICIOUS_MOVE = YES;
				CLANG_WARN_UNGUARDED_AVAILABILITY = YES_AGGRESSIVE;
				CLANG_WARN_UNREACHABLE_CODE = YES;
				CLANG_WARN__DUPLICATE_METHOD_MATCH = YES;
				CODE_SIGN_IDENTITY = "iPhone Developer";
				CODE_SIGN_STYLE = Automatic;
				COPY_PHASE_STRIP = NO;
				DEBUG_INFORMATION_FORMAT = dwarf;
				DEVELOPMENT_TEAM = "";
				ENABLE_STRICT_OBJC_MSGSEND = YES;
				ENABLE_TESTABILITY = YES;
				GCC_C_LANGUAGE_STANDARD = gnu11;
				GCC_DYNAMIC_NO_PIC = NO;
				GCC_NO_COMMON_BLOCKS = YES;
				GCC_OPTIMIZATION_LEVEL = 0;
				GCC_PREPROCESSOR_DEFINITIONS = (
					"DEBUG=1",
					"$(inherited)",
				);
				GCC_WARN_64_TO_32_BIT_CONVERSION = YES;
				GCC_WARN_ABOUT_RETURN_TYPE = YES_ERROR;
				GCC_WARN_UNDECLARED_SELECTOR = YES;
				GCC_WARN_UNINITIALIZED_AUTOS = YES_AGGRESSIVE;
				GCC_WARN_UNUSED_FUNCTION = YES;
				GCC_WARN_UNUSED_VARIABLE = YES;
				INFOPLIST_FILE = "$(SRCROOT)/Dave/Dave/Supporting Files/Info.plist";
				LD_RUNPATH_SEARCH_PATHS = "$(inherited) @executable_path/Frameworks";
				MTL_ENABLE_DEBUG_INFO = YES;
				ONLY_ACTIVE_ARCH = YES;
				PRODUCT_BUNDLE_IDENTIFIER = br.com.victormelo.Dave;
				PRODUCT_NAME = "$(TARGET_NAME)";
				SDKROOT = iphoneos;
				SWIFT_ACTIVE_COMPILATION_CONDITIONS = DEBUG;
				SWIFT_OPTIMIZATION_LEVEL = "-Onone";
				SWIFT_VERSION = 4.0;
				TARGETED_DEVICE_FAMILY = "1,2";
			};
			name = Debug;
		};
		EEA46BBD1F9A36D600851D5D /* Release */ = {
			isa = XCBuildConfiguration;
			buildSettings = {
				ALWAYS_SEARCH_USER_PATHS = NO;
				ASSETCATALOG_COMPILER_APPICON_NAME = AppIcon;
				CLANG_ANALYZER_NONNULL = YES;
				CLANG_ANALYZER_NUMBER_OBJECT_CONVERSION = YES_AGGRESSIVE;
				CLANG_CXX_LANGUAGE_STANDARD = "gnu++14";
				CLANG_CXX_LIBRARY = "libc++";
				CLANG_ENABLE_MODULES = YES;
				CLANG_ENABLE_OBJC_ARC = YES;
				CLANG_WARN_BLOCK_CAPTURE_AUTORELEASING = YES;
				CLANG_WARN_BOOL_CONVERSION = YES;
				CLANG_WARN_COMMA = YES;
				CLANG_WARN_CONSTANT_CONVERSION = YES;
				CLANG_WARN_DIRECT_OBJC_ISA_USAGE = YES_ERROR;
				CLANG_WARN_DOCUMENTATION_COMMENTS = YES;
				CLANG_WARN_EMPTY_BODY = YES;
				CLANG_WARN_ENUM_CONVERSION = YES;
				CLANG_WARN_INFINITE_RECURSION = YES;
				CLANG_WARN_INT_CONVERSION = YES;
				CLANG_WARN_NON_LITERAL_NULL_CONVERSION = YES;
				CLANG_WARN_OBJC_LITERAL_CONVERSION = YES;
				CLANG_WARN_OBJC_ROOT_CLASS = YES_ERROR;
				CLANG_WARN_RANGE_LOOP_ANALYSIS = YES;
				CLANG_WARN_STRICT_PROTOTYPES = YES;
				CLANG_WARN_SUSPICIOUS_MOVE = YES;
				CLANG_WARN_UNGUARDED_AVAILABILITY = YES_AGGRESSIVE;
				CLANG_WARN_UNREACHABLE_CODE = YES;
				CLANG_WARN__DUPLICATE_METHOD_MATCH = YES;
				CODE_SIGN_IDENTITY = "iPhone Developer";
				CODE_SIGN_STYLE = Automatic;
				COPY_PHASE_STRIP = NO;
				DEBUG_INFORMATION_FORMAT = "dwarf-with-dsym";
				DEVELOPMENT_TEAM = "";
				ENABLE_NS_ASSERTIONS = NO;
				ENABLE_STRICT_OBJC_MSGSEND = YES;
				GCC_C_LANGUAGE_STANDARD = gnu11;
				GCC_NO_COMMON_BLOCKS = YES;
				GCC_WARN_64_TO_32_BIT_CONVERSION = YES;
				GCC_WARN_ABOUT_RETURN_TYPE = YES_ERROR;
				GCC_WARN_UNDECLARED_SELECTOR = YES;
				GCC_WARN_UNINITIALIZED_AUTOS = YES_AGGRESSIVE;
				GCC_WARN_UNUSED_FUNCTION = YES;
				GCC_WARN_UNUSED_VARIABLE = YES;
				INFOPLIST_FILE = "$(SRCROOT)/Dave/Dave/Supporting Files/Info.plist";
				LD_RUNPATH_SEARCH_PATHS = "$(inherited) @executable_path/Frameworks";
				MTL_ENABLE_DEBUG_INFO = NO;
				PRODUCT_BUNDLE_IDENTIFIER = br.com.victormelo.Dave;
				PRODUCT_NAME = "$(TARGET_NAME)";
				SDKROOT = iphoneos;
				SWIFT_OPTIMIZATION_LEVEL = "-Owholemodule";
				SWIFT_VERSION = 4.0;
				TARGETED_DEVICE_FAMILY = "1,2";
				VALIDATE_PRODUCT = YES;
			};
			name = Release;
		};
		EEA46BBF1F9A36D600851D5D /* Debug */ = {
			isa = XCBuildConfiguration;
			buildSettings = {
				ALWAYS_EMBED_SWIFT_STANDARD_LIBRARIES = YES;
				ALWAYS_SEARCH_USER_PATHS = NO;
				BUNDLE_LOADER = "$(TEST_HOST)";
				CLANG_ANALYZER_NONNULL = YES;
				CLANG_ANALYZER_NUMBER_OBJECT_CONVERSION = YES_AGGRESSIVE;
				CLANG_CXX_LANGUAGE_STANDARD = "gnu++14";
				CLANG_CXX_LIBRARY = "libc++";
				CLANG_ENABLE_MODULES = YES;
				CLANG_ENABLE_OBJC_ARC = YES;
				CLANG_WARN_BLOCK_CAPTURE_AUTORELEASING = YES;
				CLANG_WARN_BOOL_CONVERSION = YES;
				CLANG_WARN_COMMA = YES;
				CLANG_WARN_CONSTANT_CONVERSION = YES;
				CLANG_WARN_DIRECT_OBJC_ISA_USAGE = YES_ERROR;
				CLANG_WARN_DOCUMENTATION_COMMENTS = YES;
				CLANG_WARN_EMPTY_BODY = YES;
				CLANG_WARN_ENUM_CONVERSION = YES;
				CLANG_WARN_INFINITE_RECURSION = YES;
				CLANG_WARN_INT_CONVERSION = YES;
				CLANG_WARN_NON_LITERAL_NULL_CONVERSION = YES;
				CLANG_WARN_OBJC_LITERAL_CONVERSION = YES;
				CLANG_WARN_OBJC_ROOT_CLASS = YES_ERROR;
				CLANG_WARN_RANGE_LOOP_ANALYSIS = YES;
				CLANG_WARN_STRICT_PROTOTYPES = YES;
				CLANG_WARN_SUSPICIOUS_MOVE = YES;
				CLANG_WARN_UNGUARDED_AVAILABILITY = YES_AGGRESSIVE;
				CLANG_WARN_UNREACHABLE_CODE = YES;
				CLANG_WARN__DUPLICATE_METHOD_MATCH = YES;
				CODE_SIGN_IDENTITY = "iPhone Developer";
				CODE_SIGN_STYLE = Automatic;
				COPY_PHASE_STRIP = NO;
				DEBUG_INFORMATION_FORMAT = dwarf;
				DEVELOPMENT_TEAM = "";
				ENABLE_STRICT_OBJC_MSGSEND = YES;
				ENABLE_TESTABILITY = YES;
				GCC_C_LANGUAGE_STANDARD = gnu11;
				GCC_DYNAMIC_NO_PIC = NO;
				GCC_NO_COMMON_BLOCKS = YES;
				GCC_OPTIMIZATION_LEVEL = 0;
				GCC_PREPROCESSOR_DEFINITIONS = (
					"DEBUG=1",
					"$(inherited)",
				);
				GCC_WARN_64_TO_32_BIT_CONVERSION = YES;
				GCC_WARN_ABOUT_RETURN_TYPE = YES_ERROR;
				GCC_WARN_UNDECLARED_SELECTOR = YES;
				GCC_WARN_UNINITIALIZED_AUTOS = YES_AGGRESSIVE;
				GCC_WARN_UNUSED_FUNCTION = YES;
				GCC_WARN_UNUSED_VARIABLE = YES;
				INFOPLIST_FILE = "$(SRCROOT)/Dave/DaveTests/Info.plist";
				IPHONEOS_DEPLOYMENT_TARGET = 11.0;
				LD_RUNPATH_SEARCH_PATHS = "$(inherited) @executable_path/Frameworks @loader_path/Frameworks";
				MTL_ENABLE_DEBUG_INFO = YES;
				ONLY_ACTIVE_ARCH = YES;
				PRODUCT_BUNDLE_IDENTIFIER = br.com.victormelo.DaveTests;
				PRODUCT_NAME = "$(TARGET_NAME)";
				SDKROOT = iphoneos;
				SWIFT_ACTIVE_COMPILATION_CONDITIONS = DEBUG;
				SWIFT_OPTIMIZATION_LEVEL = "-Onone";
				SWIFT_VERSION = 4.0;
				TARGETED_DEVICE_FAMILY = "1,2";
				TEST_HOST = "$(BUILT_PRODUCTS_DIR)/Dave.app/Dave";
			};
			name = Debug;
		};
		EEA46BC01F9A36D600851D5D /* Release */ = {
			isa = XCBuildConfiguration;
			buildSettings = {
				ALWAYS_EMBED_SWIFT_STANDARD_LIBRARIES = YES;
				ALWAYS_SEARCH_USER_PATHS = NO;
				BUNDLE_LOADER = "$(TEST_HOST)";
				CLANG_ANALYZER_NONNULL = YES;
				CLANG_ANALYZER_NUMBER_OBJECT_CONVERSION = YES_AGGRESSIVE;
				CLANG_CXX_LANGUAGE_STANDARD = "gnu++14";
				CLANG_CXX_LIBRARY = "libc++";
				CLANG_ENABLE_MODULES = YES;
				CLANG_ENABLE_OBJC_ARC = YES;
				CLANG_WARN_BLOCK_CAPTURE_AUTORELEASING = YES;
				CLANG_WARN_BOOL_CONVERSION = YES;
				CLANG_WARN_COMMA = YES;
				CLANG_WARN_CONSTANT_CONVERSION = YES;
				CLANG_WARN_DIRECT_OBJC_ISA_USAGE = YES_ERROR;
				CLANG_WARN_DOCUMENTATION_COMMENTS = YES;
				CLANG_WARN_EMPTY_BODY = YES;
				CLANG_WARN_ENUM_CONVERSION = YES;
				CLANG_WARN_INFINITE_RECURSION = YES;
				CLANG_WARN_INT_CONVERSION = YES;
				CLANG_WARN_NON_LITERAL_NULL_CONVERSION = YES;
				CLANG_WARN_OBJC_LITERAL_CONVERSION = YES;
				CLANG_WARN_OBJC_ROOT_CLASS = YES_ERROR;
				CLANG_WARN_RANGE_LOOP_ANALYSIS = YES;
				CLANG_WARN_STRICT_PROTOTYPES = YES;
				CLANG_WARN_SUSPICIOUS_MOVE = YES;
				CLANG_WARN_UNGUARDED_AVAILABILITY = YES_AGGRESSIVE;
				CLANG_WARN_UNREACHABLE_CODE = YES;
				CLANG_WARN__DUPLICATE_METHOD_MATCH = YES;
				CODE_SIGN_IDENTITY = "iPhone Developer";
				CODE_SIGN_STYLE = Automatic;
				COPY_PHASE_STRIP = NO;
				DEBUG_INFORMATION_FORMAT = "dwarf-with-dsym";
				DEVELOPMENT_TEAM = "";
				ENABLE_NS_ASSERTIONS = NO;
				ENABLE_STRICT_OBJC_MSGSEND = YES;
				GCC_C_LANGUAGE_STANDARD = gnu11;
				GCC_NO_COMMON_BLOCKS = YES;
				GCC_WARN_64_TO_32_BIT_CONVERSION = YES;
				GCC_WARN_ABOUT_RETURN_TYPE = YES_ERROR;
				GCC_WARN_UNDECLARED_SELECTOR = YES;
				GCC_WARN_UNINITIALIZED_AUTOS = YES_AGGRESSIVE;
				GCC_WARN_UNUSED_FUNCTION = YES;
				GCC_WARN_UNUSED_VARIABLE = YES;
				INFOPLIST_FILE = "$(SRCROOT)/Dave/DaveTests/Info.plist";
				IPHONEOS_DEPLOYMENT_TARGET = 11.0;
				LD_RUNPATH_SEARCH_PATHS = "$(inherited) @executable_path/Frameworks @loader_path/Frameworks";
				MTL_ENABLE_DEBUG_INFO = NO;
				PRODUCT_BUNDLE_IDENTIFIER = br.com.victormelo.DaveTests;
				PRODUCT_NAME = "$(TARGET_NAME)";
				SDKROOT = iphoneos;
				SWIFT_OPTIMIZATION_LEVEL = "-Owholemodule";
				SWIFT_VERSION = 4.0;
				TARGETED_DEVICE_FAMILY = "1,2";
				TEST_HOST = "$(BUILT_PRODUCTS_DIR)/Dave.app/Dave";
				VALIDATE_PRODUCT = YES;
			};
			name = Release;
		};
		EEA46BC21F9A36D600851D5D /* Debug */ = {
			isa = XCBuildConfiguration;
			buildSettings = {
				ALWAYS_EMBED_SWIFT_STANDARD_LIBRARIES = YES;
				ALWAYS_SEARCH_USER_PATHS = NO;
				CLANG_ANALYZER_NONNULL = YES;
				CLANG_ANALYZER_NUMBER_OBJECT_CONVERSION = YES_AGGRESSIVE;
				CLANG_CXX_LANGUAGE_STANDARD = "gnu++14";
				CLANG_CXX_LIBRARY = "libc++";
				CLANG_ENABLE_MODULES = YES;
				CLANG_ENABLE_OBJC_ARC = YES;
				CLANG_WARN_BLOCK_CAPTURE_AUTORELEASING = YES;
				CLANG_WARN_BOOL_CONVERSION = YES;
				CLANG_WARN_COMMA = YES;
				CLANG_WARN_CONSTANT_CONVERSION = YES;
				CLANG_WARN_DIRECT_OBJC_ISA_USAGE = YES_ERROR;
				CLANG_WARN_DOCUMENTATION_COMMENTS = YES;
				CLANG_WARN_EMPTY_BODY = YES;
				CLANG_WARN_ENUM_CONVERSION = YES;
				CLANG_WARN_INFINITE_RECURSION = YES;
				CLANG_WARN_INT_CONVERSION = YES;
				CLANG_WARN_NON_LITERAL_NULL_CONVERSION = YES;
				CLANG_WARN_OBJC_LITERAL_CONVERSION = YES;
				CLANG_WARN_OBJC_ROOT_CLASS = YES_ERROR;
				CLANG_WARN_RANGE_LOOP_ANALYSIS = YES;
				CLANG_WARN_STRICT_PROTOTYPES = YES;
				CLANG_WARN_SUSPICIOUS_MOVE = YES;
				CLANG_WARN_UNGUARDED_AVAILABILITY = YES_AGGRESSIVE;
				CLANG_WARN_UNREACHABLE_CODE = YES;
				CLANG_WARN__DUPLICATE_METHOD_MATCH = YES;
				CODE_SIGN_IDENTITY = "iPhone Developer";
				CODE_SIGN_STYLE = Automatic;
				COPY_PHASE_STRIP = NO;
				DEBUG_INFORMATION_FORMAT = dwarf;
				DEVELOPMENT_TEAM = "";
				ENABLE_STRICT_OBJC_MSGSEND = YES;
				ENABLE_TESTABILITY = YES;
				GCC_C_LANGUAGE_STANDARD = gnu11;
				GCC_DYNAMIC_NO_PIC = NO;
				GCC_NO_COMMON_BLOCKS = YES;
				GCC_OPTIMIZATION_LEVEL = 0;
				GCC_PREPROCESSOR_DEFINITIONS = (
					"DEBUG=1",
					"$(inherited)",
				);
				GCC_WARN_64_TO_32_BIT_CONVERSION = YES;
				GCC_WARN_ABOUT_RETURN_TYPE = YES_ERROR;
				GCC_WARN_UNDECLARED_SELECTOR = YES;
				GCC_WARN_UNINITIALIZED_AUTOS = YES_AGGRESSIVE;
				GCC_WARN_UNUSED_FUNCTION = YES;
				GCC_WARN_UNUSED_VARIABLE = YES;
				INFOPLIST_FILE = "$(SRCROOT)/Dave/DaveUITests/Info.plist";
				IPHONEOS_DEPLOYMENT_TARGET = 11.0;
				LD_RUNPATH_SEARCH_PATHS = "$(inherited) @executable_path/Frameworks @loader_path/Frameworks";
				MTL_ENABLE_DEBUG_INFO = YES;
				ONLY_ACTIVE_ARCH = YES;
				PRODUCT_BUNDLE_IDENTIFIER = br.com.victormelo.DaveUITests;
				PRODUCT_NAME = "$(TARGET_NAME)";
				SDKROOT = iphoneos;
				SWIFT_ACTIVE_COMPILATION_CONDITIONS = DEBUG;
				SWIFT_OPTIMIZATION_LEVEL = "-Onone";
				SWIFT_VERSION = 4.0;
				TARGETED_DEVICE_FAMILY = "1,2";
				TEST_TARGET_NAME = Dave;
			};
			name = Debug;
		};
		EEA46BC31F9A36D600851D5D /* Release */ = {
			isa = XCBuildConfiguration;
			buildSettings = {
				ALWAYS_EMBED_SWIFT_STANDARD_LIBRARIES = YES;
				ALWAYS_SEARCH_USER_PATHS = NO;
				CLANG_ANALYZER_NONNULL = YES;
				CLANG_ANALYZER_NUMBER_OBJECT_CONVERSION = YES_AGGRESSIVE;
				CLANG_CXX_LANGUAGE_STANDARD = "gnu++14";
				CLANG_CXX_LIBRARY = "libc++";
				CLANG_ENABLE_MODULES = YES;
				CLANG_ENABLE_OBJC_ARC = YES;
				CLANG_WARN_BLOCK_CAPTURE_AUTORELEASING = YES;
				CLANG_WARN_BOOL_CONVERSION = YES;
				CLANG_WARN_COMMA = YES;
				CLANG_WARN_CONSTANT_CONVERSION = YES;
				CLANG_WARN_DIRECT_OBJC_ISA_USAGE = YES_ERROR;
				CLANG_WARN_DOCUMENTATION_COMMENTS = YES;
				CLANG_WARN_EMPTY_BODY = YES;
				CLANG_WARN_ENUM_CONVERSION = YES;
				CLANG_WARN_INFINITE_RECURSION = YES;
				CLANG_WARN_INT_CONVERSION = YES;
				CLANG_WARN_NON_LITERAL_NULL_CONVERSION = YES;
				CLANG_WARN_OBJC_LITERAL_CONVERSION = YES;
				CLANG_WARN_OBJC_ROOT_CLASS = YES_ERROR;
				CLANG_WARN_RANGE_LOOP_ANALYSIS = YES;
				CLANG_WARN_STRICT_PROTOTYPES = YES;
				CLANG_WARN_SUSPICIOUS_MOVE = YES;
				CLANG_WARN_UNGUARDED_AVAILABILITY = YES_AGGRESSIVE;
				CLANG_WARN_UNREACHABLE_CODE = YES;
				CLANG_WARN__DUPLICATE_METHOD_MATCH = YES;
				CODE_SIGN_IDENTITY = "iPhone Developer";
				CODE_SIGN_STYLE = Automatic;
				COPY_PHASE_STRIP = NO;
				DEBUG_INFORMATION_FORMAT = "dwarf-with-dsym";
				DEVELOPMENT_TEAM = "";
				ENABLE_NS_ASSERTIONS = NO;
				ENABLE_STRICT_OBJC_MSGSEND = YES;
				GCC_C_LANGUAGE_STANDARD = gnu11;
				GCC_NO_COMMON_BLOCKS = YES;
				GCC_WARN_64_TO_32_BIT_CONVERSION = YES;
				GCC_WARN_ABOUT_RETURN_TYPE = YES_ERROR;
				GCC_WARN_UNDECLARED_SELECTOR = YES;
				GCC_WARN_UNINITIALIZED_AUTOS = YES_AGGRESSIVE;
				GCC_WARN_UNUSED_FUNCTION = YES;
				GCC_WARN_UNUSED_VARIABLE = YES;
				INFOPLIST_FILE = "$(SRCROOT)/Dave/DaveUITests/Info.plist";
				IPHONEOS_DEPLOYMENT_TARGET = 11.0;
				LD_RUNPATH_SEARCH_PATHS = "$(inherited) @executable_path/Frameworks @loader_path/Frameworks";
				MTL_ENABLE_DEBUG_INFO = NO;
				PRODUCT_BUNDLE_IDENTIFIER = br.com.victormelo.DaveUITests;
				PRODUCT_NAME = "$(TARGET_NAME)";
				SDKROOT = iphoneos;
				SWIFT_OPTIMIZATION_LEVEL = "-Owholemodule";
				SWIFT_VERSION = 4.0;
				TARGETED_DEVICE_FAMILY = "1,2";
				TEST_TARGET_NAME = Dave;
				VALIDATE_PRODUCT = YES;
			};
			name = Release;
		};
/* End XCBuildConfiguration section */

/* Begin XCConfigurationList section */
		BEDE6C791FB0D0DE00ABD6D8 /* Build configuration list for PBXNativeTarget "FoocoTests" */ = {
			isa = XCConfigurationList;
			buildConfigurations = (
				BEDE6C7A1FB0D0DE00ABD6D8 /* Debug */,
				BEDE6C7B1FB0D0DE00ABD6D8 /* Release */,
			);
			defaultConfigurationIsVisible = 0;
			defaultConfigurationName = Release;
		};
		EEA46B5C1F9A36A400851D5D /* Build configuration list for PBXProject "ProjectManagement" */ = {
			isa = XCConfigurationList;
			buildConfigurations = (
				EEA46B5D1F9A36A400851D5D /* Debug */,
				EEA46B5E1F9A36A400851D5D /* Release */,
			);
			defaultConfigurationIsVisible = 0;
			defaultConfigurationName = Release;
		};
		EEA46B891F9A36CA00851D5D /* Build configuration list for PBXNativeTarget "Fooco" */ = {
			isa = XCConfigurationList;
			buildConfigurations = (
				EEA46B8A1F9A36CA00851D5D /* Debug */,
				EEA46B8B1F9A36CA00851D5D /* Release */,
			);
			defaultConfigurationIsVisible = 0;
			defaultConfigurationName = Release;
		};
		EEA46BBB1F9A36D600851D5D /* Build configuration list for PBXNativeTarget "Dave" */ = {
			isa = XCConfigurationList;
			buildConfigurations = (
				EEA46BBC1F9A36D600851D5D /* Debug */,
				EEA46BBD1F9A36D600851D5D /* Release */,
			);
			defaultConfigurationIsVisible = 0;
			defaultConfigurationName = Release;
		};
		EEA46BBE1F9A36D600851D5D /* Build configuration list for PBXNativeTarget "DaveTests" */ = {
			isa = XCConfigurationList;
			buildConfigurations = (
				EEA46BBF1F9A36D600851D5D /* Debug */,
				EEA46BC01F9A36D600851D5D /* Release */,
			);
			defaultConfigurationIsVisible = 0;
			defaultConfigurationName = Release;
		};
		EEA46BC11F9A36D600851D5D /* Build configuration list for PBXNativeTarget "DaveUITests" */ = {
			isa = XCConfigurationList;
			buildConfigurations = (
				EEA46BC21F9A36D600851D5D /* Debug */,
				EEA46BC31F9A36D600851D5D /* Release */,
			);
			defaultConfigurationIsVisible = 0;
			defaultConfigurationName = Release;
		};
/* End XCConfigurationList section */
	};
	rootObject = EEA46B591F9A36A400851D5D /* Project object */;
}
