// !$*UTF8*$!
{
	archiveVersion = 1;
	classes = {
	};
	objectVersion = 48;
	objects = {

/* Begin PBXBuildFile section */
		EE0E579F1FD7089500EF77C0 /* User.swift in Sources */ = {isa = PBXBuildFile; fileRef = EE0E579E1FD7089500EF77C0 /* User.swift */; };
		EE0E57A11FD70B5000EF77C0 /* AlgorithmManager.swift in Sources */ = {isa = PBXBuildFile; fileRef = EE0E57A01FD70B5000EF77C0 /* AlgorithmManager.swift */; };
		EEBC21A81FCF0CDC0032FE29 /* AppDelegate.swift in Sources */ = {isa = PBXBuildFile; fileRef = EEBC21A71FCF0CDC0032FE29 /* AppDelegate.swift */; };
		EEBC21AA1FCF0CDC0032FE29 /* ViewController.swift in Sources */ = {isa = PBXBuildFile; fileRef = EEBC21A91FCF0CDC0032FE29 /* ViewController.swift */; };
		EEBC21AD1FCF0CDC0032FE29 /* Main.storyboard in Resources */ = {isa = PBXBuildFile; fileRef = EEBC21AB1FCF0CDC0032FE29 /* Main.storyboard */; };
		EEBC21AF1FCF0CDC0032FE29 /* Assets.xcassets in Resources */ = {isa = PBXBuildFile; fileRef = EEBC21AE1FCF0CDC0032FE29 /* Assets.xcassets */; };
		EEBC21B21FCF0CDC0032FE29 /* LaunchScreen.storyboard in Resources */ = {isa = PBXBuildFile; fileRef = EEBC21B01FCF0CDC0032FE29 /* LaunchScreen.storyboard */; };
		EEBC21BD1FCF0CDC0032FE29 /* FoocoNewArchitectureTests.swift in Sources */ = {isa = PBXBuildFile; fileRef = EEBC21BC1FCF0CDC0032FE29 /* FoocoNewArchitectureTests.swift */; };
		EEBC21C81FCF0CDC0032FE29 /* FoocoNewArchitectureUITests.swift in Sources */ = {isa = PBXBuildFile; fileRef = EEBC21C71FCF0CDC0032FE29 /* FoocoNewArchitectureUITests.swift */; };
		EEBC21D71FCF0CF80032FE29 /* Time.swift in Sources */ = {isa = PBXBuildFile; fileRef = EEBC21D61FCF0CF80032FE29 /* Time.swift */; };
		EEBC21D91FCF10E30032FE29 /* CustomProtocols.swift in Sources */ = {isa = PBXBuildFile; fileRef = EEBC21D81FCF10E30032FE29 /* CustomProtocols.swift */; };
		EEBC21DB1FCF3DBA0032FE29 /* WeekdayTemplate.swift in Sources */ = {isa = PBXBuildFile; fileRef = EEBC21DA1FCF3DBA0032FE29 /* WeekdayTemplate.swift */; };
		EEBC21DD1FCF3DF10032FE29 /* TimeBlock.swift in Sources */ = {isa = PBXBuildFile; fileRef = EEBC21DC1FCF3DF10032FE29 /* TimeBlock.swift */; };
		EEBC21DF1FD069040032FE29 /* Extensions.swift in Sources */ = {isa = PBXBuildFile; fileRef = EEBC21DE1FD069040032FE29 /* Extensions.swift */; };
		EEBC21E11FD083D50032FE29 /* Context.swift in Sources */ = {isa = PBXBuildFile; fileRef = EEBC21E01FD083D50032FE29 /* Context.swift */; };
		EEBC21E51FD5D5690032FE29 /* Activity.swift in Sources */ = {isa = PBXBuildFile; fileRef = EEBC21E41FD5D5690032FE29 /* Activity.swift */; };
		EEBC21E71FD5D6140032FE29 /* Project.swift in Sources */ = {isa = PBXBuildFile; fileRef = EEBC21E61FD5D6140032FE29 /* Project.swift */; };
/* End PBXBuildFile section */

/* Begin PBXContainerItemProxy section */
		EEBC21B91FCF0CDC0032FE29 /* PBXContainerItemProxy */ = {
			isa = PBXContainerItemProxy;
			containerPortal = EEBC219C1FCF0CDC0032FE29 /* Project object */;
			proxyType = 1;
			remoteGlobalIDString = EEBC21A31FCF0CDC0032FE29;
			remoteInfo = FoocoNewArchitecture;
		};
		EEBC21C41FCF0CDC0032FE29 /* PBXContainerItemProxy */ = {
			isa = PBXContainerItemProxy;
			containerPortal = EEBC219C1FCF0CDC0032FE29 /* Project object */;
			proxyType = 1;
			remoteGlobalIDString = EEBC21A31FCF0CDC0032FE29;
			remoteInfo = FoocoNewArchitecture;
		};
/* End PBXContainerItemProxy section */

/* Begin PBXFileReference section */
		EE0E579E1FD7089500EF77C0 /* User.swift */ = {isa = PBXFileReference; lastKnownFileType = sourcecode.swift; path = User.swift; sourceTree = "<group>"; };
		EE0E57A01FD70B5000EF77C0 /* AlgorithmManager.swift */ = {isa = PBXFileReference; lastKnownFileType = sourcecode.swift; path = AlgorithmManager.swift; sourceTree = "<group>"; };
		EEBC21A41FCF0CDC0032FE29 /* FoocoNewArchitecture.app */ = {isa = PBXFileReference; explicitFileType = wrapper.application; includeInIndex = 0; path = FoocoNewArchitecture.app; sourceTree = BUILT_PRODUCTS_DIR; };
		EEBC21A71FCF0CDC0032FE29 /* AppDelegate.swift */ = {isa = PBXFileReference; lastKnownFileType = sourcecode.swift; path = AppDelegate.swift; sourceTree = "<group>"; };
		EEBC21A91FCF0CDC0032FE29 /* ViewController.swift */ = {isa = PBXFileReference; lastKnownFileType = sourcecode.swift; path = ViewController.swift; sourceTree = "<group>"; };
		EEBC21AC1FCF0CDC0032FE29 /* Base */ = {isa = PBXFileReference; lastKnownFileType = file.storyboard; name = Base; path = Base.lproj/Main.storyboard; sourceTree = "<group>"; };
		EEBC21AE1FCF0CDC0032FE29 /* Assets.xcassets */ = {isa = PBXFileReference; lastKnownFileType = folder.assetcatalog; path = Assets.xcassets; sourceTree = "<group>"; };
		EEBC21B11FCF0CDC0032FE29 /* Base */ = {isa = PBXFileReference; lastKnownFileType = file.storyboard; name = Base; path = Base.lproj/LaunchScreen.storyboard; sourceTree = "<group>"; };
		EEBC21B31FCF0CDC0032FE29 /* Info.plist */ = {isa = PBXFileReference; lastKnownFileType = text.plist.xml; path = Info.plist; sourceTree = "<group>"; };
		EEBC21B81FCF0CDC0032FE29 /* FoocoNewArchitectureTests.xctest */ = {isa = PBXFileReference; explicitFileType = wrapper.cfbundle; includeInIndex = 0; path = FoocoNewArchitectureTests.xctest; sourceTree = BUILT_PRODUCTS_DIR; };
		EEBC21BC1FCF0CDC0032FE29 /* FoocoNewArchitectureTests.swift */ = {isa = PBXFileReference; lastKnownFileType = sourcecode.swift; path = FoocoNewArchitectureTests.swift; sourceTree = "<group>"; };
		EEBC21BE1FCF0CDC0032FE29 /* Info.plist */ = {isa = PBXFileReference; lastKnownFileType = text.plist.xml; path = Info.plist; sourceTree = "<group>"; };
		EEBC21C31FCF0CDC0032FE29 /* FoocoNewArchitectureUITests.xctest */ = {isa = PBXFileReference; explicitFileType = wrapper.cfbundle; includeInIndex = 0; path = FoocoNewArchitectureUITests.xctest; sourceTree = BUILT_PRODUCTS_DIR; };
		EEBC21C71FCF0CDC0032FE29 /* FoocoNewArchitectureUITests.swift */ = {isa = PBXFileReference; lastKnownFileType = sourcecode.swift; path = FoocoNewArchitectureUITests.swift; sourceTree = "<group>"; };
		EEBC21C91FCF0CDC0032FE29 /* Info.plist */ = {isa = PBXFileReference; lastKnownFileType = text.plist.xml; path = Info.plist; sourceTree = "<group>"; };
		EEBC21D61FCF0CF80032FE29 /* Time.swift */ = {isa = PBXFileReference; lastKnownFileType = sourcecode.swift; path = Time.swift; sourceTree = "<group>"; };
		EEBC21D81FCF10E30032FE29 /* CustomProtocols.swift */ = {isa = PBXFileReference; lastKnownFileType = sourcecode.swift; path = CustomProtocols.swift; sourceTree = "<group>"; };
		EEBC21DA1FCF3DBA0032FE29 /* WeekdayTemplate.swift */ = {isa = PBXFileReference; lastKnownFileType = sourcecode.swift; path = WeekdayTemplate.swift; sourceTree = "<group>"; };
		EEBC21DC1FCF3DF10032FE29 /* TimeBlock.swift */ = {isa = PBXFileReference; lastKnownFileType = sourcecode.swift; path = TimeBlock.swift; sourceTree = "<group>"; };
		EEBC21DE1FD069040032FE29 /* Extensions.swift */ = {isa = PBXFileReference; lastKnownFileType = sourcecode.swift; path = Extensions.swift; sourceTree = "<group>"; };
		EEBC21E01FD083D50032FE29 /* Context.swift */ = {isa = PBXFileReference; lastKnownFileType = sourcecode.swift; path = Context.swift; sourceTree = "<group>"; };
		EEBC21E41FD5D5690032FE29 /* Activity.swift */ = {isa = PBXFileReference; lastKnownFileType = sourcecode.swift; path = Activity.swift; sourceTree = "<group>"; };
		EEBC21E61FD5D6140032FE29 /* Project.swift */ = {isa = PBXFileReference; lastKnownFileType = sourcecode.swift; path = Project.swift; sourceTree = "<group>"; };
/* End PBXFileReference section */

/* Begin PBXFrameworksBuildPhase section */
		EEBC21A11FCF0CDC0032FE29 /* Frameworks */ = {
			isa = PBXFrameworksBuildPhase;
			buildActionMask = 2147483647;
			files = (
			);
			runOnlyForDeploymentPostprocessing = 0;
		};
		EEBC21B51FCF0CDC0032FE29 /* Frameworks */ = {
			isa = PBXFrameworksBuildPhase;
			buildActionMask = 2147483647;
			files = (
			);
			runOnlyForDeploymentPostprocessing = 0;
		};
		EEBC21C01FCF0CDC0032FE29 /* Frameworks */ = {
			isa = PBXFrameworksBuildPhase;
			buildActionMask = 2147483647;
			files = (
			);
			runOnlyForDeploymentPostprocessing = 0;
		};
/* End PBXFrameworksBuildPhase section */

/* Begin PBXGroup section */
		EEBC219B1FCF0CDC0032FE29 = {
			isa = PBXGroup;
			children = (
				EEBC21A61FCF0CDC0032FE29 /* FoocoNewArchitecture */,
				EEBC21BB1FCF0CDC0032FE29 /* FoocoNewArchitectureTests */,
				EEBC21C61FCF0CDC0032FE29 /* FoocoNewArchitectureUITests */,
				EEBC21A51FCF0CDC0032FE29 /* Products */,
			);
			sourceTree = "<group>";
		};
		EEBC21A51FCF0CDC0032FE29 /* Products */ = {
			isa = PBXGroup;
			children = (
				EEBC21A41FCF0CDC0032FE29 /* FoocoNewArchitecture.app */,
				EEBC21B81FCF0CDC0032FE29 /* FoocoNewArchitectureTests.xctest */,
				EEBC21C31FCF0CDC0032FE29 /* FoocoNewArchitectureUITests.xctest */,
			);
			name = Products;
			sourceTree = "<group>";
		};
		EEBC21A61FCF0CDC0032FE29 /* FoocoNewArchitecture */ = {
			isa = PBXGroup;
			children = (
				EEBC21D51FCF0CE80032FE29 /* Model */,
				EEBC21A71FCF0CDC0032FE29 /* AppDelegate.swift */,
				EEBC21A91FCF0CDC0032FE29 /* ViewController.swift */,
				EEBC21AB1FCF0CDC0032FE29 /* Main.storyboard */,
				EEBC21AE1FCF0CDC0032FE29 /* Assets.xcassets */,
				EEBC21B01FCF0CDC0032FE29 /* LaunchScreen.storyboard */,
				EEBC21B31FCF0CDC0032FE29 /* Info.plist */,
			);
			path = FoocoNewArchitecture;
			sourceTree = "<group>";
		};
		EEBC21BB1FCF0CDC0032FE29 /* FoocoNewArchitectureTests */ = {
			isa = PBXGroup;
			children = (
				EEBC21BC1FCF0CDC0032FE29 /* FoocoNewArchitectureTests.swift */,
				EEBC21BE1FCF0CDC0032FE29 /* Info.plist */,
			);
			path = FoocoNewArchitectureTests;
			sourceTree = "<group>";
		};
		EEBC21C61FCF0CDC0032FE29 /* FoocoNewArchitectureUITests */ = {
			isa = PBXGroup;
			children = (
				EEBC21C71FCF0CDC0032FE29 /* FoocoNewArchitectureUITests.swift */,
				EEBC21C91FCF0CDC0032FE29 /* Info.plist */,
			);
			path = FoocoNewArchitectureUITests;
			sourceTree = "<group>";
		};
		EEBC21D51FCF0CE80032FE29 /* Model */ = {
			isa = PBXGroup;
			children = (
				EEBC21D61FCF0CF80032FE29 /* Time.swift */,
				EEBC21D81FCF10E30032FE29 /* CustomProtocols.swift */,
				EEBC21DA1FCF3DBA0032FE29 /* WeekdayTemplate.swift */,
				EEBC21DC1FCF3DF10032FE29 /* TimeBlock.swift */,
				EEBC21DE1FD069040032FE29 /* Extensions.swift */,
				EEBC21E01FD083D50032FE29 /* Context.swift */,
				EEBC21E41FD5D5690032FE29 /* Activity.swift */,
				EEBC21E61FD5D6140032FE29 /* Project.swift */,
				EE0E579E1FD7089500EF77C0 /* User.swift */,
				EE0E57A01FD70B5000EF77C0 /* AlgorithmManager.swift */,
			);
			path = Model;
			sourceTree = "<group>";
		};
/* End PBXGroup section */

/* Begin PBXNativeTarget section */
		EEBC21A31FCF0CDC0032FE29 /* FoocoNewArchitecture */ = {
			isa = PBXNativeTarget;
			buildConfigurationList = EEBC21CC1FCF0CDC0032FE29 /* Build configuration list for PBXNativeTarget "FoocoNewArchitecture" */;
			buildPhases = (
				EEBC21A01FCF0CDC0032FE29 /* Sources */,
				EEBC21A11FCF0CDC0032FE29 /* Frameworks */,
				EEBC21A21FCF0CDC0032FE29 /* Resources */,
			);
			buildRules = (
			);
			dependencies = (
			);
			name = FoocoNewArchitecture;
			productName = FoocoNewArchitecture;
			productReference = EEBC21A41FCF0CDC0032FE29 /* FoocoNewArchitecture.app */;
			productType = "com.apple.product-type.application";
		};
		EEBC21B71FCF0CDC0032FE29 /* FoocoNewArchitectureTests */ = {
			isa = PBXNativeTarget;
			buildConfigurationList = EEBC21CF1FCF0CDC0032FE29 /* Build configuration list for PBXNativeTarget "FoocoNewArchitectureTests" */;
			buildPhases = (
				EEBC21B41FCF0CDC0032FE29 /* Sources */,
				EEBC21B51FCF0CDC0032FE29 /* Frameworks */,
				EEBC21B61FCF0CDC0032FE29 /* Resources */,
			);
			buildRules = (
			);
			dependencies = (
				EEBC21BA1FCF0CDC0032FE29 /* PBXTargetDependency */,
			);
			name = FoocoNewArchitectureTests;
			productName = FoocoNewArchitectureTests;
			productReference = EEBC21B81FCF0CDC0032FE29 /* FoocoNewArchitectureTests.xctest */;
			productType = "com.apple.product-type.bundle.unit-test";
		};
		EEBC21C21FCF0CDC0032FE29 /* FoocoNewArchitectureUITests */ = {
			isa = PBXNativeTarget;
			buildConfigurationList = EEBC21D21FCF0CDC0032FE29 /* Build configuration list for PBXNativeTarget "FoocoNewArchitectureUITests" */;
			buildPhases = (
				EEBC21BF1FCF0CDC0032FE29 /* Sources */,
				EEBC21C01FCF0CDC0032FE29 /* Frameworks */,
				EEBC21C11FCF0CDC0032FE29 /* Resources */,
			);
			buildRules = (
			);
			dependencies = (
				EEBC21C51FCF0CDC0032FE29 /* PBXTargetDependency */,
			);
			name = FoocoNewArchitectureUITests;
			productName = FoocoNewArchitectureUITests;
			productReference = EEBC21C31FCF0CDC0032FE29 /* FoocoNewArchitectureUITests.xctest */;
			productType = "com.apple.product-type.bundle.ui-testing";
		};
/* End PBXNativeTarget section */

/* Begin PBXProject section */
		EEBC219C1FCF0CDC0032FE29 /* Project object */ = {
			isa = PBXProject;
			attributes = {
				LastSwiftUpdateCheck = 0910;
				LastUpgradeCheck = 0910;
				ORGANIZATIONNAME = "Victor S Melo";
				TargetAttributes = {
					EEBC21A31FCF0CDC0032FE29 = {
						CreatedOnToolsVersion = 9.1;
						ProvisioningStyle = Automatic;
					};
					EEBC21B71FCF0CDC0032FE29 = {
						CreatedOnToolsVersion = 9.1;
						ProvisioningStyle = Automatic;
						TestTargetID = EEBC21A31FCF0CDC0032FE29;
					};
					EEBC21C21FCF0CDC0032FE29 = {
						CreatedOnToolsVersion = 9.1;
						ProvisioningStyle = Automatic;
						TestTargetID = EEBC21A31FCF0CDC0032FE29;
					};
				};
			};
			buildConfigurationList = EEBC219F1FCF0CDC0032FE29 /* Build configuration list for PBXProject "FoocoNewArchitecture" */;
			compatibilityVersion = "Xcode 8.0";
			developmentRegion = en;
			hasScannedForEncodings = 0;
			knownRegions = (
				en,
				Base,
			);
			mainGroup = EEBC219B1FCF0CDC0032FE29;
			productRefGroup = EEBC21A51FCF0CDC0032FE29 /* Products */;
			projectDirPath = "";
			projectRoot = "";
			targets = (
				EEBC21A31FCF0CDC0032FE29 /* FoocoNewArchitecture */,
				EEBC21B71FCF0CDC0032FE29 /* FoocoNewArchitectureTests */,
				EEBC21C21FCF0CDC0032FE29 /* FoocoNewArchitectureUITests */,
			);
		};
/* End PBXProject section */

/* Begin PBXResourcesBuildPhase section */
		EEBC21A21FCF0CDC0032FE29 /* Resources */ = {
			isa = PBXResourcesBuildPhase;
			buildActionMask = 2147483647;
			files = (
				EEBC21B21FCF0CDC0032FE29 /* LaunchScreen.storyboard in Resources */,
				EEBC21AF1FCF0CDC0032FE29 /* Assets.xcassets in Resources */,
				EEBC21AD1FCF0CDC0032FE29 /* Main.storyboard in Resources */,
			);
			runOnlyForDeploymentPostprocessing = 0;
		};
		EEBC21B61FCF0CDC0032FE29 /* Resources */ = {
			isa = PBXResourcesBuildPhase;
			buildActionMask = 2147483647;
			files = (
			);
			runOnlyForDeploymentPostprocessing = 0;
		};
		EEBC21C11FCF0CDC0032FE29 /* Resources */ = {
			isa = PBXResourcesBuildPhase;
			buildActionMask = 2147483647;
			files = (
			);
			runOnlyForDeploymentPostprocessing = 0;
		};
/* End PBXResourcesBuildPhase section */

/* Begin PBXSourcesBuildPhase section */
		EEBC21A01FCF0CDC0032FE29 /* Sources */ = {
			isa = PBXSourcesBuildPhase;
			buildActionMask = 2147483647;
			files = (
				EEBC21E51FD5D5690032FE29 /* Activity.swift in Sources */,
				EEBC21D91FCF10E30032FE29 /* CustomProtocols.swift in Sources */,
				EEBC21DB1FCF3DBA0032FE29 /* WeekdayTemplate.swift in Sources */,
				EEBC21D71FCF0CF80032FE29 /* Time.swift in Sources */,
				EEBC21AA1FCF0CDC0032FE29 /* ViewController.swift in Sources */,
				EEBC21DD1FCF3DF10032FE29 /* TimeBlock.swift in Sources */,
				EEBC21E71FD5D6140032FE29 /* Project.swift in Sources */,
				EE0E57A11FD70B5000EF77C0 /* AlgorithmManager.swift in Sources */,
				EEBC21E11FD083D50032FE29 /* Context.swift in Sources */,
				EEBC21A81FCF0CDC0032FE29 /* AppDelegate.swift in Sources */,
				EEBC21DF1FD069040032FE29 /* Extensions.swift in Sources */,
				EE0E579F1FD7089500EF77C0 /* User.swift in Sources */,
			);
			runOnlyForDeploymentPostprocessing = 0;
		};
		EEBC21B41FCF0CDC0032FE29 /* Sources */ = {
			isa = PBXSourcesBuildPhase;
			buildActionMask = 2147483647;
			files = (
				EEBC21BD1FCF0CDC0032FE29 /* FoocoNewArchitectureTests.swift in Sources */,
			);
			runOnlyForDeploymentPostprocessing = 0;
		};
		EEBC21BF1FCF0CDC0032FE29 /* Sources */ = {
			isa = PBXSourcesBuildPhase;
			buildActionMask = 2147483647;
			files = (
				EEBC21C81FCF0CDC0032FE29 /* FoocoNewArchitectureUITests.swift in Sources */,
			);
			runOnlyForDeploymentPostprocessing = 0;
		};
/* End PBXSourcesBuildPhase section */

/* Begin PBXTargetDependency section */
		EEBC21BA1FCF0CDC0032FE29 /* PBXTargetDependency */ = {
			isa = PBXTargetDependency;
			target = EEBC21A31FCF0CDC0032FE29 /* FoocoNewArchitecture */;
			targetProxy = EEBC21B91FCF0CDC0032FE29 /* PBXContainerItemProxy */;
		};
		EEBC21C51FCF0CDC0032FE29 /* PBXTargetDependency */ = {
			isa = PBXTargetDependency;
			target = EEBC21A31FCF0CDC0032FE29 /* FoocoNewArchitecture */;
			targetProxy = EEBC21C41FCF0CDC0032FE29 /* PBXContainerItemProxy */;
		};
/* End PBXTargetDependency section */

/* Begin PBXVariantGroup section */
		EEBC21AB1FCF0CDC0032FE29 /* Main.storyboard */ = {
			isa = PBXVariantGroup;
			children = (
				EEBC21AC1FCF0CDC0032FE29 /* Base */,
			);
			name = Main.storyboard;
			sourceTree = "<group>";
		};
		EEBC21B01FCF0CDC0032FE29 /* LaunchScreen.storyboard */ = {
			isa = PBXVariantGroup;
			children = (
				EEBC21B11FCF0CDC0032FE29 /* Base */,
			);
			name = LaunchScreen.storyboard;
			sourceTree = "<group>";
		};
/* End PBXVariantGroup section */

/* Begin XCBuildConfiguration section */
		EEBC21CA1FCF0CDC0032FE29 /* Debug */ = {
			isa = XCBuildConfiguration;
			buildSettings = {
				ALWAYS_SEARCH_USER_PATHS = NO;
				CLANG_ANALYZER_NONNULL = YES;
				CLANG_ANALYZER_NUMBER_OBJECT_CONVERSION = YES_AGGRESSIVE;
				CLANG_CXX_LANGUAGE_STANDARD = "gnu++14";
				CLANG_CXX_LIBRARY = "libc++";
				CLANG_ENABLE_MODULES = YES;
				CLANG_ENABLE_OBJC_ARC = YES;
				CLANG_WARN_BLOCK_CAPTURE_AUTORELEASING = YES;
				CLANG_WARN_BOOL_CONVERSION = YES;
				CLANG_WARN_COMMA = YES;
				CLANG_WARN_CONSTANT_CONVERSION = YES;
				CLANG_WARN_DIRECT_OBJC_ISA_USAGE = YES_ERROR;
				CLANG_WARN_DOCUMENTATION_COMMENTS = YES;
				CLANG_WARN_EMPTY_BODY = YES;
				CLANG_WARN_ENUM_CONVERSION = YES;
				CLANG_WARN_INFINITE_RECURSION = YES;
				CLANG_WARN_INT_CONVERSION = YES;
				CLANG_WARN_NON_LITERAL_NULL_CONVERSION = YES;
				CLANG_WARN_OBJC_LITERAL_CONVERSION = YES;
				CLANG_WARN_OBJC_ROOT_CLASS = YES_ERROR;
				CLANG_WARN_RANGE_LOOP_ANALYSIS = YES;
				CLANG_WARN_STRICT_PROTOTYPES = YES;
				CLANG_WARN_SUSPICIOUS_MOVE = YES;
				CLANG_WARN_UNGUARDED_AVAILABILITY = YES_AGGRESSIVE;
				CLANG_WARN_UNREACHABLE_CODE = YES;
				CLANG_WARN__DUPLICATE_METHOD_MATCH = YES;
				CODE_SIGN_IDENTITY = "iPhone Developer";
				COPY_PHASE_STRIP = NO;
				DEBUG_INFORMATION_FORMAT = dwarf;
				ENABLE_STRICT_OBJC_MSGSEND = YES;
				ENABLE_TESTABILITY = YES;
				GCC_C_LANGUAGE_STANDARD = gnu11;
				GCC_DYNAMIC_NO_PIC = NO;
				GCC_NO_COMMON_BLOCKS = YES;
				GCC_OPTIMIZATION_LEVEL = 0;
				GCC_PREPROCESSOR_DEFINITIONS = (
					"DEBUG=1",
					"$(inherited)",
				);
				GCC_WARN_64_TO_32_BIT_CONVERSION = YES;
				GCC_WARN_ABOUT_RETURN_TYPE = YES_ERROR;
				GCC_WARN_UNDECLARED_SELECTOR = YES;
				GCC_WARN_UNINITIALIZED_AUTOS = YES_AGGRESSIVE;
				GCC_WARN_UNUSED_FUNCTION = YES;
				GCC_WARN_UNUSED_VARIABLE = YES;
				IPHONEOS_DEPLOYMENT_TARGET = 11.1;
				MTL_ENABLE_DEBUG_INFO = YES;
				ONLY_ACTIVE_ARCH = YES;
				SDKROOT = iphoneos;
				SWIFT_ACTIVE_COMPILATION_CONDITIONS = DEBUG;
				SWIFT_OPTIMIZATION_LEVEL = "-Onone";
			};
			name = Debug;
		};
		EEBC21CB1FCF0CDC0032FE29 /* Release */ = {
			isa = XCBuildConfiguration;
			buildSettings = {
				ALWAYS_SEARCH_USER_PATHS = NO;
				CLANG_ANALYZER_NONNULL = YES;
				CLANG_ANALYZER_NUMBER_OBJECT_CONVERSION = YES_AGGRESSIVE;
				CLANG_CXX_LANGUAGE_STANDARD = "gnu++14";
				CLANG_CXX_LIBRARY = "libc++";
				CLANG_ENABLE_MODULES = YES;
				CLANG_ENABLE_OBJC_ARC = YES;
				CLANG_WARN_BLOCK_CAPTURE_AUTORELEASING = YES;
				CLANG_WARN_BOOL_CONVERSION = YES;
				CLANG_WARN_COMMA = YES;
				CLANG_WARN_CONSTANT_CONVERSION = YES;
				CLANG_WARN_DIRECT_OBJC_ISA_USAGE = YES_ERROR;
				CLANG_WARN_DOCUMENTATION_COMMENTS = YES;
				CLANG_WARN_EMPTY_BODY = YES;
				CLANG_WARN_ENUM_CONVERSION = YES;
				CLANG_WARN_INFINITE_RECURSION = YES;
				CLANG_WARN_INT_CONVERSION = YES;
				CLANG_WARN_NON_LITERAL_NULL_CONVERSION = YES;
				CLANG_WARN_OBJC_LITERAL_CONVERSION = YES;
				CLANG_WARN_OBJC_ROOT_CLASS = YES_ERROR;
				CLANG_WARN_RANGE_LOOP_ANALYSIS = YES;
				CLANG_WARN_STRICT_PROTOTYPES = YES;
				CLANG_WARN_SUSPICIOUS_MOVE = YES;
				CLANG_WARN_UNGUARDED_AVAILABILITY = YES_AGGRESSIVE;
				CLANG_WARN_UNREACHABLE_CODE = YES;
				CLANG_WARN__DUPLICATE_METHOD_MATCH = YES;
				CODE_SIGN_IDENTITY = "iPhone Developer";
				COPY_PHASE_STRIP = NO;
				DEBUG_INFORMATION_FORMAT = "dwarf-with-dsym";
				ENABLE_NS_ASSERTIONS = NO;
				ENABLE_STRICT_OBJC_MSGSEND = YES;
				GCC_C_LANGUAGE_STANDARD = gnu11;
				GCC_NO_COMMON_BLOCKS = YES;
				GCC_WARN_64_TO_32_BIT_CONVERSION = YES;
				GCC_WARN_ABOUT_RETURN_TYPE = YES_ERROR;
				GCC_WARN_UNDECLARED_SELECTOR = YES;
				GCC_WARN_UNINITIALIZED_AUTOS = YES_AGGRESSIVE;
				GCC_WARN_UNUSED_FUNCTION = YES;
				GCC_WARN_UNUSED_VARIABLE = YES;
				IPHONEOS_DEPLOYMENT_TARGET = 11.1;
				MTL_ENABLE_DEBUG_INFO = NO;
				SDKROOT = iphoneos;
				SWIFT_OPTIMIZATION_LEVEL = "-Owholemodule";
				VALIDATE_PRODUCT = YES;
			};
			name = Release;
		};
		EEBC21CD1FCF0CDC0032FE29 /* Debug */ = {
			isa = XCBuildConfiguration;
			buildSettings = {
				ASSETCATALOG_COMPILER_APPICON_NAME = AppIcon;
				CODE_SIGN_STYLE = Automatic;
				DEVELOPMENT_TEAM = Y93HUJS49V;
				INFOPLIST_FILE = FoocoNewArchitecture/Info.plist;
				LD_RUNPATH_SEARCH_PATHS = "$(inherited) @executable_path/Frameworks";
				PRODUCT_BUNDLE_IDENTIFIER = br.com.victormelo.FoocoNewArchitecture;
				PRODUCT_NAME = "$(TARGET_NAME)";
				SWIFT_VERSION = 4.0;
				TARGETED_DEVICE_FAMILY = "1,2";
			};
			name = Debug;
		};
		EEBC21CE1FCF0CDC0032FE29 /* Release */ = {
			isa = XCBuildConfiguration;
			buildSettings = {
				ASSETCATALOG_COMPILER_APPICON_NAME = AppIcon;
				CODE_SIGN_STYLE = Automatic;
				DEVELOPMENT_TEAM = Y93HUJS49V;
				INFOPLIST_FILE = FoocoNewArchitecture/Info.plist;
				LD_RUNPATH_SEARCH_PATHS = "$(inherited) @executable_path/Frameworks";
				PRODUCT_BUNDLE_IDENTIFIER = br.com.victormelo.FoocoNewArchitecture;
				PRODUCT_NAME = "$(TARGET_NAME)";
				SWIFT_VERSION = 4.0;
				TARGETED_DEVICE_FAMILY = "1,2";
			};
			name = Release;
		};
		EEBC21D01FCF0CDC0032FE29 /* Debug */ = {
			isa = XCBuildConfiguration;
			buildSettings = {
				ALWAYS_EMBED_SWIFT_STANDARD_LIBRARIES = YES;
				BUNDLE_LOADER = "$(TEST_HOST)";
				CODE_SIGN_STYLE = Automatic;
				DEVELOPMENT_TEAM = Y93HUJS49V;
				INFOPLIST_FILE = FoocoNewArchitectureTests/Info.plist;
				LD_RUNPATH_SEARCH_PATHS = "$(inherited) @executable_path/Frameworks @loader_path/Frameworks";
				PRODUCT_BUNDLE_IDENTIFIER = br.com.victormelo.FoocoNewArchitectureTests;
				PRODUCT_NAME = "$(TARGET_NAME)";
				SWIFT_VERSION = 4.0;
				TARGETED_DEVICE_FAMILY = "1,2";
				TEST_HOST = "$(BUILT_PRODUCTS_DIR)/FoocoNewArchitecture.app/FoocoNewArchitecture";
			};
			name = Debug;
		};
		EEBC21D11FCF0CDC0032FE29 /* Release */ = {
			isa = XCBuildConfiguration;
			buildSettings = {
				ALWAYS_EMBED_SWIFT_STANDARD_LIBRARIES = YES;
				BUNDLE_LOADER = "$(TEST_HOST)";
				CODE_SIGN_STYLE = Automatic;
				DEVELOPMENT_TEAM = Y93HUJS49V;
				INFOPLIST_FILE = FoocoNewArchitectureTests/Info.plist;
				LD_RUNPATH_SEARCH_PATHS = "$(inherited) @executable_path/Frameworks @loader_path/Frameworks";
				PRODUCT_BUNDLE_IDENTIFIER = br.com.victormelo.FoocoNewArchitectureTests;
				PRODUCT_NAME = "$(TARGET_NAME)";
				SWIFT_VERSION = 4.0;
				TARGETED_DEVICE_FAMILY = "1,2";
				TEST_HOST = "$(BUILT_PRODUCTS_DIR)/FoocoNewArchitecture.app/FoocoNewArchitecture";
			};
			name = Release;
		};
		EEBC21D31FCF0CDC0032FE29 /* Debug */ = {
			isa = XCBuildConfiguration;
			buildSettings = {
				ALWAYS_EMBED_SWIFT_STANDARD_LIBRARIES = YES;
				CODE_SIGN_STYLE = Automatic;
				DEVELOPMENT_TEAM = Y93HUJS49V;
				INFOPLIST_FILE = FoocoNewArchitectureUITests/Info.plist;
				LD_RUNPATH_SEARCH_PATHS = "$(inherited) @executable_path/Frameworks @loader_path/Frameworks";
				PRODUCT_BUNDLE_IDENTIFIER = br.com.victormelo.FoocoNewArchitectureUITests;
				PRODUCT_NAME = "$(TARGET_NAME)";
				SWIFT_VERSION = 4.0;
				TARGETED_DEVICE_FAMILY = "1,2";
				TEST_TARGET_NAME = FoocoNewArchitecture;
			};
			name = Debug;
		};
		EEBC21D41FCF0CDC0032FE29 /* Release */ = {
			isa = XCBuildConfiguration;
			buildSettings = {
				ALWAYS_EMBED_SWIFT_STANDARD_LIBRARIES = YES;
				CODE_SIGN_STYLE = Automatic;
				DEVELOPMENT_TEAM = Y93HUJS49V;
				INFOPLIST_FILE = FoocoNewArchitectureUITests/Info.plist;
				LD_RUNPATH_SEARCH_PATHS = "$(inherited) @executable_path/Frameworks @loader_path/Frameworks";
				PRODUCT_BUNDLE_IDENTIFIER = br.com.victormelo.FoocoNewArchitectureUITests;
				PRODUCT_NAME = "$(TARGET_NAME)";
				SWIFT_VERSION = 4.0;
				TARGETED_DEVICE_FAMILY = "1,2";
				TEST_TARGET_NAME = FoocoNewArchitecture;
			};
			name = Release;
		};
/* End XCBuildConfiguration section */

/* Begin XCConfigurationList section */
		EEBC219F1FCF0CDC0032FE29 /* Build configuration list for PBXProject "FoocoNewArchitecture" */ = {
			isa = XCConfigurationList;
			buildConfigurations = (
				EEBC21CA1FCF0CDC0032FE29 /* Debug */,
				EEBC21CB1FCF0CDC0032FE29 /* Release */,
			);
			defaultConfigurationIsVisible = 0;
			defaultConfigurationName = Release;
		};
		EEBC21CC1FCF0CDC0032FE29 /* Build configuration list for PBXNativeTarget "FoocoNewArchitecture" */ = {
			isa = XCConfigurationList;
			buildConfigurations = (
				EEBC21CD1FCF0CDC0032FE29 /* Debug */,
				EEBC21CE1FCF0CDC0032FE29 /* Release */,
			);
			defaultConfigurationIsVisible = 0;
			defaultConfigurationName = Release;
		};
		EEBC21CF1FCF0CDC0032FE29 /* Build configuration list for PBXNativeTarget "FoocoNewArchitectureTests" */ = {
			isa = XCConfigurationList;
			buildConfigurations = (
				EEBC21D01FCF0CDC0032FE29 /* Debug */,
				EEBC21D11FCF0CDC0032FE29 /* Release */,
			);
			defaultConfigurationIsVisible = 0;
			defaultConfigurationName = Release;
		};
		EEBC21D21FCF0CDC0032FE29 /* Build configuration list for PBXNativeTarget "FoocoNewArchitectureUITests" */ = {
			isa = XCConfigurationList;
			buildConfigurations = (
				EEBC21D31FCF0CDC0032FE29 /* Debug */,
				EEBC21D41FCF0CDC0032FE29 /* Release */,
			);
			defaultConfigurationIsVisible = 0;
			defaultConfigurationName = Release;
		};
/* End XCConfigurationList section */
	};
	rootObject = EEBC219C1FCF0CDC0032FE29 /* Project object */;
}
